// !$*UTF8*$!
{
	archiveVersion = 1;
	classes = {
	};
	objectVersion = 46;
	objects = {

/* Begin PBXBuildFile section */
		00E356F31AD99517003FC87E /* Ambit1Tests.m in Sources */ = {isa = PBXBuildFile; fileRef = 00E356F21AD99517003FC87E /* Ambit1Tests.m */; };
		13B07FBC1A68108700A75B9A /* AppDelegate.m in Sources */ = {isa = PBXBuildFile; fileRef = 13B07FB01A68108700A75B9A /* AppDelegate.m */; };
		13B07FBD1A68108700A75B9A /* LaunchScreen.xib in Resources */ = {isa = PBXBuildFile; fileRef = 13B07FB11A68108700A75B9A /* LaunchScreen.xib */; };
		13B07FBF1A68108700A75B9A /* Images.xcassets in Resources */ = {isa = PBXBuildFile; fileRef = 13B07FB51A68108700A75B9A /* Images.xcassets */; };
		13B07FC11A68108700A75B9A /* main.m in Sources */ = {isa = PBXBuildFile; fileRef = 13B07FB71A68108700A75B9A /* main.m */; };
		2D02E4BC1E0B4A80006451C7 /* AppDelegate.m in Sources */ = {isa = PBXBuildFile; fileRef = 13B07FB01A68108700A75B9A /* AppDelegate.m */; };
		2D02E4BD1E0B4A84006451C7 /* Images.xcassets in Resources */ = {isa = PBXBuildFile; fileRef = 13B07FB51A68108700A75B9A /* Images.xcassets */; };
		2D02E4BF1E0B4AB3006451C7 /* main.m in Sources */ = {isa = PBXBuildFile; fileRef = 13B07FB71A68108700A75B9A /* main.m */; };
		2DCD954D1E0B4F2C00145EB5 /* Ambit1Tests.m in Sources */ = {isa = PBXBuildFile; fileRef = 00E356F21AD99517003FC87E /* Ambit1Tests.m */; };
		4064F39E7B04ED773A1EF009 /* libPods-Ambit1.a in Frameworks */ = {isa = PBXBuildFile; fileRef = 11E0584E7E6D4FAA87AC050C /* libPods-Ambit1.a */; };
		4E5DBEF1C3D6457C50BD0834 /* libPods-Ambit1-Ambit1Tests.a in Frameworks */ = {isa = PBXBuildFile; fileRef = 675B71006DF2D50DFCF49A43 /* libPods-Ambit1-Ambit1Tests.a */; };
		6D2A623EAE352BA3ECB1857F /* libPods-Ambit1-tvOS.a in Frameworks */ = {isa = PBXBuildFile; fileRef = D97D0E433ADA4FC2C86FDF46 /* libPods-Ambit1-tvOS.a */; };
		BEFC349624ACE3C900F94263 /* SF-Pro-Text-Thin.otf in Resources */ = {isa = PBXBuildFile; fileRef = BEFC346024ACE3C300F94263 /* SF-Pro-Text-Thin.otf */; };
		BEFC349724ACE3C900F94263 /* SF-Pro-Display-UltralightItalic.otf in Resources */ = {isa = PBXBuildFile; fileRef = BEFC346124ACE3C400F94263 /* SF-Pro-Display-UltralightItalic.otf */; };
		BEFC349824ACE3C900F94263 /* SF-Pro-Text-Heavy.otf in Resources */ = {isa = PBXBuildFile; fileRef = BEFC346224ACE3C400F94263 /* SF-Pro-Text-Heavy.otf */; };
		BEFC349924ACE3C900F94263 /* SF-Pro-Text-RegularItalic.otf in Resources */ = {isa = PBXBuildFile; fileRef = BEFC346324ACE3C400F94263 /* SF-Pro-Text-RegularItalic.otf */; };
		BEFC349A24ACE3C900F94263 /* SF-Pro-Text-HeavyItalic.otf in Resources */ = {isa = PBXBuildFile; fileRef = BEFC346424ACE3C400F94263 /* SF-Pro-Text-HeavyItalic.otf */; };
		BEFC349B24ACE3C900F94263 /* Poppins-Thin.ttf in Resources */ = {isa = PBXBuildFile; fileRef = BEFC346524ACE3C400F94263 /* Poppins-Thin.ttf */; };
		BEFC349C24ACE3C900F94263 /* Poppins-SemiBold.ttf in Resources */ = {isa = PBXBuildFile; fileRef = BEFC346624ACE3C400F94263 /* Poppins-SemiBold.ttf */; };
		BEFC349D24ACE3C900F94263 /* SF-Pro-Display-Black.otf in Resources */ = {isa = PBXBuildFile; fileRef = BEFC346724ACE3C400F94263 /* SF-Pro-Display-Black.otf */; };
		BEFC349E24ACE3C900F94263 /* SF-Pro-Display-Ultralight.otf in Resources */ = {isa = PBXBuildFile; fileRef = BEFC346824ACE3C400F94263 /* SF-Pro-Display-Ultralight.otf */; };
		BEFC349F24ACE3C900F94263 /* SF-Pro-Text-MediumItalic.otf in Resources */ = {isa = PBXBuildFile; fileRef = BEFC346924ACE3C400F94263 /* SF-Pro-Text-MediumItalic.otf */; };
		BEFC34A024ACE3C900F94263 /* Poppins-ThinItalic.ttf in Resources */ = {isa = PBXBuildFile; fileRef = BEFC346A24ACE3C500F94263 /* Poppins-ThinItalic.ttf */; };
		BEFC34A124ACE3C900F94263 /* SF-Pro-Text-UltralightItalic.otf in Resources */ = {isa = PBXBuildFile; fileRef = BEFC346B24ACE3C500F94263 /* SF-Pro-Text-UltralightItalic.otf */; };
		BEFC34A224ACE3C900F94263 /* Poppins-LightItalic.ttf in Resources */ = {isa = PBXBuildFile; fileRef = BEFC346C24ACE3C500F94263 /* Poppins-LightItalic.ttf */; };
		BEFC34A324ACE3C900F94263 /* SF-Pro-Display-Regular.otf in Resources */ = {isa = PBXBuildFile; fileRef = BEFC346D24ACE3C500F94263 /* SF-Pro-Display-Regular.otf */; };
		BEFC34A424ACE3C900F94263 /* Poppins-Italic.ttf in Resources */ = {isa = PBXBuildFile; fileRef = BEFC346E24ACE3C500F94263 /* Poppins-Italic.ttf */; };
		BEFC34A524ACE3C900F94263 /* SF-Pro-Display-ThinItalic.otf in Resources */ = {isa = PBXBuildFile; fileRef = BEFC346F24ACE3C500F94263 /* SF-Pro-Display-ThinItalic.otf */; };
		BEFC34A624ACE3C900F94263 /* Poppins-Bold.ttf in Resources */ = {isa = PBXBuildFile; fileRef = BEFC347024ACE3C500F94263 /* Poppins-Bold.ttf */; };
		BEFC34A724ACE3C900F94263 /* Poppins-ExtraBold.ttf in Resources */ = {isa = PBXBuildFile; fileRef = BEFC347124ACE3C500F94263 /* Poppins-ExtraBold.ttf */; };
		BEFC34A824ACE3C900F94263 /* SF-Pro-Display-BlackItalic.otf in Resources */ = {isa = PBXBuildFile; fileRef = BEFC347224ACE3C500F94263 /* SF-Pro-Display-BlackItalic.otf */; };
		BEFC34A924ACE3C900F94263 /* SF-Pro-Text-ThinItalic.otf in Resources */ = {isa = PBXBuildFile; fileRef = BEFC347324ACE3C600F94263 /* SF-Pro-Text-ThinItalic.otf */; };
		BEFC34AA24ACE3C900F94263 /* SF-Pro-Text-BlackItalic.otf in Resources */ = {isa = PBXBuildFile; fileRef = BEFC347424ACE3C600F94263 /* SF-Pro-Text-BlackItalic.otf */; };
		BEFC34AB24ACE3C900F94263 /* Poppins-Light.ttf in Resources */ = {isa = PBXBuildFile; fileRef = BEFC347524ACE3C600F94263 /* Poppins-Light.ttf */; };
		BEFC34AC24ACE3C900F94263 /* SF-Pro-Display-RegularItalic.otf in Resources */ = {isa = PBXBuildFile; fileRef = BEFC347624ACE3C600F94263 /* SF-Pro-Display-RegularItalic.otf */; };
		BEFC34AD24ACE3C900F94263 /* Poppins-Regular.ttf in Resources */ = {isa = PBXBuildFile; fileRef = BEFC347724ACE3C600F94263 /* Poppins-Regular.ttf */; };
		BEFC34AE24ACE3C900F94263 /* SF-Pro-Display-MediumItalic.otf in Resources */ = {isa = PBXBuildFile; fileRef = BEFC347824ACE3C600F94263 /* SF-Pro-Display-MediumItalic.otf */; };
		BEFC34AF24ACE3C900F94263 /* SF-Pro-Display-Bold.otf in Resources */ = {isa = PBXBuildFile; fileRef = BEFC347924ACE3C600F94263 /* SF-Pro-Display-Bold.otf */; };
		BEFC34B024ACE3C900F94263 /* Poppins-SemiBoldItalic.ttf in Resources */ = {isa = PBXBuildFile; fileRef = BEFC347A24ACE3C600F94263 /* Poppins-SemiBoldItalic.ttf */; };
		BEFC34B124ACE3C900F94263 /* Poppins-Medium.ttf in Resources */ = {isa = PBXBuildFile; fileRef = BEFC347B24ACE3C600F94263 /* Poppins-Medium.ttf */; };
		BEFC34B224ACE3C900F94263 /* SF-Pro-Text-Black.otf in Resources */ = {isa = PBXBuildFile; fileRef = BEFC347C24ACE3C700F94263 /* SF-Pro-Text-Black.otf */; };
		BEFC34B324ACE3C900F94263 /* Poppins-ExtraBoldItalic.ttf in Resources */ = {isa = PBXBuildFile; fileRef = BEFC347D24ACE3C700F94263 /* Poppins-ExtraBoldItalic.ttf */; };
		BEFC34B424ACE3C900F94263 /* SF-Pro-Display-HeavyItalic.otf in Resources */ = {isa = PBXBuildFile; fileRef = BEFC347E24ACE3C700F94263 /* SF-Pro-Display-HeavyItalic.otf */; };
		BEFC34B524ACE3C900F94263 /* SF-Pro-Display-BoldItalic.otf in Resources */ = {isa = PBXBuildFile; fileRef = BEFC347F24ACE3C700F94263 /* SF-Pro-Display-BoldItalic.otf */; };
		BEFC34B624ACE3C900F94263 /* SF-Pro-Text-Medium.otf in Resources */ = {isa = PBXBuildFile; fileRef = BEFC348024ACE3C700F94263 /* SF-Pro-Text-Medium.otf */; };
		BEFC34B724ACE3C900F94263 /* Poppins-MediumItalic.ttf in Resources */ = {isa = PBXBuildFile; fileRef = BEFC348124ACE3C700F94263 /* Poppins-MediumItalic.ttf */; };
		BEFC34B824ACE3C900F94263 /* Poppins-ExtraLightItalic.ttf in Resources */ = {isa = PBXBuildFile; fileRef = BEFC348224ACE3C700F94263 /* Poppins-ExtraLightItalic.ttf */; };
		BEFC34B924ACE3C900F94263 /* SF-Pro-Display-SemiboldItalic.otf in Resources */ = {isa = PBXBuildFile; fileRef = BEFC348324ACE3C700F94263 /* SF-Pro-Display-SemiboldItalic.otf */; };
		BEFC34BA24ACE3C900F94263 /* Poppins-ExtraLight.ttf in Resources */ = {isa = PBXBuildFile; fileRef = BEFC348424ACE3C700F94263 /* Poppins-ExtraLight.ttf */; };
		BEFC34BB24ACE3C900F94263 /* SF-Pro-Text-Ultralight.otf in Resources */ = {isa = PBXBuildFile; fileRef = BEFC348524ACE3C700F94263 /* SF-Pro-Text-Ultralight.otf */; };
		BEFC34BC24ACE3C900F94263 /* SF-Pro-Display-Medium.otf in Resources */ = {isa = PBXBuildFile; fileRef = BEFC348624ACE3C800F94263 /* SF-Pro-Display-Medium.otf */; };
		BEFC34BD24ACE3C900F94263 /* Poppins-Black.ttf in Resources */ = {isa = PBXBuildFile; fileRef = BEFC348724ACE3C800F94263 /* Poppins-Black.ttf */; };
		BEFC34BE24ACE3C900F94263 /* SF-Pro-Display-Thin.otf in Resources */ = {isa = PBXBuildFile; fileRef = BEFC348824ACE3C800F94263 /* SF-Pro-Display-Thin.otf */; };
		BEFC34BF24ACE3C900F94263 /* SF-Pro-Text-Bold.otf in Resources */ = {isa = PBXBuildFile; fileRef = BEFC348924ACE3C800F94263 /* SF-Pro-Text-Bold.otf */; };
		BEFC34C024ACE3C900F94263 /* Poppins-BlackItalic.ttf in Resources */ = {isa = PBXBuildFile; fileRef = BEFC348A24ACE3C800F94263 /* Poppins-BlackItalic.ttf */; };
		BEFC34C124ACE3C900F94263 /* Poppins-BoldItalic.ttf in Resources */ = {isa = PBXBuildFile; fileRef = BEFC348B24ACE3C800F94263 /* Poppins-BoldItalic.ttf */; };
		BEFC34C224ACE3C900F94263 /* SF-Pro-Text-LightItalic.otf in Resources */ = {isa = PBXBuildFile; fileRef = BEFC348C24ACE3C800F94263 /* SF-Pro-Text-LightItalic.otf */; };
		BEFC34C324ACE3C900F94263 /* SF-Pro-Text-Semibold.otf in Resources */ = {isa = PBXBuildFile; fileRef = BEFC348D24ACE3C800F94263 /* SF-Pro-Text-Semibold.otf */; };
		BEFC34C424ACE3C900F94263 /* SF-Pro-Text-SemiboldItalic.otf in Resources */ = {isa = PBXBuildFile; fileRef = BEFC348E24ACE3C800F94263 /* SF-Pro-Text-SemiboldItalic.otf */; };
		BEFC34C524ACE3C900F94263 /* SF-Pro-Display-LightItalic.otf in Resources */ = {isa = PBXBuildFile; fileRef = BEFC348F24ACE3C800F94263 /* SF-Pro-Display-LightItalic.otf */; };
		BEFC34C624ACE3C900F94263 /* SF-Pro-Display-Heavy.otf in Resources */ = {isa = PBXBuildFile; fileRef = BEFC349024ACE3C800F94263 /* SF-Pro-Display-Heavy.otf */; };
		BEFC34C724ACE3C900F94263 /* SF-Pro-Text-Light.otf in Resources */ = {isa = PBXBuildFile; fileRef = BEFC349124ACE3C900F94263 /* SF-Pro-Text-Light.otf */; };
		BEFC34C824ACE3C900F94263 /* SF-Pro-Text-Regular.otf in Resources */ = {isa = PBXBuildFile; fileRef = BEFC349224ACE3C900F94263 /* SF-Pro-Text-Regular.otf */; };
		BEFC34C924ACE3C900F94263 /* SF-Pro-Display-Semibold.otf in Resources */ = {isa = PBXBuildFile; fileRef = BEFC349324ACE3C900F94263 /* SF-Pro-Display-Semibold.otf */; };
		BEFC34CA24ACE3C900F94263 /* SF-Pro-Text-BoldItalic.otf in Resources */ = {isa = PBXBuildFile; fileRef = BEFC349424ACE3C900F94263 /* SF-Pro-Text-BoldItalic.otf */; };
		BEFC34CB24ACE3C900F94263 /* SF-Pro-Display-Light.otf in Resources */ = {isa = PBXBuildFile; fileRef = BEFC349524ACE3C900F94263 /* SF-Pro-Display-Light.otf */; };
		C860677FA7F6728C8D4587D2 /* libPods-Ambit1-tvOSTests.a in Frameworks */ = {isa = PBXBuildFile; fileRef = 7564B1A095EE52275E156BA8 /* libPods-Ambit1-tvOSTests.a */; };
/* End PBXBuildFile section */

/* Begin PBXContainerItemProxy section */
		00E356F41AD99517003FC87E /* PBXContainerItemProxy */ = {
			isa = PBXContainerItemProxy;
			containerPortal = 83CBB9F71A601CBA00E9B192 /* Project object */;
			proxyType = 1;
			remoteGlobalIDString = 13B07F861A680F5B00A75B9A;
			remoteInfo = Ambit1;
		};
		2D02E4911E0B4A5D006451C7 /* PBXContainerItemProxy */ = {
			isa = PBXContainerItemProxy;
			containerPortal = 83CBB9F71A601CBA00E9B192 /* Project object */;
			proxyType = 1;
			remoteGlobalIDString = 2D02E47A1E0B4A5D006451C7;
			remoteInfo = "Ambit1-tvOS";
		};
/* End PBXContainerItemProxy section */

/* Begin PBXFileReference section */
		008F07F21AC5B25A0029DE68 /* main.jsbundle */ = {isa = PBXFileReference; fileEncoding = 4; lastKnownFileType = text; path = main.jsbundle; sourceTree = "<group>"; };
		00E356EE1AD99517003FC87E /* Ambit1Tests.xctest */ = {isa = PBXFileReference; explicitFileType = wrapper.cfbundle; includeInIndex = 0; path = Ambit1Tests.xctest; sourceTree = BUILT_PRODUCTS_DIR; };
		00E356F11AD99517003FC87E /* Info.plist */ = {isa = PBXFileReference; lastKnownFileType = text.plist.xml; path = Info.plist; sourceTree = "<group>"; };
		00E356F21AD99517003FC87E /* Ambit1Tests.m */ = {isa = PBXFileReference; lastKnownFileType = sourcecode.c.objc; path = Ambit1Tests.m; sourceTree = "<group>"; };
		11E0584E7E6D4FAA87AC050C /* libPods-Ambit1.a */ = {isa = PBXFileReference; explicitFileType = archive.ar; includeInIndex = 0; path = "libPods-Ambit1.a"; sourceTree = BUILT_PRODUCTS_DIR; };
		13B07F961A680F5B00A75B9A /* Ambit Dev.app */ = {isa = PBXFileReference; explicitFileType = wrapper.application; includeInIndex = 0; path = "Ambit Dev.app"; sourceTree = BUILT_PRODUCTS_DIR; };
		13B07FAF1A68108700A75B9A /* AppDelegate.h */ = {isa = PBXFileReference; fileEncoding = 4; lastKnownFileType = sourcecode.c.h; name = AppDelegate.h; path = Ambit1/AppDelegate.h; sourceTree = "<group>"; };
		13B07FB01A68108700A75B9A /* AppDelegate.m */ = {isa = PBXFileReference; fileEncoding = 4; lastKnownFileType = sourcecode.c.objc; name = AppDelegate.m; path = Ambit1/AppDelegate.m; sourceTree = "<group>"; };
		13B07FB21A68108700A75B9A /* Base */ = {isa = PBXFileReference; lastKnownFileType = file.xib; name = Base; path = Base.lproj/LaunchScreen.xib; sourceTree = "<group>"; };
		13B07FB51A68108700A75B9A /* Images.xcassets */ = {isa = PBXFileReference; lastKnownFileType = folder.assetcatalog; name = Images.xcassets; path = Ambit1/Images.xcassets; sourceTree = "<group>"; };
		13B07FB61A68108700A75B9A /* Info.plist */ = {isa = PBXFileReference; fileEncoding = 4; lastKnownFileType = text.plist.xml; name = Info.plist; path = Ambit1/Info.plist; sourceTree = "<group>"; };
		13B07FB71A68108700A75B9A /* main.m */ = {isa = PBXFileReference; fileEncoding = 4; lastKnownFileType = sourcecode.c.objc; name = main.m; path = Ambit1/main.m; sourceTree = "<group>"; };
		1EB1910DF26E4B83A938EAA8 /* SimpleLineIcons.ttf */ = {isa = PBXFileReference; explicitFileType = undefined; fileEncoding = 9; includeInIndex = 0; lastKnownFileType = unknown; name = SimpleLineIcons.ttf; path = "../node_modules/react-native-vector-icons/Fonts/SimpleLineIcons.ttf"; sourceTree = "<group>"; };
		23875A49270F4EC7A72782DE /* FontAwesome.ttf */ = {isa = PBXFileReference; explicitFileType = undefined; fileEncoding = 9; includeInIndex = 0; lastKnownFileType = unknown; name = FontAwesome.ttf; path = "../node_modules/react-native-vector-icons/Fonts/FontAwesome.ttf"; sourceTree = "<group>"; };
		27DD603F40D449C2B44E11F1 /* FontAwesome5_Solid.ttf */ = {isa = PBXFileReference; explicitFileType = undefined; fileEncoding = 9; includeInIndex = 0; lastKnownFileType = unknown; name = FontAwesome5_Solid.ttf; path = "../node_modules/react-native-vector-icons/Fonts/FontAwesome5_Solid.ttf"; sourceTree = "<group>"; };
		2D02E47B1E0B4A5D006451C7 /* Ambit1-tvOS.app */ = {isa = PBXFileReference; explicitFileType = wrapper.application; includeInIndex = 0; path = "Ambit1-tvOS.app"; sourceTree = BUILT_PRODUCTS_DIR; };
		2D02E4901E0B4A5D006451C7 /* Ambit1-tvOSTests.xctest */ = {isa = PBXFileReference; explicitFileType = wrapper.cfbundle; includeInIndex = 0; path = "Ambit1-tvOSTests.xctest"; sourceTree = BUILT_PRODUCTS_DIR; };
		3D27C2DD7D1A48499A565231 /* Feather.ttf */ = {isa = PBXFileReference; explicitFileType = undefined; fileEncoding = 9; includeInIndex = 0; lastKnownFileType = unknown; name = Feather.ttf; path = "../node_modules/react-native-vector-icons/Fonts/Feather.ttf"; sourceTree = "<group>"; };
		430FC901D04C4B4680695FD0 /* Foundation.ttf */ = {isa = PBXFileReference; explicitFileType = undefined; fileEncoding = 9; includeInIndex = 0; lastKnownFileType = unknown; name = Foundation.ttf; path = "../node_modules/react-native-vector-icons/Fonts/Foundation.ttf"; sourceTree = "<group>"; };
		4FDB3A5DF72F81F9BFB54E16 /* Pods-Ambit1-tvOS.debug.xcconfig */ = {isa = PBXFileReference; includeInIndex = 1; lastKnownFileType = text.xcconfig; name = "Pods-Ambit1-tvOS.debug.xcconfig"; path = "Target Support Files/Pods-Ambit1-tvOS/Pods-Ambit1-tvOS.debug.xcconfig"; sourceTree = "<group>"; };
		511FE119E11546F2B8D1E489 /* Ionicons.ttf */ = {isa = PBXFileReference; explicitFileType = undefined; fileEncoding = 9; includeInIndex = 0; lastKnownFileType = unknown; name = Ionicons.ttf; path = "../node_modules/react-native-vector-icons/Fonts/Ionicons.ttf"; sourceTree = "<group>"; };
		569D3FDC4847AFA4C9B3E027 /* Pods-Ambit1.debug.xcconfig */ = {isa = PBXFileReference; includeInIndex = 1; lastKnownFileType = text.xcconfig; name = "Pods-Ambit1.debug.xcconfig"; path = "Target Support Files/Pods-Ambit1/Pods-Ambit1.debug.xcconfig"; sourceTree = "<group>"; };
		598D287F04EFF05E79D6272C /* Pods-Ambit1.release.xcconfig */ = {isa = PBXFileReference; includeInIndex = 1; lastKnownFileType = text.xcconfig; name = "Pods-Ambit1.release.xcconfig"; path = "Target Support Files/Pods-Ambit1/Pods-Ambit1.release.xcconfig"; sourceTree = "<group>"; };
		5CBAE340FA674BA68BE84A3D /* EvilIcons.ttf */ = {isa = PBXFileReference; explicitFileType = undefined; fileEncoding = 9; includeInIndex = 0; lastKnownFileType = unknown; name = EvilIcons.ttf; path = "../node_modules/react-native-vector-icons/Fonts/EvilIcons.ttf"; sourceTree = "<group>"; };
		64D7B0888F1D04E36E2DB194 /* Pods-Ambit1-tvOSTests.debug.xcconfig */ = {isa = PBXFileReference; includeInIndex = 1; lastKnownFileType = text.xcconfig; name = "Pods-Ambit1-tvOSTests.debug.xcconfig"; path = "Target Support Files/Pods-Ambit1-tvOSTests/Pods-Ambit1-tvOSTests.debug.xcconfig"; sourceTree = "<group>"; };
		675B71006DF2D50DFCF49A43 /* libPods-Ambit1-Ambit1Tests.a */ = {isa = PBXFileReference; explicitFileType = archive.ar; includeInIndex = 0; path = "libPods-Ambit1-Ambit1Tests.a"; sourceTree = BUILT_PRODUCTS_DIR; };
		7564B1A095EE52275E156BA8 /* libPods-Ambit1-tvOSTests.a */ = {isa = PBXFileReference; explicitFileType = archive.ar; includeInIndex = 0; path = "libPods-Ambit1-tvOSTests.a"; sourceTree = BUILT_PRODUCTS_DIR; };
		840E91B740D22503A0785182 /* Pods-Ambit1-tvOS.release.xcconfig */ = {isa = PBXFileReference; includeInIndex = 1; lastKnownFileType = text.xcconfig; name = "Pods-Ambit1-tvOS.release.xcconfig"; path = "Target Support Files/Pods-Ambit1-tvOS/Pods-Ambit1-tvOS.release.xcconfig"; sourceTree = "<group>"; };
		872BA369ACE98597D9B71C60 /* Pods-Ambit1-tvOSTests.release.xcconfig */ = {isa = PBXFileReference; includeInIndex = 1; lastKnownFileType = text.xcconfig; name = "Pods-Ambit1-tvOSTests.release.xcconfig"; path = "Target Support Files/Pods-Ambit1-tvOSTests/Pods-Ambit1-tvOSTests.release.xcconfig"; sourceTree = "<group>"; };
		87E198D6CDADA66F3A3FF70E /* Pods-Ambit1-Ambit1Tests.release.xcconfig */ = {isa = PBXFileReference; includeInIndex = 1; lastKnownFileType = text.xcconfig; name = "Pods-Ambit1-Ambit1Tests.release.xcconfig"; path = "Target Support Files/Pods-Ambit1-Ambit1Tests/Pods-Ambit1-Ambit1Tests.release.xcconfig"; sourceTree = "<group>"; };
		9EC9444A6961418F96FC5C60 /* Octicons.ttf */ = {isa = PBXFileReference; explicitFileType = undefined; fileEncoding = 9; includeInIndex = 0; lastKnownFileType = unknown; name = Octicons.ttf; path = "../node_modules/react-native-vector-icons/Fonts/Octicons.ttf"; sourceTree = "<group>"; };
		A42937568E2E44F5B2C203A3 /* MaterialCommunityIcons.ttf */ = {isa = PBXFileReference; explicitFileType = undefined; fileEncoding = 9; includeInIndex = 0; lastKnownFileType = unknown; name = MaterialCommunityIcons.ttf; path = "../node_modules/react-native-vector-icons/Fonts/MaterialCommunityIcons.ttf"; sourceTree = "<group>"; };
		BE8EFF1BF2F741ABAAA9BAB8 /* Entypo.ttf */ = {isa = PBXFileReference; explicitFileType = undefined; fileEncoding = 9; includeInIndex = 0; lastKnownFileType = unknown; name = Entypo.ttf; path = "../node_modules/react-native-vector-icons/Fonts/Entypo.ttf"; sourceTree = "<group>"; };
		BEFC33F224ACE1F100F94263 /* fonts */ = {isa = PBXFileReference; lastKnownFileType = folder; name = fonts; path = ../src/styles/fonts; sourceTree = "<group>"; };
		BEFC346024ACE3C300F94263 /* SF-Pro-Text-Thin.otf */ = {isa = PBXFileReference; lastKnownFileType = file; name = "SF-Pro-Text-Thin.otf"; path = "../src/styles/fonts/SF-Pro-Text-Thin.otf"; sourceTree = "<group>"; };
		BEFC346124ACE3C400F94263 /* SF-Pro-Display-UltralightItalic.otf */ = {isa = PBXFileReference; lastKnownFileType = file; name = "SF-Pro-Display-UltralightItalic.otf"; path = "../src/styles/fonts/SF-Pro-Display-UltralightItalic.otf"; sourceTree = "<group>"; };
		BEFC346224ACE3C400F94263 /* SF-Pro-Text-Heavy.otf */ = {isa = PBXFileReference; lastKnownFileType = file; name = "SF-Pro-Text-Heavy.otf"; path = "../src/styles/fonts/SF-Pro-Text-Heavy.otf"; sourceTree = "<group>"; };
		BEFC346324ACE3C400F94263 /* SF-Pro-Text-RegularItalic.otf */ = {isa = PBXFileReference; lastKnownFileType = file; name = "SF-Pro-Text-RegularItalic.otf"; path = "../src/styles/fonts/SF-Pro-Text-RegularItalic.otf"; sourceTree = "<group>"; };
		BEFC346424ACE3C400F94263 /* SF-Pro-Text-HeavyItalic.otf */ = {isa = PBXFileReference; lastKnownFileType = file; name = "SF-Pro-Text-HeavyItalic.otf"; path = "../src/styles/fonts/SF-Pro-Text-HeavyItalic.otf"; sourceTree = "<group>"; };
		BEFC346524ACE3C400F94263 /* Poppins-Thin.ttf */ = {isa = PBXFileReference; lastKnownFileType = file; name = "Poppins-Thin.ttf"; path = "../src/styles/fonts/Poppins-Thin.ttf"; sourceTree = "<group>"; };
		BEFC346624ACE3C400F94263 /* Poppins-SemiBold.ttf */ = {isa = PBXFileReference; lastKnownFileType = file; name = "Poppins-SemiBold.ttf"; path = "../src/styles/fonts/Poppins-SemiBold.ttf"; sourceTree = "<group>"; };
		BEFC346724ACE3C400F94263 /* SF-Pro-Display-Black.otf */ = {isa = PBXFileReference; lastKnownFileType = file; name = "SF-Pro-Display-Black.otf"; path = "../src/styles/fonts/SF-Pro-Display-Black.otf"; sourceTree = "<group>"; };
		BEFC346824ACE3C400F94263 /* SF-Pro-Display-Ultralight.otf */ = {isa = PBXFileReference; lastKnownFileType = file; name = "SF-Pro-Display-Ultralight.otf"; path = "../src/styles/fonts/SF-Pro-Display-Ultralight.otf"; sourceTree = "<group>"; };
		BEFC346924ACE3C400F94263 /* SF-Pro-Text-MediumItalic.otf */ = {isa = PBXFileReference; lastKnownFileType = file; name = "SF-Pro-Text-MediumItalic.otf"; path = "../src/styles/fonts/SF-Pro-Text-MediumItalic.otf"; sourceTree = "<group>"; };
		BEFC346A24ACE3C500F94263 /* Poppins-ThinItalic.ttf */ = {isa = PBXFileReference; lastKnownFileType = file; name = "Poppins-ThinItalic.ttf"; path = "../src/styles/fonts/Poppins-ThinItalic.ttf"; sourceTree = "<group>"; };
		BEFC346B24ACE3C500F94263 /* SF-Pro-Text-UltralightItalic.otf */ = {isa = PBXFileReference; lastKnownFileType = file; name = "SF-Pro-Text-UltralightItalic.otf"; path = "../src/styles/fonts/SF-Pro-Text-UltralightItalic.otf"; sourceTree = "<group>"; };
		BEFC346C24ACE3C500F94263 /* Poppins-LightItalic.ttf */ = {isa = PBXFileReference; lastKnownFileType = file; name = "Poppins-LightItalic.ttf"; path = "../src/styles/fonts/Poppins-LightItalic.ttf"; sourceTree = "<group>"; };
		BEFC346D24ACE3C500F94263 /* SF-Pro-Display-Regular.otf */ = {isa = PBXFileReference; lastKnownFileType = file; name = "SF-Pro-Display-Regular.otf"; path = "../src/styles/fonts/SF-Pro-Display-Regular.otf"; sourceTree = "<group>"; };
		BEFC346E24ACE3C500F94263 /* Poppins-Italic.ttf */ = {isa = PBXFileReference; lastKnownFileType = file; name = "Poppins-Italic.ttf"; path = "../src/styles/fonts/Poppins-Italic.ttf"; sourceTree = "<group>"; };
		BEFC346F24ACE3C500F94263 /* SF-Pro-Display-ThinItalic.otf */ = {isa = PBXFileReference; lastKnownFileType = file; name = "SF-Pro-Display-ThinItalic.otf"; path = "../src/styles/fonts/SF-Pro-Display-ThinItalic.otf"; sourceTree = "<group>"; };
		BEFC347024ACE3C500F94263 /* Poppins-Bold.ttf */ = {isa = PBXFileReference; lastKnownFileType = file; name = "Poppins-Bold.ttf"; path = "../src/styles/fonts/Poppins-Bold.ttf"; sourceTree = "<group>"; };
		BEFC347124ACE3C500F94263 /* Poppins-ExtraBold.ttf */ = {isa = PBXFileReference; lastKnownFileType = file; name = "Poppins-ExtraBold.ttf"; path = "../src/styles/fonts/Poppins-ExtraBold.ttf"; sourceTree = "<group>"; };
		BEFC347224ACE3C500F94263 /* SF-Pro-Display-BlackItalic.otf */ = {isa = PBXFileReference; lastKnownFileType = file; name = "SF-Pro-Display-BlackItalic.otf"; path = "../src/styles/fonts/SF-Pro-Display-BlackItalic.otf"; sourceTree = "<group>"; };
		BEFC347324ACE3C600F94263 /* SF-Pro-Text-ThinItalic.otf */ = {isa = PBXFileReference; lastKnownFileType = file; name = "SF-Pro-Text-ThinItalic.otf"; path = "../src/styles/fonts/SF-Pro-Text-ThinItalic.otf"; sourceTree = "<group>"; };
		BEFC347424ACE3C600F94263 /* SF-Pro-Text-BlackItalic.otf */ = {isa = PBXFileReference; lastKnownFileType = file; name = "SF-Pro-Text-BlackItalic.otf"; path = "../src/styles/fonts/SF-Pro-Text-BlackItalic.otf"; sourceTree = "<group>"; };
		BEFC347524ACE3C600F94263 /* Poppins-Light.ttf */ = {isa = PBXFileReference; lastKnownFileType = file; name = "Poppins-Light.ttf"; path = "../src/styles/fonts/Poppins-Light.ttf"; sourceTree = "<group>"; };
		BEFC347624ACE3C600F94263 /* SF-Pro-Display-RegularItalic.otf */ = {isa = PBXFileReference; lastKnownFileType = file; name = "SF-Pro-Display-RegularItalic.otf"; path = "../src/styles/fonts/SF-Pro-Display-RegularItalic.otf"; sourceTree = "<group>"; };
		BEFC347724ACE3C600F94263 /* Poppins-Regular.ttf */ = {isa = PBXFileReference; lastKnownFileType = file; name = "Poppins-Regular.ttf"; path = "../src/styles/fonts/Poppins-Regular.ttf"; sourceTree = "<group>"; };
		BEFC347824ACE3C600F94263 /* SF-Pro-Display-MediumItalic.otf */ = {isa = PBXFileReference; lastKnownFileType = file; name = "SF-Pro-Display-MediumItalic.otf"; path = "../src/styles/fonts/SF-Pro-Display-MediumItalic.otf"; sourceTree = "<group>"; };
		BEFC347924ACE3C600F94263 /* SF-Pro-Display-Bold.otf */ = {isa = PBXFileReference; lastKnownFileType = file; name = "SF-Pro-Display-Bold.otf"; path = "../src/styles/fonts/SF-Pro-Display-Bold.otf"; sourceTree = "<group>"; };
		BEFC347A24ACE3C600F94263 /* Poppins-SemiBoldItalic.ttf */ = {isa = PBXFileReference; lastKnownFileType = file; name = "Poppins-SemiBoldItalic.ttf"; path = "../src/styles/fonts/Poppins-SemiBoldItalic.ttf"; sourceTree = "<group>"; };
		BEFC347B24ACE3C600F94263 /* Poppins-Medium.ttf */ = {isa = PBXFileReference; lastKnownFileType = file; name = "Poppins-Medium.ttf"; path = "../src/styles/fonts/Poppins-Medium.ttf"; sourceTree = "<group>"; };
		BEFC347C24ACE3C700F94263 /* SF-Pro-Text-Black.otf */ = {isa = PBXFileReference; lastKnownFileType = file; name = "SF-Pro-Text-Black.otf"; path = "../src/styles/fonts/SF-Pro-Text-Black.otf"; sourceTree = "<group>"; };
		BEFC347D24ACE3C700F94263 /* Poppins-ExtraBoldItalic.ttf */ = {isa = PBXFileReference; lastKnownFileType = file; name = "Poppins-ExtraBoldItalic.ttf"; path = "../src/styles/fonts/Poppins-ExtraBoldItalic.ttf"; sourceTree = "<group>"; };
		BEFC347E24ACE3C700F94263 /* SF-Pro-Display-HeavyItalic.otf */ = {isa = PBXFileReference; lastKnownFileType = file; name = "SF-Pro-Display-HeavyItalic.otf"; path = "../src/styles/fonts/SF-Pro-Display-HeavyItalic.otf"; sourceTree = "<group>"; };
		BEFC347F24ACE3C700F94263 /* SF-Pro-Display-BoldItalic.otf */ = {isa = PBXFileReference; lastKnownFileType = file; name = "SF-Pro-Display-BoldItalic.otf"; path = "../src/styles/fonts/SF-Pro-Display-BoldItalic.otf"; sourceTree = "<group>"; };
		BEFC348024ACE3C700F94263 /* SF-Pro-Text-Medium.otf */ = {isa = PBXFileReference; lastKnownFileType = file; name = "SF-Pro-Text-Medium.otf"; path = "../src/styles/fonts/SF-Pro-Text-Medium.otf"; sourceTree = "<group>"; };
		BEFC348124ACE3C700F94263 /* Poppins-MediumItalic.ttf */ = {isa = PBXFileReference; lastKnownFileType = file; name = "Poppins-MediumItalic.ttf"; path = "../src/styles/fonts/Poppins-MediumItalic.ttf"; sourceTree = "<group>"; };
		BEFC348224ACE3C700F94263 /* Poppins-ExtraLightItalic.ttf */ = {isa = PBXFileReference; lastKnownFileType = file; name = "Poppins-ExtraLightItalic.ttf"; path = "../src/styles/fonts/Poppins-ExtraLightItalic.ttf"; sourceTree = "<group>"; };
		BEFC348324ACE3C700F94263 /* SF-Pro-Display-SemiboldItalic.otf */ = {isa = PBXFileReference; lastKnownFileType = file; name = "SF-Pro-Display-SemiboldItalic.otf"; path = "../src/styles/fonts/SF-Pro-Display-SemiboldItalic.otf"; sourceTree = "<group>"; };
		BEFC348424ACE3C700F94263 /* Poppins-ExtraLight.ttf */ = {isa = PBXFileReference; lastKnownFileType = file; name = "Poppins-ExtraLight.ttf"; path = "../src/styles/fonts/Poppins-ExtraLight.ttf"; sourceTree = "<group>"; };
		BEFC348524ACE3C700F94263 /* SF-Pro-Text-Ultralight.otf */ = {isa = PBXFileReference; lastKnownFileType = file; name = "SF-Pro-Text-Ultralight.otf"; path = "../src/styles/fonts/SF-Pro-Text-Ultralight.otf"; sourceTree = "<group>"; };
		BEFC348624ACE3C800F94263 /* SF-Pro-Display-Medium.otf */ = {isa = PBXFileReference; lastKnownFileType = file; name = "SF-Pro-Display-Medium.otf"; path = "../src/styles/fonts/SF-Pro-Display-Medium.otf"; sourceTree = "<group>"; };
		BEFC348724ACE3C800F94263 /* Poppins-Black.ttf */ = {isa = PBXFileReference; lastKnownFileType = file; name = "Poppins-Black.ttf"; path = "../src/styles/fonts/Poppins-Black.ttf"; sourceTree = "<group>"; };
		BEFC348824ACE3C800F94263 /* SF-Pro-Display-Thin.otf */ = {isa = PBXFileReference; lastKnownFileType = file; name = "SF-Pro-Display-Thin.otf"; path = "../src/styles/fonts/SF-Pro-Display-Thin.otf"; sourceTree = "<group>"; };
		BEFC348924ACE3C800F94263 /* SF-Pro-Text-Bold.otf */ = {isa = PBXFileReference; lastKnownFileType = file; name = "SF-Pro-Text-Bold.otf"; path = "../src/styles/fonts/SF-Pro-Text-Bold.otf"; sourceTree = "<group>"; };
		BEFC348A24ACE3C800F94263 /* Poppins-BlackItalic.ttf */ = {isa = PBXFileReference; lastKnownFileType = file; name = "Poppins-BlackItalic.ttf"; path = "../src/styles/fonts/Poppins-BlackItalic.ttf"; sourceTree = "<group>"; };
		BEFC348B24ACE3C800F94263 /* Poppins-BoldItalic.ttf */ = {isa = PBXFileReference; lastKnownFileType = file; name = "Poppins-BoldItalic.ttf"; path = "../src/styles/fonts/Poppins-BoldItalic.ttf"; sourceTree = "<group>"; };
		BEFC348C24ACE3C800F94263 /* SF-Pro-Text-LightItalic.otf */ = {isa = PBXFileReference; lastKnownFileType = file; name = "SF-Pro-Text-LightItalic.otf"; path = "../src/styles/fonts/SF-Pro-Text-LightItalic.otf"; sourceTree = "<group>"; };
		BEFC348D24ACE3C800F94263 /* SF-Pro-Text-Semibold.otf */ = {isa = PBXFileReference; lastKnownFileType = file; name = "SF-Pro-Text-Semibold.otf"; path = "../src/styles/fonts/SF-Pro-Text-Semibold.otf"; sourceTree = "<group>"; };
		BEFC348E24ACE3C800F94263 /* SF-Pro-Text-SemiboldItalic.otf */ = {isa = PBXFileReference; lastKnownFileType = file; name = "SF-Pro-Text-SemiboldItalic.otf"; path = "../src/styles/fonts/SF-Pro-Text-SemiboldItalic.otf"; sourceTree = "<group>"; };
		BEFC348F24ACE3C800F94263 /* SF-Pro-Display-LightItalic.otf */ = {isa = PBXFileReference; lastKnownFileType = file; name = "SF-Pro-Display-LightItalic.otf"; path = "../src/styles/fonts/SF-Pro-Display-LightItalic.otf"; sourceTree = "<group>"; };
		BEFC349024ACE3C800F94263 /* SF-Pro-Display-Heavy.otf */ = {isa = PBXFileReference; lastKnownFileType = file; name = "SF-Pro-Display-Heavy.otf"; path = "../src/styles/fonts/SF-Pro-Display-Heavy.otf"; sourceTree = "<group>"; };
		BEFC349124ACE3C900F94263 /* SF-Pro-Text-Light.otf */ = {isa = PBXFileReference; lastKnownFileType = file; name = "SF-Pro-Text-Light.otf"; path = "../src/styles/fonts/SF-Pro-Text-Light.otf"; sourceTree = "<group>"; };
		BEFC349224ACE3C900F94263 /* SF-Pro-Text-Regular.otf */ = {isa = PBXFileReference; lastKnownFileType = file; name = "SF-Pro-Text-Regular.otf"; path = "../src/styles/fonts/SF-Pro-Text-Regular.otf"; sourceTree = "<group>"; };
		BEFC349324ACE3C900F94263 /* SF-Pro-Display-Semibold.otf */ = {isa = PBXFileReference; lastKnownFileType = file; name = "SF-Pro-Display-Semibold.otf"; path = "../src/styles/fonts/SF-Pro-Display-Semibold.otf"; sourceTree = "<group>"; };
		BEFC349424ACE3C900F94263 /* SF-Pro-Text-BoldItalic.otf */ = {isa = PBXFileReference; lastKnownFileType = file; name = "SF-Pro-Text-BoldItalic.otf"; path = "../src/styles/fonts/SF-Pro-Text-BoldItalic.otf"; sourceTree = "<group>"; };
		BEFC349524ACE3C900F94263 /* SF-Pro-Display-Light.otf */ = {isa = PBXFileReference; lastKnownFileType = file; name = "SF-Pro-Display-Light.otf"; path = "../src/styles/fonts/SF-Pro-Display-Light.otf"; sourceTree = "<group>"; };
		C66BEADDF9A341CE9D168498 /* FontAwesome5_Brands.ttf */ = {isa = PBXFileReference; explicitFileType = undefined; fileEncoding = 9; includeInIndex = 0; lastKnownFileType = unknown; name = FontAwesome5_Brands.ttf; path = "../node_modules/react-native-vector-icons/Fonts/FontAwesome5_Brands.ttf"; sourceTree = "<group>"; };
		CFDF7071ED094519AFA84F2F /* MaterialIcons.ttf */ = {isa = PBXFileReference; explicitFileType = undefined; fileEncoding = 9; includeInIndex = 0; lastKnownFileType = unknown; name = MaterialIcons.ttf; path = "../node_modules/react-native-vector-icons/Fonts/MaterialIcons.ttf"; sourceTree = "<group>"; };
		D97D0E433ADA4FC2C86FDF46 /* libPods-Ambit1-tvOS.a */ = {isa = PBXFileReference; explicitFileType = archive.ar; includeInIndex = 0; path = "libPods-Ambit1-tvOS.a"; sourceTree = BUILT_PRODUCTS_DIR; };
		E4DD00CA6BEC4FE98A034EB4 /* AntDesign.ttf */ = {isa = PBXFileReference; explicitFileType = undefined; fileEncoding = 9; includeInIndex = 0; lastKnownFileType = unknown; name = AntDesign.ttf; path = "../node_modules/react-native-vector-icons/Fonts/AntDesign.ttf"; sourceTree = "<group>"; };
		E642264B6A4849678C0D9B70 /* Fontisto.ttf */ = {isa = PBXFileReference; explicitFileType = undefined; fileEncoding = 9; includeInIndex = 0; lastKnownFileType = unknown; name = Fontisto.ttf; path = "../node_modules/react-native-vector-icons/Fonts/Fontisto.ttf"; sourceTree = "<group>"; };
		ED297162215061F000B7C4FE /* JavaScriptCore.framework */ = {isa = PBXFileReference; lastKnownFileType = wrapper.framework; name = JavaScriptCore.framework; path = System/Library/Frameworks/JavaScriptCore.framework; sourceTree = SDKROOT; };
		ED2971642150620600B7C4FE /* JavaScriptCore.framework */ = {isa = PBXFileReference; lastKnownFileType = wrapper.framework; name = JavaScriptCore.framework; path = Platforms/AppleTVOS.platform/Developer/SDKs/AppleTVOS12.0.sdk/System/Library/Frameworks/JavaScriptCore.framework; sourceTree = DEVELOPER_DIR; };
		EFB1CED60E354209A345E8A3 /* Zocial.ttf */ = {isa = PBXFileReference; explicitFileType = undefined; fileEncoding = 9; includeInIndex = 0; lastKnownFileType = unknown; name = Zocial.ttf; path = "../node_modules/react-native-vector-icons/Fonts/Zocial.ttf"; sourceTree = "<group>"; };
		F15A82A9B1BE4144AA97FB31 /* FontAwesome5_Regular.ttf */ = {isa = PBXFileReference; explicitFileType = undefined; fileEncoding = 9; includeInIndex = 0; lastKnownFileType = unknown; name = FontAwesome5_Regular.ttf; path = "../node_modules/react-native-vector-icons/Fonts/FontAwesome5_Regular.ttf"; sourceTree = "<group>"; };
		F31FCE9176CF5C11A6045CAA /* Pods-Ambit1-Ambit1Tests.debug.xcconfig */ = {isa = PBXFileReference; includeInIndex = 1; lastKnownFileType = text.xcconfig; name = "Pods-Ambit1-Ambit1Tests.debug.xcconfig"; path = "Target Support Files/Pods-Ambit1-Ambit1Tests/Pods-Ambit1-Ambit1Tests.debug.xcconfig"; sourceTree = "<group>"; };
/* End PBXFileReference section */

/* Begin PBXFrameworksBuildPhase section */
		00E356EB1AD99517003FC87E /* Frameworks */ = {
			isa = PBXFrameworksBuildPhase;
			buildActionMask = 2147483647;
			files = (
				4E5DBEF1C3D6457C50BD0834 /* libPods-Ambit1-Ambit1Tests.a in Frameworks */,
			);
			runOnlyForDeploymentPostprocessing = 0;
		};
		13B07F8C1A680F5B00A75B9A /* Frameworks */ = {
			isa = PBXFrameworksBuildPhase;
			buildActionMask = 2147483647;
			files = (
				4064F39E7B04ED773A1EF009 /* libPods-Ambit1.a in Frameworks */,
			);
			runOnlyForDeploymentPostprocessing = 0;
		};
		2D02E4781E0B4A5D006451C7 /* Frameworks */ = {
			isa = PBXFrameworksBuildPhase;
			buildActionMask = 2147483647;
			files = (
				6D2A623EAE352BA3ECB1857F /* libPods-Ambit1-tvOS.a in Frameworks */,
			);
			runOnlyForDeploymentPostprocessing = 0;
		};
		2D02E48D1E0B4A5D006451C7 /* Frameworks */ = {
			isa = PBXFrameworksBuildPhase;
			buildActionMask = 2147483647;
			files = (
				C860677FA7F6728C8D4587D2 /* libPods-Ambit1-tvOSTests.a in Frameworks */,
			);
			runOnlyForDeploymentPostprocessing = 0;
		};
/* End PBXFrameworksBuildPhase section */

/* Begin PBXGroup section */
		00E356EF1AD99517003FC87E /* Ambit1Tests */ = {
			isa = PBXGroup;
			children = (
				00E356F21AD99517003FC87E /* Ambit1Tests.m */,
				00E356F01AD99517003FC87E /* Supporting Files */,
			);
			path = Ambit1Tests;
			sourceTree = "<group>";
		};
		00E356F01AD99517003FC87E /* Supporting Files */ = {
			isa = PBXGroup;
			children = (
				00E356F11AD99517003FC87E /* Info.plist */,
			);
			name = "Supporting Files";
			sourceTree = "<group>";
		};
		13B07FAE1A68108700A75B9A /* Ambit1 */ = {
			isa = PBXGroup;
			children = (
				008F07F21AC5B25A0029DE68 /* main.jsbundle */,
				13B07FAF1A68108700A75B9A /* AppDelegate.h */,
				13B07FB01A68108700A75B9A /* AppDelegate.m */,
				13B07FB51A68108700A75B9A /* Images.xcassets */,
				13B07FB61A68108700A75B9A /* Info.plist */,
				13B07FB11A68108700A75B9A /* LaunchScreen.xib */,
				13B07FB71A68108700A75B9A /* main.m */,
			);
			name = Ambit1;
			sourceTree = "<group>";
		};
		2D16E6871FA4F8E400B85C8A /* Frameworks */ = {
			isa = PBXGroup;
			children = (
				ED297162215061F000B7C4FE /* JavaScriptCore.framework */,
				ED2971642150620600B7C4FE /* JavaScriptCore.framework */,
				11E0584E7E6D4FAA87AC050C /* libPods-Ambit1.a */,
				675B71006DF2D50DFCF49A43 /* libPods-Ambit1-Ambit1Tests.a */,
				D97D0E433ADA4FC2C86FDF46 /* libPods-Ambit1-tvOS.a */,
				7564B1A095EE52275E156BA8 /* libPods-Ambit1-tvOSTests.a */,
			);
			name = Frameworks;
			sourceTree = "<group>";
		};
		73A0A1189EE83DBE73B27231 /* Pods */ = {
			isa = PBXGroup;
			children = (
				569D3FDC4847AFA4C9B3E027 /* Pods-Ambit1.debug.xcconfig */,
				598D287F04EFF05E79D6272C /* Pods-Ambit1.release.xcconfig */,
				F31FCE9176CF5C11A6045CAA /* Pods-Ambit1-Ambit1Tests.debug.xcconfig */,
				87E198D6CDADA66F3A3FF70E /* Pods-Ambit1-Ambit1Tests.release.xcconfig */,
				4FDB3A5DF72F81F9BFB54E16 /* Pods-Ambit1-tvOS.debug.xcconfig */,
				840E91B740D22503A0785182 /* Pods-Ambit1-tvOS.release.xcconfig */,
				64D7B0888F1D04E36E2DB194 /* Pods-Ambit1-tvOSTests.debug.xcconfig */,
				872BA369ACE98597D9B71C60 /* Pods-Ambit1-tvOSTests.release.xcconfig */,
			);
			path = Pods;
			sourceTree = "<group>";
		};
		832341AE1AAA6A7D00B99B32 /* Libraries */ = {
			isa = PBXGroup;
			children = (
			);
			name = Libraries;
			sourceTree = "<group>";
		};
		83CBB9F61A601CBA00E9B192 = {
			isa = PBXGroup;
			children = (
				BEFC33F224ACE1F100F94263 /* fonts */,
				13B07FAE1A68108700A75B9A /* Ambit1 */,
				832341AE1AAA6A7D00B99B32 /* Libraries */,
				00E356EF1AD99517003FC87E /* Ambit1Tests */,
				83CBBA001A601CBA00E9B192 /* Products */,
				2D16E6871FA4F8E400B85C8A /* Frameworks */,
				73A0A1189EE83DBE73B27231 /* Pods */,
				B6ADEE4772BA4E0EBF24686C /* Resources */,
			);
			indentWidth = 2;
			sourceTree = "<group>";
			tabWidth = 2;
			usesTabs = 0;
		};
		83CBBA001A601CBA00E9B192 /* Products */ = {
			isa = PBXGroup;
			children = (
				13B07F961A680F5B00A75B9A /* Ambit Dev.app */,
				00E356EE1AD99517003FC87E /* Ambit1Tests.xctest */,
				2D02E47B1E0B4A5D006451C7 /* Ambit1-tvOS.app */,
				2D02E4901E0B4A5D006451C7 /* Ambit1-tvOSTests.xctest */,
			);
			name = Products;
			sourceTree = "<group>";
		};
		B6ADEE4772BA4E0EBF24686C /* Resources */ = {
			isa = PBXGroup;
			children = (
				BEFC348724ACE3C800F94263 /* Poppins-Black.ttf */,
				BEFC348A24ACE3C800F94263 /* Poppins-BlackItalic.ttf */,
				BEFC347024ACE3C500F94263 /* Poppins-Bold.ttf */,
				BEFC348B24ACE3C800F94263 /* Poppins-BoldItalic.ttf */,
				BEFC347124ACE3C500F94263 /* Poppins-ExtraBold.ttf */,
				BEFC347D24ACE3C700F94263 /* Poppins-ExtraBoldItalic.ttf */,
				BEFC348424ACE3C700F94263 /* Poppins-ExtraLight.ttf */,
				BEFC348224ACE3C700F94263 /* Poppins-ExtraLightItalic.ttf */,
				BEFC346E24ACE3C500F94263 /* Poppins-Italic.ttf */,
				BEFC347524ACE3C600F94263 /* Poppins-Light.ttf */,
				BEFC346C24ACE3C500F94263 /* Poppins-LightItalic.ttf */,
				BEFC347B24ACE3C600F94263 /* Poppins-Medium.ttf */,
				BEFC348124ACE3C700F94263 /* Poppins-MediumItalic.ttf */,
				BEFC347724ACE3C600F94263 /* Poppins-Regular.ttf */,
				BEFC346624ACE3C400F94263 /* Poppins-SemiBold.ttf */,
				BEFC347A24ACE3C600F94263 /* Poppins-SemiBoldItalic.ttf */,
				BEFC346524ACE3C400F94263 /* Poppins-Thin.ttf */,
				BEFC346A24ACE3C500F94263 /* Poppins-ThinItalic.ttf */,
				BEFC346724ACE3C400F94263 /* SF-Pro-Display-Black.otf */,
				BEFC347224ACE3C500F94263 /* SF-Pro-Display-BlackItalic.otf */,
				BEFC347924ACE3C600F94263 /* SF-Pro-Display-Bold.otf */,
				BEFC347F24ACE3C700F94263 /* SF-Pro-Display-BoldItalic.otf */,
				BEFC349024ACE3C800F94263 /* SF-Pro-Display-Heavy.otf */,
				BEFC347E24ACE3C700F94263 /* SF-Pro-Display-HeavyItalic.otf */,
				BEFC349524ACE3C900F94263 /* SF-Pro-Display-Light.otf */,
				BEFC348F24ACE3C800F94263 /* SF-Pro-Display-LightItalic.otf */,
				BEFC348624ACE3C800F94263 /* SF-Pro-Display-Medium.otf */,
				BEFC347824ACE3C600F94263 /* SF-Pro-Display-MediumItalic.otf */,
				BEFC346D24ACE3C500F94263 /* SF-Pro-Display-Regular.otf */,
				BEFC347624ACE3C600F94263 /* SF-Pro-Display-RegularItalic.otf */,
				BEFC349324ACE3C900F94263 /* SF-Pro-Display-Semibold.otf */,
				BEFC348324ACE3C700F94263 /* SF-Pro-Display-SemiboldItalic.otf */,
				BEFC348824ACE3C800F94263 /* SF-Pro-Display-Thin.otf */,
				BEFC346F24ACE3C500F94263 /* SF-Pro-Display-ThinItalic.otf */,
				BEFC346824ACE3C400F94263 /* SF-Pro-Display-Ultralight.otf */,
				BEFC346124ACE3C400F94263 /* SF-Pro-Display-UltralightItalic.otf */,
				BEFC347C24ACE3C700F94263 /* SF-Pro-Text-Black.otf */,
				BEFC347424ACE3C600F94263 /* SF-Pro-Text-BlackItalic.otf */,
				BEFC348924ACE3C800F94263 /* SF-Pro-Text-Bold.otf */,
				BEFC349424ACE3C900F94263 /* SF-Pro-Text-BoldItalic.otf */,
				BEFC346224ACE3C400F94263 /* SF-Pro-Text-Heavy.otf */,
				BEFC346424ACE3C400F94263 /* SF-Pro-Text-HeavyItalic.otf */,
				BEFC349124ACE3C900F94263 /* SF-Pro-Text-Light.otf */,
				BEFC348C24ACE3C800F94263 /* SF-Pro-Text-LightItalic.otf */,
				BEFC348024ACE3C700F94263 /* SF-Pro-Text-Medium.otf */,
				BEFC346924ACE3C400F94263 /* SF-Pro-Text-MediumItalic.otf */,
				BEFC349224ACE3C900F94263 /* SF-Pro-Text-Regular.otf */,
				BEFC346324ACE3C400F94263 /* SF-Pro-Text-RegularItalic.otf */,
				BEFC348D24ACE3C800F94263 /* SF-Pro-Text-Semibold.otf */,
				BEFC348E24ACE3C800F94263 /* SF-Pro-Text-SemiboldItalic.otf */,
				BEFC346024ACE3C300F94263 /* SF-Pro-Text-Thin.otf */,
				BEFC347324ACE3C600F94263 /* SF-Pro-Text-ThinItalic.otf */,
				BEFC348524ACE3C700F94263 /* SF-Pro-Text-Ultralight.otf */,
				BEFC346B24ACE3C500F94263 /* SF-Pro-Text-UltralightItalic.otf */,
				E4DD00CA6BEC4FE98A034EB4 /* AntDesign.ttf */,
				BE8EFF1BF2F741ABAAA9BAB8 /* Entypo.ttf */,
				5CBAE340FA674BA68BE84A3D /* EvilIcons.ttf */,
				3D27C2DD7D1A48499A565231 /* Feather.ttf */,
				23875A49270F4EC7A72782DE /* FontAwesome.ttf */,
				C66BEADDF9A341CE9D168498 /* FontAwesome5_Brands.ttf */,
				F15A82A9B1BE4144AA97FB31 /* FontAwesome5_Regular.ttf */,
				27DD603F40D449C2B44E11F1 /* FontAwesome5_Solid.ttf */,
				E642264B6A4849678C0D9B70 /* Fontisto.ttf */,
				430FC901D04C4B4680695FD0 /* Foundation.ttf */,
				511FE119E11546F2B8D1E489 /* Ionicons.ttf */,
				A42937568E2E44F5B2C203A3 /* MaterialCommunityIcons.ttf */,
				CFDF7071ED094519AFA84F2F /* MaterialIcons.ttf */,
				9EC9444A6961418F96FC5C60 /* Octicons.ttf */,
				1EB1910DF26E4B83A938EAA8 /* SimpleLineIcons.ttf */,
				EFB1CED60E354209A345E8A3 /* Zocial.ttf */,
			);
			name = Resources;
			sourceTree = "<group>";
		};
/* End PBXGroup section */

/* Begin PBXNativeTarget section */
		00E356ED1AD99517003FC87E /* Ambit1Tests */ = {
			isa = PBXNativeTarget;
			buildConfigurationList = 00E357021AD99517003FC87E /* Build configuration list for PBXNativeTarget "Ambit1Tests" */;
			buildPhases = (
				9221E7A1C8B5338464535CEA /* [CP] Check Pods Manifest.lock */,
				00E356EA1AD99517003FC87E /* Sources */,
				00E356EB1AD99517003FC87E /* Frameworks */,
				00E356EC1AD99517003FC87E /* Resources */,
				39191242836F3F7CA72843B4 /* [CP] Copy Pods Resources */,
			);
			buildRules = (
			);
			dependencies = (
				00E356F51AD99517003FC87E /* PBXTargetDependency */,
			);
			name = Ambit1Tests;
			productName = Ambit1Tests;
			productReference = 00E356EE1AD99517003FC87E /* Ambit1Tests.xctest */;
			productType = "com.apple.product-type.bundle.unit-test";
		};
		13B07F861A680F5B00A75B9A /* Ambit1 */ = {
			isa = PBXNativeTarget;
			buildConfigurationList = 13B07F931A680F5B00A75B9A /* Build configuration list for PBXNativeTarget "Ambit1" */;
			buildPhases = (
				10B95A1840DE9824D8E0D169 /* [CP] Check Pods Manifest.lock */,
				FD10A7F022414F080027D42C /* Start Packager */,
				13B07F871A680F5B00A75B9A /* Sources */,
				13B07F8C1A680F5B00A75B9A /* Frameworks */,
				13B07F8E1A680F5B00A75B9A /* Resources */,
				00DD1BFF1BD5951E006B06BC /* Bundle React Native code and images */,
				DA045392D3B71BA228B34249 /* [CP] Copy Pods Resources */,
				F0894F23C51E4924BB56FD33 /* Upload Debug Symbols to Sentry */,
			);
			buildRules = (
			);
			dependencies = (
			);
			name = Ambit1;
			productName = Ambit1;
			productReference = 13B07F961A680F5B00A75B9A /* Ambit Dev.app */;
			productType = "com.apple.product-type.application";
		};
		2D02E47A1E0B4A5D006451C7 /* Ambit1-tvOS */ = {
			isa = PBXNativeTarget;
			buildConfigurationList = 2D02E4BA1E0B4A5E006451C7 /* Build configuration list for PBXNativeTarget "Ambit1-tvOS" */;
			buildPhases = (
				4B1A0A7ABAD62D05C9F273D1 /* [CP] Check Pods Manifest.lock */,
				FD10A7F122414F3F0027D42C /* Start Packager */,
				2D02E4771E0B4A5D006451C7 /* Sources */,
				2D02E4781E0B4A5D006451C7 /* Frameworks */,
				2D02E4791E0B4A5D006451C7 /* Resources */,
				2D02E4CB1E0B4B27006451C7 /* Bundle React Native Code And Images */,
			);
			buildRules = (
			);
			dependencies = (
			);
			name = "Ambit1-tvOS";
			productName = "Ambit1-tvOS";
			productReference = 2D02E47B1E0B4A5D006451C7 /* Ambit1-tvOS.app */;
			productType = "com.apple.product-type.application";
		};
		2D02E48F1E0B4A5D006451C7 /* Ambit1-tvOSTests */ = {
			isa = PBXNativeTarget;
			buildConfigurationList = 2D02E4BB1E0B4A5E006451C7 /* Build configuration list for PBXNativeTarget "Ambit1-tvOSTests" */;
			buildPhases = (
				C9FC35AE51FC13A7532BDB1C /* [CP] Check Pods Manifest.lock */,
				2D02E48C1E0B4A5D006451C7 /* Sources */,
				2D02E48D1E0B4A5D006451C7 /* Frameworks */,
				2D02E48E1E0B4A5D006451C7 /* Resources */,
			);
			buildRules = (
			);
			dependencies = (
				2D02E4921E0B4A5D006451C7 /* PBXTargetDependency */,
			);
			name = "Ambit1-tvOSTests";
			productName = "Ambit1-tvOSTests";
			productReference = 2D02E4901E0B4A5D006451C7 /* Ambit1-tvOSTests.xctest */;
			productType = "com.apple.product-type.bundle.unit-test";
		};
/* End PBXNativeTarget section */

/* Begin PBXProject section */
		83CBB9F71A601CBA00E9B192 /* Project object */ = {
			isa = PBXProject;
			attributes = {
				LastUpgradeCheck = 1130;
				TargetAttributes = {
					00E356ED1AD99517003FC87E = {
						CreatedOnToolsVersion = 6.2;
						TestTargetID = 13B07F861A680F5B00A75B9A;
					};
					13B07F861A680F5B00A75B9A = {
						DevelopmentTeam = 4Q2397L86H;
						LastSwiftMigration = 1120;
					};
					2D02E47A1E0B4A5D006451C7 = {
						CreatedOnToolsVersion = 8.2.1;
						ProvisioningStyle = Automatic;
					};
					2D02E48F1E0B4A5D006451C7 = {
						CreatedOnToolsVersion = 8.2.1;
						ProvisioningStyle = Automatic;
						TestTargetID = 2D02E47A1E0B4A5D006451C7;
					};
				};
			};
			buildConfigurationList = 83CBB9FA1A601CBA00E9B192 /* Build configuration list for PBXProject "Ambit1" */;
			compatibilityVersion = "Xcode 3.2";
			developmentRegion = en;
			hasScannedForEncodings = 0;
			knownRegions = (
				en,
				Base,
			);
			mainGroup = 83CBB9F61A601CBA00E9B192;
			productRefGroup = 83CBBA001A601CBA00E9B192 /* Products */;
			projectDirPath = "";
			projectRoot = "";
			targets = (
				13B07F861A680F5B00A75B9A /* Ambit1 */,
				00E356ED1AD99517003FC87E /* Ambit1Tests */,
				2D02E47A1E0B4A5D006451C7 /* Ambit1-tvOS */,
				2D02E48F1E0B4A5D006451C7 /* Ambit1-tvOSTests */,
			);
		};
/* End PBXProject section */

/* Begin PBXResourcesBuildPhase section */
		00E356EC1AD99517003FC87E /* Resources */ = {
			isa = PBXResourcesBuildPhase;
			buildActionMask = 2147483647;
			files = (
			);
			runOnlyForDeploymentPostprocessing = 0;
		};
		13B07F8E1A680F5B00A75B9A /* Resources */ = {
			isa = PBXResourcesBuildPhase;
			buildActionMask = 2147483647;
			files = (
				13B07FBF1A68108700A75B9A /* Images.xcassets in Resources */,
				13B07FBD1A68108700A75B9A /* LaunchScreen.xib in Resources */,
				BEFC349624ACE3C900F94263 /* SF-Pro-Text-Thin.otf in Resources */,
				BEFC349724ACE3C900F94263 /* SF-Pro-Display-UltralightItalic.otf in Resources */,
				BEFC349824ACE3C900F94263 /* SF-Pro-Text-Heavy.otf in Resources */,
				BEFC349924ACE3C900F94263 /* SF-Pro-Text-RegularItalic.otf in Resources */,
				BEFC349A24ACE3C900F94263 /* SF-Pro-Text-HeavyItalic.otf in Resources */,
				BEFC349B24ACE3C900F94263 /* Poppins-Thin.ttf in Resources */,
				BEFC349C24ACE3C900F94263 /* Poppins-SemiBold.ttf in Resources */,
				BEFC349D24ACE3C900F94263 /* SF-Pro-Display-Black.otf in Resources */,
				BEFC349E24ACE3C900F94263 /* SF-Pro-Display-Ultralight.otf in Resources */,
				BEFC349F24ACE3C900F94263 /* SF-Pro-Text-MediumItalic.otf in Resources */,
				BEFC34A024ACE3C900F94263 /* Poppins-ThinItalic.ttf in Resources */,
				BEFC34A124ACE3C900F94263 /* SF-Pro-Text-UltralightItalic.otf in Resources */,
				BEFC34A224ACE3C900F94263 /* Poppins-LightItalic.ttf in Resources */,
				BEFC34A324ACE3C900F94263 /* SF-Pro-Display-Regular.otf in Resources */,
				BEFC34A424ACE3C900F94263 /* Poppins-Italic.ttf in Resources */,
				BEFC34A524ACE3C900F94263 /* SF-Pro-Display-ThinItalic.otf in Resources */,
				BEFC34A624ACE3C900F94263 /* Poppins-Bold.ttf in Resources */,
				BEFC34A724ACE3C900F94263 /* Poppins-ExtraBold.ttf in Resources */,
				BEFC34A824ACE3C900F94263 /* SF-Pro-Display-BlackItalic.otf in Resources */,
				BEFC34A924ACE3C900F94263 /* SF-Pro-Text-ThinItalic.otf in Resources */,
				BEFC34AA24ACE3C900F94263 /* SF-Pro-Text-BlackItalic.otf in Resources */,
				BEFC34AB24ACE3C900F94263 /* Poppins-Light.ttf in Resources */,
				BEFC34AC24ACE3C900F94263 /* SF-Pro-Display-RegularItalic.otf in Resources */,
				BEFC34AD24ACE3C900F94263 /* Poppins-Regular.ttf in Resources */,
				BEFC34AE24ACE3C900F94263 /* SF-Pro-Display-MediumItalic.otf in Resources */,
				BEFC34AF24ACE3C900F94263 /* SF-Pro-Display-Bold.otf in Resources */,
				BEFC34B024ACE3C900F94263 /* Poppins-SemiBoldItalic.ttf in Resources */,
				BEFC34B124ACE3C900F94263 /* Poppins-Medium.ttf in Resources */,
				BEFC34B224ACE3C900F94263 /* SF-Pro-Text-Black.otf in Resources */,
				BEFC34B324ACE3C900F94263 /* Poppins-ExtraBoldItalic.ttf in Resources */,
				BEFC34B424ACE3C900F94263 /* SF-Pro-Display-HeavyItalic.otf in Resources */,
				BEFC34B524ACE3C900F94263 /* SF-Pro-Display-BoldItalic.otf in Resources */,
				BEFC34B624ACE3C900F94263 /* SF-Pro-Text-Medium.otf in Resources */,
				BEFC34B724ACE3C900F94263 /* Poppins-MediumItalic.ttf in Resources */,
				BEFC34B824ACE3C900F94263 /* Poppins-ExtraLightItalic.ttf in Resources */,
				BEFC34B924ACE3C900F94263 /* SF-Pro-Display-SemiboldItalic.otf in Resources */,
				BEFC34BA24ACE3C900F94263 /* Poppins-ExtraLight.ttf in Resources */,
				BEFC34BB24ACE3C900F94263 /* SF-Pro-Text-Ultralight.otf in Resources */,
				BEFC34BC24ACE3C900F94263 /* SF-Pro-Display-Medium.otf in Resources */,
				BEFC34BD24ACE3C900F94263 /* Poppins-Black.ttf in Resources */,
				BEFC34BE24ACE3C900F94263 /* SF-Pro-Display-Thin.otf in Resources */,
				BEFC34BF24ACE3C900F94263 /* SF-Pro-Text-Bold.otf in Resources */,
				BEFC34C024ACE3C900F94263 /* Poppins-BlackItalic.ttf in Resources */,
				BEFC34C124ACE3C900F94263 /* Poppins-BoldItalic.ttf in Resources */,
				BEFC34C224ACE3C900F94263 /* SF-Pro-Text-LightItalic.otf in Resources */,
				BEFC34C324ACE3C900F94263 /* SF-Pro-Text-Semibold.otf in Resources */,
				BEFC34C424ACE3C900F94263 /* SF-Pro-Text-SemiboldItalic.otf in Resources */,
				BEFC34C524ACE3C900F94263 /* SF-Pro-Display-LightItalic.otf in Resources */,
				BEFC34C624ACE3C900F94263 /* SF-Pro-Display-Heavy.otf in Resources */,
				BEFC34C724ACE3C900F94263 /* SF-Pro-Text-Light.otf in Resources */,
				BEFC34C824ACE3C900F94263 /* SF-Pro-Text-Regular.otf in Resources */,
				BEFC34C924ACE3C900F94263 /* SF-Pro-Display-Semibold.otf in Resources */,
				BEFC34CA24ACE3C900F94263 /* SF-Pro-Text-BoldItalic.otf in Resources */,
				BEFC34CB24ACE3C900F94263 /* SF-Pro-Display-Light.otf in Resources */,
			);
			runOnlyForDeploymentPostprocessing = 0;
		};
		2D02E4791E0B4A5D006451C7 /* Resources */ = {
			isa = PBXResourcesBuildPhase;
			buildActionMask = 2147483647;
			files = (
				2D02E4BD1E0B4A84006451C7 /* Images.xcassets in Resources */,
			);
			runOnlyForDeploymentPostprocessing = 0;
		};
		2D02E48E1E0B4A5D006451C7 /* Resources */ = {
			isa = PBXResourcesBuildPhase;
			buildActionMask = 2147483647;
			files = (
			);
			runOnlyForDeploymentPostprocessing = 0;
		};
/* End PBXResourcesBuildPhase section */

/* Begin PBXShellScriptBuildPhase section */
		00DD1BFF1BD5951E006B06BC /* Bundle React Native code and images */ = {
			isa = PBXShellScriptBuildPhase;
			buildActionMask = 2147483647;
			files = (
			);
			inputPaths = (
			);
			name = "Bundle React Native code and images";
			outputPaths = (
			);
			runOnlyForDeploymentPostprocessing = 0;
			shellPath = /bin/sh;
			shellScript = "export SENTRY_PROPERTIES=sentry.properties\nexport EXTRA_PACKAGER_ARGS=\"--sourcemap-output $DERIVED_FILE_DIR/main.jsbundle.map\"\nexport NODE_BINARY=node\n../node_modules/@sentry/cli/bin/sentry-cli react-native xcode ../node_modules/react-native/scripts/react-native-xcode.sh";
		};
		10B95A1840DE9824D8E0D169 /* [CP] Check Pods Manifest.lock */ = {
			isa = PBXShellScriptBuildPhase;
			buildActionMask = 2147483647;
			files = (
			);
			inputFileListPaths = (
			);
			inputPaths = (
				"${PODS_PODFILE_DIR_PATH}/Podfile.lock",
				"${PODS_ROOT}/Manifest.lock",
			);
			name = "[CP] Check Pods Manifest.lock";
			outputFileListPaths = (
			);
			outputPaths = (
				"$(DERIVED_FILE_DIR)/Pods-Ambit1-checkManifestLockResult.txt",
			);
			runOnlyForDeploymentPostprocessing = 0;
			shellPath = /bin/sh;
			shellScript = "diff \"${PODS_PODFILE_DIR_PATH}/Podfile.lock\" \"${PODS_ROOT}/Manifest.lock\" > /dev/null\nif [ $? != 0 ] ; then\n    # print error to STDERR\n    echo \"error: The sandbox is not in sync with the Podfile.lock. Run 'pod install' or update your CocoaPods installation.\" >&2\n    exit 1\nfi\n# This output is used by Xcode 'outputs' to avoid re-running this script phase.\necho \"SUCCESS\" > \"${SCRIPT_OUTPUT_FILE_0}\"\n";
			showEnvVarsInLog = 0;
		};
		2D02E4CB1E0B4B27006451C7 /* Bundle React Native Code And Images */ = {
			isa = PBXShellScriptBuildPhase;
			buildActionMask = 2147483647;
			files = (
			);
			inputPaths = (
			);
			name = "Bundle React Native Code And Images";
			outputPaths = (
			);
			runOnlyForDeploymentPostprocessing = 0;
			shellPath = /bin/sh;
			shellScript = "export SENTRY_PROPERTIES=sentry.properties\nexport EXTRA_PACKAGER_ARGS=\"--sourcemap-output $DERIVED_FILE_DIR/main.jsbundle.map\"\nexport NODE_BINARY=node\n../node_modules/@sentry/cli/bin/sentry-cli react-native xcode ../node_modules/react-native/scripts/react-native-xcode.sh";
		};
		39191242836F3F7CA72843B4 /* [CP] Copy Pods Resources */ = {
			isa = PBXShellScriptBuildPhase;
			buildActionMask = 2147483647;
			files = (
			);
			inputPaths = (
				"${PODS_ROOT}/Target Support Files/Pods-Ambit1-Ambit1Tests/Pods-Ambit1-Ambit1Tests-resources.sh",
				"${PODS_ROOT}/Mixpanel/Mixpanel/Images/MPArrowLeft.png",
				"${PODS_ROOT}/Mixpanel/Mixpanel/Images/MPArrowLeft@2x.png",
				"${PODS_ROOT}/Mixpanel/Mixpanel/Images/MPArrowRight.png",
				"${PODS_ROOT}/Mixpanel/Mixpanel/Images/MPArrowRight@2x.png",
				"${PODS_ROOT}/Mixpanel/Mixpanel/Images/MPCheckmark.png",
				"${PODS_ROOT}/Mixpanel/Mixpanel/Images/MPCheckmark@2x.png",
				"${PODS_ROOT}/Mixpanel/Mixpanel/Images/MPCloseButton.png",
				"${PODS_ROOT}/Mixpanel/Mixpanel/Images/MPCloseButton@2x.png",
				"${PODS_ROOT}/Mixpanel/Mixpanel/Images/MPCloseButton@3x.png",
				"${PODS_ROOT}/Mixpanel/Mixpanel/Images/MPDismissKeyboard.png",
				"${PODS_ROOT}/Mixpanel/Mixpanel/Images/MPDismissKeyboard@2x.png",
				"${PODS_ROOT}/Mixpanel/Mixpanel/Images/MPLogo.png",
				"${PODS_ROOT}/Mixpanel/Mixpanel/Images/MPLogo@2x.png",
				"${PODS_ROOT}/Mixpanel/Mixpanel/Images/placeholder-image.png",
				"${PODS_ROOT}/Mixpanel/Mixpanel/MPTakeoverNotificationViewController~ipad.xib",
				"${PODS_ROOT}/Mixpanel/Mixpanel/MPTakeoverNotificationViewController~iphonelandscape.xib",
				"${PODS_ROOT}/Mixpanel/Mixpanel/MPTakeoverNotificationViewController~iphoneportrait.xib",
				"${PODS_CONFIGURATION_BUILD_DIR}/RNImageCropPicker/QBImagePicker.bundle",
				"${PODS_ROOT}/../../node_modules/react-native-vector-icons/Fonts/AntDesign.ttf",
				"${PODS_ROOT}/../../node_modules/react-native-vector-icons/Fonts/Entypo.ttf",
				"${PODS_ROOT}/../../node_modules/react-native-vector-icons/Fonts/EvilIcons.ttf",
				"${PODS_ROOT}/../../node_modules/react-native-vector-icons/Fonts/Feather.ttf",
				"${PODS_ROOT}/../../node_modules/react-native-vector-icons/Fonts/FontAwesome.ttf",
				"${PODS_ROOT}/../../node_modules/react-native-vector-icons/Fonts/FontAwesome5_Brands.ttf",
				"${PODS_ROOT}/../../node_modules/react-native-vector-icons/Fonts/FontAwesome5_Regular.ttf",
				"${PODS_ROOT}/../../node_modules/react-native-vector-icons/Fonts/FontAwesome5_Solid.ttf",
				"${PODS_ROOT}/../../node_modules/react-native-vector-icons/Fonts/Fontisto.ttf",
				"${PODS_ROOT}/../../node_modules/react-native-vector-icons/Fonts/Foundation.ttf",
				"${PODS_ROOT}/../../node_modules/react-native-vector-icons/Fonts/Ionicons.ttf",
				"${PODS_ROOT}/../../node_modules/react-native-vector-icons/Fonts/MaterialCommunityIcons.ttf",
				"${PODS_ROOT}/../../node_modules/react-native-vector-icons/Fonts/MaterialIcons.ttf",
				"${PODS_ROOT}/../../node_modules/react-native-vector-icons/Fonts/Octicons.ttf",
				"${PODS_ROOT}/../../node_modules/react-native-vector-icons/Fonts/SimpleLineIcons.ttf",
				"${PODS_ROOT}/../../node_modules/react-native-vector-icons/Fonts/Zocial.ttf",
				"${PODS_CONFIGURATION_BUILD_DIR}/TOCropViewController/TOCropViewControllerBundle.bundle",
			);
			name = "[CP] Copy Pods Resources";
			outputPaths = (
				"${TARGET_BUILD_DIR}/${UNLOCALIZED_RESOURCES_FOLDER_PATH}/MPArrowLeft.png",
				"${TARGET_BUILD_DIR}/${UNLOCALIZED_RESOURCES_FOLDER_PATH}/MPArrowLeft@2x.png",
				"${TARGET_BUILD_DIR}/${UNLOCALIZED_RESOURCES_FOLDER_PATH}/MPArrowRight.png",
				"${TARGET_BUILD_DIR}/${UNLOCALIZED_RESOURCES_FOLDER_PATH}/MPArrowRight@2x.png",
				"${TARGET_BUILD_DIR}/${UNLOCALIZED_RESOURCES_FOLDER_PATH}/MPCheckmark.png",
				"${TARGET_BUILD_DIR}/${UNLOCALIZED_RESOURCES_FOLDER_PATH}/MPCheckmark@2x.png",
				"${TARGET_BUILD_DIR}/${UNLOCALIZED_RESOURCES_FOLDER_PATH}/MPCloseButton.png",
				"${TARGET_BUILD_DIR}/${UNLOCALIZED_RESOURCES_FOLDER_PATH}/MPCloseButton@2x.png",
				"${TARGET_BUILD_DIR}/${UNLOCALIZED_RESOURCES_FOLDER_PATH}/MPCloseButton@3x.png",
				"${TARGET_BUILD_DIR}/${UNLOCALIZED_RESOURCES_FOLDER_PATH}/MPDismissKeyboard.png",
				"${TARGET_BUILD_DIR}/${UNLOCALIZED_RESOURCES_FOLDER_PATH}/MPDismissKeyboard@2x.png",
				"${TARGET_BUILD_DIR}/${UNLOCALIZED_RESOURCES_FOLDER_PATH}/MPLogo.png",
				"${TARGET_BUILD_DIR}/${UNLOCALIZED_RESOURCES_FOLDER_PATH}/MPLogo@2x.png",
				"${TARGET_BUILD_DIR}/${UNLOCALIZED_RESOURCES_FOLDER_PATH}/placeholder-image.png",
				"${TARGET_BUILD_DIR}/${UNLOCALIZED_RESOURCES_FOLDER_PATH}/MPTakeoverNotificationViewController~ipad.nib",
				"${TARGET_BUILD_DIR}/${UNLOCALIZED_RESOURCES_FOLDER_PATH}/MPTakeoverNotificationViewController~iphonelandscape.nib",
				"${TARGET_BUILD_DIR}/${UNLOCALIZED_RESOURCES_FOLDER_PATH}/MPTakeoverNotificationViewController~iphoneportrait.nib",
				"${TARGET_BUILD_DIR}/${UNLOCALIZED_RESOURCES_FOLDER_PATH}/QBImagePicker.bundle",
				"${TARGET_BUILD_DIR}/${UNLOCALIZED_RESOURCES_FOLDER_PATH}/AntDesign.ttf",
				"${TARGET_BUILD_DIR}/${UNLOCALIZED_RESOURCES_FOLDER_PATH}/Entypo.ttf",
				"${TARGET_BUILD_DIR}/${UNLOCALIZED_RESOURCES_FOLDER_PATH}/EvilIcons.ttf",
				"${TARGET_BUILD_DIR}/${UNLOCALIZED_RESOURCES_FOLDER_PATH}/Feather.ttf",
				"${TARGET_BUILD_DIR}/${UNLOCALIZED_RESOURCES_FOLDER_PATH}/FontAwesome.ttf",
				"${TARGET_BUILD_DIR}/${UNLOCALIZED_RESOURCES_FOLDER_PATH}/FontAwesome5_Brands.ttf",
				"${TARGET_BUILD_DIR}/${UNLOCALIZED_RESOURCES_FOLDER_PATH}/FontAwesome5_Regular.ttf",
				"${TARGET_BUILD_DIR}/${UNLOCALIZED_RESOURCES_FOLDER_PATH}/FontAwesome5_Solid.ttf",
				"${TARGET_BUILD_DIR}/${UNLOCALIZED_RESOURCES_FOLDER_PATH}/Fontisto.ttf",
				"${TARGET_BUILD_DIR}/${UNLOCALIZED_RESOURCES_FOLDER_PATH}/Foundation.ttf",
				"${TARGET_BUILD_DIR}/${UNLOCALIZED_RESOURCES_FOLDER_PATH}/Ionicons.ttf",
				"${TARGET_BUILD_DIR}/${UNLOCALIZED_RESOURCES_FOLDER_PATH}/MaterialCommunityIcons.ttf",
				"${TARGET_BUILD_DIR}/${UNLOCALIZED_RESOURCES_FOLDER_PATH}/MaterialIcons.ttf",
				"${TARGET_BUILD_DIR}/${UNLOCALIZED_RESOURCES_FOLDER_PATH}/Octicons.ttf",
				"${TARGET_BUILD_DIR}/${UNLOCALIZED_RESOURCES_FOLDER_PATH}/SimpleLineIcons.ttf",
				"${TARGET_BUILD_DIR}/${UNLOCALIZED_RESOURCES_FOLDER_PATH}/Zocial.ttf",
				"${TARGET_BUILD_DIR}/${UNLOCALIZED_RESOURCES_FOLDER_PATH}/TOCropViewControllerBundle.bundle",
			);
			runOnlyForDeploymentPostprocessing = 0;
			shellPath = /bin/sh;
			shellScript = "\"${PODS_ROOT}/Target Support Files/Pods-Ambit1-Ambit1Tests/Pods-Ambit1-Ambit1Tests-resources.sh\"\n";
			showEnvVarsInLog = 0;
		};
		4B1A0A7ABAD62D05C9F273D1 /* [CP] Check Pods Manifest.lock */ = {
			isa = PBXShellScriptBuildPhase;
			buildActionMask = 2147483647;
			files = (
			);
			inputFileListPaths = (
			);
			inputPaths = (
				"${PODS_PODFILE_DIR_PATH}/Podfile.lock",
				"${PODS_ROOT}/Manifest.lock",
			);
			name = "[CP] Check Pods Manifest.lock";
			outputFileListPaths = (
			);
			outputPaths = (
				"$(DERIVED_FILE_DIR)/Pods-Ambit1-tvOS-checkManifestLockResult.txt",
			);
			runOnlyForDeploymentPostprocessing = 0;
			shellPath = /bin/sh;
			shellScript = "diff \"${PODS_PODFILE_DIR_PATH}/Podfile.lock\" \"${PODS_ROOT}/Manifest.lock\" > /dev/null\nif [ $? != 0 ] ; then\n    # print error to STDERR\n    echo \"error: The sandbox is not in sync with the Podfile.lock. Run 'pod install' or update your CocoaPods installation.\" >&2\n    exit 1\nfi\n# This output is used by Xcode 'outputs' to avoid re-running this script phase.\necho \"SUCCESS\" > \"${SCRIPT_OUTPUT_FILE_0}\"\n";
			showEnvVarsInLog = 0;
		};
		9221E7A1C8B5338464535CEA /* [CP] Check Pods Manifest.lock */ = {
			isa = PBXShellScriptBuildPhase;
			buildActionMask = 2147483647;
			files = (
			);
			inputFileListPaths = (
			);
			inputPaths = (
				"${PODS_PODFILE_DIR_PATH}/Podfile.lock",
				"${PODS_ROOT}/Manifest.lock",
			);
			name = "[CP] Check Pods Manifest.lock";
			outputFileListPaths = (
			);
			outputPaths = (
				"$(DERIVED_FILE_DIR)/Pods-Ambit1-Ambit1Tests-checkManifestLockResult.txt",
			);
			runOnlyForDeploymentPostprocessing = 0;
			shellPath = /bin/sh;
			shellScript = "diff \"${PODS_PODFILE_DIR_PATH}/Podfile.lock\" \"${PODS_ROOT}/Manifest.lock\" > /dev/null\nif [ $? != 0 ] ; then\n    # print error to STDERR\n    echo \"error: The sandbox is not in sync with the Podfile.lock. Run 'pod install' or update your CocoaPods installation.\" >&2\n    exit 1\nfi\n# This output is used by Xcode 'outputs' to avoid re-running this script phase.\necho \"SUCCESS\" > \"${SCRIPT_OUTPUT_FILE_0}\"\n";
			showEnvVarsInLog = 0;
		};
		C9FC35AE51FC13A7532BDB1C /* [CP] Check Pods Manifest.lock */ = {
			isa = PBXShellScriptBuildPhase;
			buildActionMask = 2147483647;
			files = (
			);
			inputFileListPaths = (
			);
			inputPaths = (
				"${PODS_PODFILE_DIR_PATH}/Podfile.lock",
				"${PODS_ROOT}/Manifest.lock",
			);
			name = "[CP] Check Pods Manifest.lock";
			outputFileListPaths = (
			);
			outputPaths = (
				"$(DERIVED_FILE_DIR)/Pods-Ambit1-tvOSTests-checkManifestLockResult.txt",
			);
			runOnlyForDeploymentPostprocessing = 0;
			shellPath = /bin/sh;
			shellScript = "diff \"${PODS_PODFILE_DIR_PATH}/Podfile.lock\" \"${PODS_ROOT}/Manifest.lock\" > /dev/null\nif [ $? != 0 ] ; then\n    # print error to STDERR\n    echo \"error: The sandbox is not in sync with the Podfile.lock. Run 'pod install' or update your CocoaPods installation.\" >&2\n    exit 1\nfi\n# This output is used by Xcode 'outputs' to avoid re-running this script phase.\necho \"SUCCESS\" > \"${SCRIPT_OUTPUT_FILE_0}\"\n";
			showEnvVarsInLog = 0;
		};
		DA045392D3B71BA228B34249 /* [CP] Copy Pods Resources */ = {
			isa = PBXShellScriptBuildPhase;
			buildActionMask = 2147483647;
			files = (
			);
			inputPaths = (
				"${PODS_ROOT}/Target Support Files/Pods-Ambit1/Pods-Ambit1-resources.sh",
				"${PODS_ROOT}/Mixpanel/Mixpanel/Images/MPArrowLeft.png",
				"${PODS_ROOT}/Mixpanel/Mixpanel/Images/MPArrowLeft@2x.png",
				"${PODS_ROOT}/Mixpanel/Mixpanel/Images/MPArrowRight.png",
				"${PODS_ROOT}/Mixpanel/Mixpanel/Images/MPArrowRight@2x.png",
				"${PODS_ROOT}/Mixpanel/Mixpanel/Images/MPCheckmark.png",
				"${PODS_ROOT}/Mixpanel/Mixpanel/Images/MPCheckmark@2x.png",
				"${PODS_ROOT}/Mixpanel/Mixpanel/Images/MPCloseButton.png",
				"${PODS_ROOT}/Mixpanel/Mixpanel/Images/MPCloseButton@2x.png",
				"${PODS_ROOT}/Mixpanel/Mixpanel/Images/MPCloseButton@3x.png",
				"${PODS_ROOT}/Mixpanel/Mixpanel/Images/MPDismissKeyboard.png",
				"${PODS_ROOT}/Mixpanel/Mixpanel/Images/MPDismissKeyboard@2x.png",
				"${PODS_ROOT}/Mixpanel/Mixpanel/Images/MPLogo.png",
				"${PODS_ROOT}/Mixpanel/Mixpanel/Images/MPLogo@2x.png",
				"${PODS_ROOT}/Mixpanel/Mixpanel/Images/placeholder-image.png",
				"${PODS_ROOT}/Mixpanel/Mixpanel/MPTakeoverNotificationViewController~ipad.xib",
				"${PODS_ROOT}/Mixpanel/Mixpanel/MPTakeoverNotificationViewController~iphonelandscape.xib",
				"${PODS_ROOT}/Mixpanel/Mixpanel/MPTakeoverNotificationViewController~iphoneportrait.xib",
				"${PODS_CONFIGURATION_BUILD_DIR}/RNImageCropPicker/QBImagePicker.bundle",
				"${PODS_ROOT}/../../node_modules/react-native-vector-icons/Fonts/AntDesign.ttf",
				"${PODS_ROOT}/../../node_modules/react-native-vector-icons/Fonts/Entypo.ttf",
				"${PODS_ROOT}/../../node_modules/react-native-vector-icons/Fonts/EvilIcons.ttf",
				"${PODS_ROOT}/../../node_modules/react-native-vector-icons/Fonts/Feather.ttf",
				"${PODS_ROOT}/../../node_modules/react-native-vector-icons/Fonts/FontAwesome.ttf",
				"${PODS_ROOT}/../../node_modules/react-native-vector-icons/Fonts/FontAwesome5_Brands.ttf",
				"${PODS_ROOT}/../../node_modules/react-native-vector-icons/Fonts/FontAwesome5_Regular.ttf",
				"${PODS_ROOT}/../../node_modules/react-native-vector-icons/Fonts/FontAwesome5_Solid.ttf",
				"${PODS_ROOT}/../../node_modules/react-native-vector-icons/Fonts/Fontisto.ttf",
				"${PODS_ROOT}/../../node_modules/react-native-vector-icons/Fonts/Foundation.ttf",
				"${PODS_ROOT}/../../node_modules/react-native-vector-icons/Fonts/Ionicons.ttf",
				"${PODS_ROOT}/../../node_modules/react-native-vector-icons/Fonts/MaterialCommunityIcons.ttf",
				"${PODS_ROOT}/../../node_modules/react-native-vector-icons/Fonts/MaterialIcons.ttf",
				"${PODS_ROOT}/../../node_modules/react-native-vector-icons/Fonts/Octicons.ttf",
				"${PODS_ROOT}/../../node_modules/react-native-vector-icons/Fonts/SimpleLineIcons.ttf",
				"${PODS_ROOT}/../../node_modules/react-native-vector-icons/Fonts/Zocial.ttf",
				"${PODS_CONFIGURATION_BUILD_DIR}/TOCropViewController/TOCropViewControllerBundle.bundle",
			);
			name = "[CP] Copy Pods Resources";
			outputPaths = (
				"${TARGET_BUILD_DIR}/${UNLOCALIZED_RESOURCES_FOLDER_PATH}/MPArrowLeft.png",
				"${TARGET_BUILD_DIR}/${UNLOCALIZED_RESOURCES_FOLDER_PATH}/MPArrowLeft@2x.png",
				"${TARGET_BUILD_DIR}/${UNLOCALIZED_RESOURCES_FOLDER_PATH}/MPArrowRight.png",
				"${TARGET_BUILD_DIR}/${UNLOCALIZED_RESOURCES_FOLDER_PATH}/MPArrowRight@2x.png",
				"${TARGET_BUILD_DIR}/${UNLOCALIZED_RESOURCES_FOLDER_PATH}/MPCheckmark.png",
				"${TARGET_BUILD_DIR}/${UNLOCALIZED_RESOURCES_FOLDER_PATH}/MPCheckmark@2x.png",
				"${TARGET_BUILD_DIR}/${UNLOCALIZED_RESOURCES_FOLDER_PATH}/MPCloseButton.png",
				"${TARGET_BUILD_DIR}/${UNLOCALIZED_RESOURCES_FOLDER_PATH}/MPCloseButton@2x.png",
				"${TARGET_BUILD_DIR}/${UNLOCALIZED_RESOURCES_FOLDER_PATH}/MPCloseButton@3x.png",
				"${TARGET_BUILD_DIR}/${UNLOCALIZED_RESOURCES_FOLDER_PATH}/MPDismissKeyboard.png",
				"${TARGET_BUILD_DIR}/${UNLOCALIZED_RESOURCES_FOLDER_PATH}/MPDismissKeyboard@2x.png",
				"${TARGET_BUILD_DIR}/${UNLOCALIZED_RESOURCES_FOLDER_PATH}/MPLogo.png",
				"${TARGET_BUILD_DIR}/${UNLOCALIZED_RESOURCES_FOLDER_PATH}/MPLogo@2x.png",
				"${TARGET_BUILD_DIR}/${UNLOCALIZED_RESOURCES_FOLDER_PATH}/placeholder-image.png",
				"${TARGET_BUILD_DIR}/${UNLOCALIZED_RESOURCES_FOLDER_PATH}/MPTakeoverNotificationViewController~ipad.nib",
				"${TARGET_BUILD_DIR}/${UNLOCALIZED_RESOURCES_FOLDER_PATH}/MPTakeoverNotificationViewController~iphonelandscape.nib",
				"${TARGET_BUILD_DIR}/${UNLOCALIZED_RESOURCES_FOLDER_PATH}/MPTakeoverNotificationViewController~iphoneportrait.nib",
				"${TARGET_BUILD_DIR}/${UNLOCALIZED_RESOURCES_FOLDER_PATH}/QBImagePicker.bundle",
				"${TARGET_BUILD_DIR}/${UNLOCALIZED_RESOURCES_FOLDER_PATH}/AntDesign.ttf",
				"${TARGET_BUILD_DIR}/${UNLOCALIZED_RESOURCES_FOLDER_PATH}/Entypo.ttf",
				"${TARGET_BUILD_DIR}/${UNLOCALIZED_RESOURCES_FOLDER_PATH}/EvilIcons.ttf",
				"${TARGET_BUILD_DIR}/${UNLOCALIZED_RESOURCES_FOLDER_PATH}/Feather.ttf",
				"${TARGET_BUILD_DIR}/${UNLOCALIZED_RESOURCES_FOLDER_PATH}/FontAwesome.ttf",
				"${TARGET_BUILD_DIR}/${UNLOCALIZED_RESOURCES_FOLDER_PATH}/FontAwesome5_Brands.ttf",
				"${TARGET_BUILD_DIR}/${UNLOCALIZED_RESOURCES_FOLDER_PATH}/FontAwesome5_Regular.ttf",
				"${TARGET_BUILD_DIR}/${UNLOCALIZED_RESOURCES_FOLDER_PATH}/FontAwesome5_Solid.ttf",
				"${TARGET_BUILD_DIR}/${UNLOCALIZED_RESOURCES_FOLDER_PATH}/Fontisto.ttf",
				"${TARGET_BUILD_DIR}/${UNLOCALIZED_RESOURCES_FOLDER_PATH}/Foundation.ttf",
				"${TARGET_BUILD_DIR}/${UNLOCALIZED_RESOURCES_FOLDER_PATH}/Ionicons.ttf",
				"${TARGET_BUILD_DIR}/${UNLOCALIZED_RESOURCES_FOLDER_PATH}/MaterialCommunityIcons.ttf",
				"${TARGET_BUILD_DIR}/${UNLOCALIZED_RESOURCES_FOLDER_PATH}/MaterialIcons.ttf",
				"${TARGET_BUILD_DIR}/${UNLOCALIZED_RESOURCES_FOLDER_PATH}/Octicons.ttf",
				"${TARGET_BUILD_DIR}/${UNLOCALIZED_RESOURCES_FOLDER_PATH}/SimpleLineIcons.ttf",
				"${TARGET_BUILD_DIR}/${UNLOCALIZED_RESOURCES_FOLDER_PATH}/Zocial.ttf",
				"${TARGET_BUILD_DIR}/${UNLOCALIZED_RESOURCES_FOLDER_PATH}/TOCropViewControllerBundle.bundle",
			);
			runOnlyForDeploymentPostprocessing = 0;
			shellPath = /bin/sh;
			shellScript = "\"${PODS_ROOT}/Target Support Files/Pods-Ambit1/Pods-Ambit1-resources.sh\"\n";
			showEnvVarsInLog = 0;
		};
		F0894F23C51E4924BB56FD33 /* Upload Debug Symbols to Sentry */ = {
			isa = PBXShellScriptBuildPhase;
			buildActionMask = 2147483647;
			files = (
			);
			inputPaths = (
			);
			name = "Upload Debug Symbols to Sentry";
			outputPaths = (
			);
			runOnlyForDeploymentPostprocessing = 0;
			shellPath = /bin/sh;
			shellScript = "export SENTRY_PROPERTIES=sentry.properties\n../node_modules/@sentry/cli/bin/sentry-cli upload-dsym";
		};
		FD10A7F022414F080027D42C /* Start Packager */ = {
			isa = PBXShellScriptBuildPhase;
			buildActionMask = 2147483647;
			files = (
			);
			inputFileListPaths = (
			);
			inputPaths = (
			);
			name = "Start Packager";
			outputFileListPaths = (
			);
			outputPaths = (
			);
			runOnlyForDeploymentPostprocessing = 0;
			shellPath = /bin/sh;
			shellScript = "export RCT_METRO_PORT=\"${RCT_METRO_PORT:=8081}\"\necho \"export RCT_METRO_PORT=${RCT_METRO_PORT}\" > \"${SRCROOT}/../node_modules/react-native/scripts/.packager.env\"\nif [ -z \"${RCT_NO_LAUNCH_PACKAGER+xxx}\" ] ; then\n  if nc -w 5 -z localhost ${RCT_METRO_PORT} ; then\n    if ! curl -s \"http://localhost:${RCT_METRO_PORT}/status\" | grep -q \"packager-status:running\" ; then\n      echo \"Port ${RCT_METRO_PORT} already in use, packager is either not running or not running correctly\"\n      exit 2\n    fi\n  else\n    open \"$SRCROOT/../node_modules/react-native/scripts/launchPackager.command\" || echo \"Can't start packager automatically\"\n  fi\nfi\n";
			showEnvVarsInLog = 0;
		};
		FD10A7F122414F3F0027D42C /* Start Packager */ = {
			isa = PBXShellScriptBuildPhase;
			buildActionMask = 2147483647;
			files = (
			);
			inputFileListPaths = (
			);
			inputPaths = (
			);
			name = "Start Packager";
			outputFileListPaths = (
			);
			outputPaths = (
			);
			runOnlyForDeploymentPostprocessing = 0;
			shellPath = /bin/sh;
			shellScript = "export RCT_METRO_PORT=\"${RCT_METRO_PORT:=8081}\"\necho \"export RCT_METRO_PORT=${RCT_METRO_PORT}\" > \"${SRCROOT}/../node_modules/react-native/scripts/.packager.env\"\nif [ -z \"${RCT_NO_LAUNCH_PACKAGER+xxx}\" ] ; then\n  if nc -w 5 -z localhost ${RCT_METRO_PORT} ; then\n    if ! curl -s \"http://localhost:${RCT_METRO_PORT}/status\" | grep -q \"packager-status:running\" ; then\n      echo \"Port ${RCT_METRO_PORT} already in use, packager is either not running or not running correctly\"\n      exit 2\n    fi\n  else\n    open \"$SRCROOT/../node_modules/react-native/scripts/launchPackager.command\" || echo \"Can't start packager automatically\"\n  fi\nfi\n";
			showEnvVarsInLog = 0;
		};
/* End PBXShellScriptBuildPhase section */

/* Begin PBXSourcesBuildPhase section */
		00E356EA1AD99517003FC87E /* Sources */ = {
			isa = PBXSourcesBuildPhase;
			buildActionMask = 2147483647;
			files = (
				00E356F31AD99517003FC87E /* Ambit1Tests.m in Sources */,
			);
			runOnlyForDeploymentPostprocessing = 0;
		};
		13B07F871A680F5B00A75B9A /* Sources */ = {
			isa = PBXSourcesBuildPhase;
			buildActionMask = 2147483647;
			files = (
				13B07FBC1A68108700A75B9A /* AppDelegate.m in Sources */,
				13B07FC11A68108700A75B9A /* main.m in Sources */,
			);
			runOnlyForDeploymentPostprocessing = 0;
		};
		2D02E4771E0B4A5D006451C7 /* Sources */ = {
			isa = PBXSourcesBuildPhase;
			buildActionMask = 2147483647;
			files = (
				2D02E4BF1E0B4AB3006451C7 /* main.m in Sources */,
				2D02E4BC1E0B4A80006451C7 /* AppDelegate.m in Sources */,
			);
			runOnlyForDeploymentPostprocessing = 0;
		};
		2D02E48C1E0B4A5D006451C7 /* Sources */ = {
			isa = PBXSourcesBuildPhase;
			buildActionMask = 2147483647;
			files = (
				2DCD954D1E0B4F2C00145EB5 /* Ambit1Tests.m in Sources */,
			);
			runOnlyForDeploymentPostprocessing = 0;
		};
/* End PBXSourcesBuildPhase section */

/* Begin PBXTargetDependency section */
		00E356F51AD99517003FC87E /* PBXTargetDependency */ = {
			isa = PBXTargetDependency;
			target = 13B07F861A680F5B00A75B9A /* Ambit1 */;
			targetProxy = 00E356F41AD99517003FC87E /* PBXContainerItemProxy */;
		};
		2D02E4921E0B4A5D006451C7 /* PBXTargetDependency */ = {
			isa = PBXTargetDependency;
			target = 2D02E47A1E0B4A5D006451C7 /* Ambit1-tvOS */;
			targetProxy = 2D02E4911E0B4A5D006451C7 /* PBXContainerItemProxy */;
		};
/* End PBXTargetDependency section */

/* Begin PBXVariantGroup section */
		13B07FB11A68108700A75B9A /* LaunchScreen.xib */ = {
			isa = PBXVariantGroup;
			children = (
				13B07FB21A68108700A75B9A /* Base */,
			);
			name = LaunchScreen.xib;
			path = Ambit1;
			sourceTree = "<group>";
		};
/* End PBXVariantGroup section */

/* Begin XCBuildConfiguration section */
		00E356F61AD99517003FC87E /* Debug */ = {
			isa = XCBuildConfiguration;
			baseConfigurationReference = F31FCE9176CF5C11A6045CAA /* Pods-Ambit1-Ambit1Tests.debug.xcconfig */;
			buildSettings = {
				BUNDLE_LOADER = "$(TEST_HOST)";
				GCC_PREPROCESSOR_DEFINITIONS = (
					"DEBUG=1",
					"$(inherited)",
				);
				INFOPLIST_FILE = Ambit1Tests/Info.plist;
				IPHONEOS_DEPLOYMENT_TARGET = 9.0;
				LD_RUNPATH_SEARCH_PATHS = "$(inherited) @executable_path/Frameworks @loader_path/Frameworks";
				OTHER_LDFLAGS = (
					"-ObjC",
					"-lc++",
					"$(inherited)",
				);
				PRODUCT_BUNDLE_IDENTIFIER = "org.reactjs.native.example.$(PRODUCT_NAME:rfc1034identifier)";
				PRODUCT_NAME = "$(TARGET_NAME)";
				TEST_HOST = "$(BUILT_PRODUCTS_DIR)/Ambit1.app/Ambit1";
			};
			name = Debug;
		};
		00E356F71AD99517003FC87E /* Release */ = {
			isa = XCBuildConfiguration;
			baseConfigurationReference = 87E198D6CDADA66F3A3FF70E /* Pods-Ambit1-Ambit1Tests.release.xcconfig */;
			buildSettings = {
				BUNDLE_LOADER = "$(TEST_HOST)";
				COPY_PHASE_STRIP = NO;
				INFOPLIST_FILE = Ambit1Tests/Info.plist;
				IPHONEOS_DEPLOYMENT_TARGET = 9.0;
				LD_RUNPATH_SEARCH_PATHS = "$(inherited) @executable_path/Frameworks @loader_path/Frameworks";
				OTHER_LDFLAGS = (
					"-ObjC",
					"-lc++",
					"$(inherited)",
				);
				PRODUCT_BUNDLE_IDENTIFIER = "org.reactjs.native.example.$(PRODUCT_NAME:rfc1034identifier)";
				PRODUCT_NAME = "$(TARGET_NAME)";
				TEST_HOST = "$(BUILT_PRODUCTS_DIR)/Ambit1.app/Ambit1";
			};
			name = Release;
		};
		13B07F941A680F5B00A75B9A /* Debug */ = {
			isa = XCBuildConfiguration;
			baseConfigurationReference = 569D3FDC4847AFA4C9B3E027 /* Pods-Ambit1.debug.xcconfig */;
			buildSettings = {
				ASSETCATALOG_COMPILER_APPICON_NAME = AppIcon;
				CLANG_ENABLE_MODULES = YES;
				CURRENT_PROJECT_VERSION = 1;
				DEVELOPMENT_TEAM = 4Q2397L86H;
				ENABLE_BITCODE = NO;
				GCC_PREPROCESSOR_DEFINITIONS = (
					"$(inherited)",
					"FB_SONARKIT_ENABLED=1",
				);
				INFOPLIST_FILE = Ambit1/Info.plist;
				LD_RUNPATH_SEARCH_PATHS = "$(inherited) @executable_path/Frameworks";
				MARKETING_VERSION = 0.2.8;
				OTHER_LDFLAGS = (
					"$(inherited)",
					"-ObjC",
					"-lc++",
				);
				PRODUCT_BUNDLE_IDENTIFIER = org.reactjs.native.example.Ambit;
				PRODUCT_NAME = "Ambit Dev";
				SWIFT_OPTIMIZATION_LEVEL = "-Onone";
				SWIFT_VERSION = 5.0;
				VERSIONING_SYSTEM = "apple-generic";
			};
			name = Debug;
		};
		13B07F951A680F5B00A75B9A /* Release */ = {
			isa = XCBuildConfiguration;
			baseConfigurationReference = 598D287F04EFF05E79D6272C /* Pods-Ambit1.release.xcconfig */;
			buildSettings = {
				ASSETCATALOG_COMPILER_APPICON_NAME = AppIcon;
				CLANG_ENABLE_MODULES = YES;
				CURRENT_PROJECT_VERSION = 1;
				DEVELOPMENT_TEAM = 4Q2397L86H;
				INFOPLIST_FILE = Ambit1/Info.plist;
				LD_RUNPATH_SEARCH_PATHS = "$(inherited) @executable_path/Frameworks";
				MARKETING_VERSION = 0.2.8;
				OTHER_LDFLAGS = (
					"$(inherited)",
					"-ObjC",
					"-lc++",
				);
				PRODUCT_BUNDLE_IDENTIFIER = org.reactjs.native.example.Ambit;
				PRODUCT_NAME = "Ambit Dev";
				SWIFT_VERSION = 5.0;
				VERSIONING_SYSTEM = "apple-generic";
			};
			name = Release;
		};
		2D02E4971E0B4A5E006451C7 /* Debug */ = {
			isa = XCBuildConfiguration;
			baseConfigurationReference = 4FDB3A5DF72F81F9BFB54E16 /* Pods-Ambit1-tvOS.debug.xcconfig */;
			buildSettings = {
				ASSETCATALOG_COMPILER_APPICON_NAME = "App Icon & Top Shelf Image";
				ASSETCATALOG_COMPILER_LAUNCHIMAGE_NAME = LaunchImage;
				CLANG_ANALYZER_NONNULL = YES;
				CLANG_WARN_DOCUMENTATION_COMMENTS = YES;
				CLANG_WARN_INFINITE_RECURSION = YES;
				CLANG_WARN_SUSPICIOUS_MOVE = YES;
				DEBUG_INFORMATION_FORMAT = dwarf;
				ENABLE_TESTABILITY = YES;
				GCC_NO_COMMON_BLOCKS = YES;
				INFOPLIST_FILE = "Ambit1-tvOS/Info.plist";
				LD_RUNPATH_SEARCH_PATHS = "$(inherited) @executable_path/Frameworks";
				OTHER_LDFLAGS = (
					"$(inherited)",
					"-ObjC",
					"-lc++",
				);
				PRODUCT_BUNDLE_IDENTIFIER = "org.reactjs.native.example.Ambit1-tvOS";
				PRODUCT_NAME = "$(TARGET_NAME)";
				SDKROOT = appletvos;
				TARGETED_DEVICE_FAMILY = 3;
				TVOS_DEPLOYMENT_TARGET = 9.2;
			};
			name = Debug;
		};
		2D02E4981E0B4A5E006451C7 /* Release */ = {
			isa = XCBuildConfiguration;
			baseConfigurationReference = 840E91B740D22503A0785182 /* Pods-Ambit1-tvOS.release.xcconfig */;
			buildSettings = {
				ASSETCATALOG_COMPILER_APPICON_NAME = "App Icon & Top Shelf Image";
				ASSETCATALOG_COMPILER_LAUNCHIMAGE_NAME = LaunchImage;
				CLANG_ANALYZER_NONNULL = YES;
				CLANG_WARN_DOCUMENTATION_COMMENTS = YES;
				CLANG_WARN_INFINITE_RECURSION = YES;
				CLANG_WARN_SUSPICIOUS_MOVE = YES;
				COPY_PHASE_STRIP = NO;
				DEBUG_INFORMATION_FORMAT = "dwarf-with-dsym";
				GCC_NO_COMMON_BLOCKS = YES;
				INFOPLIST_FILE = "Ambit1-tvOS/Info.plist";
				LD_RUNPATH_SEARCH_PATHS = "$(inherited) @executable_path/Frameworks";
				OTHER_LDFLAGS = (
					"$(inherited)",
					"-ObjC",
					"-lc++",
				);
				PRODUCT_BUNDLE_IDENTIFIER = "org.reactjs.native.example.Ambit1-tvOS";
				PRODUCT_NAME = "$(TARGET_NAME)";
				SDKROOT = appletvos;
				TARGETED_DEVICE_FAMILY = 3;
				TVOS_DEPLOYMENT_TARGET = 9.2;
			};
			name = Release;
		};
		2D02E4991E0B4A5E006451C7 /* Debug */ = {
			isa = XCBuildConfiguration;
			baseConfigurationReference = 64D7B0888F1D04E36E2DB194 /* Pods-Ambit1-tvOSTests.debug.xcconfig */;
			buildSettings = {
				BUNDLE_LOADER = "$(TEST_HOST)";
				CLANG_ANALYZER_NONNULL = YES;
				CLANG_WARN_DOCUMENTATION_COMMENTS = YES;
				CLANG_WARN_INFINITE_RECURSION = YES;
				CLANG_WARN_SUSPICIOUS_MOVE = YES;
				DEBUG_INFORMATION_FORMAT = dwarf;
				ENABLE_TESTABILITY = YES;
				GCC_NO_COMMON_BLOCKS = YES;
				INFOPLIST_FILE = "Ambit1-tvOSTests/Info.plist";
				LD_RUNPATH_SEARCH_PATHS = "$(inherited) @executable_path/Frameworks @loader_path/Frameworks";
				OTHER_LDFLAGS = (
					"$(inherited)",
					"-ObjC",
					"-lc++",
				);
				PRODUCT_BUNDLE_IDENTIFIER = "org.reactjs.native.example.Ambit1-tvOSTests";
				PRODUCT_NAME = "$(TARGET_NAME)";
				SDKROOT = appletvos;
				TEST_HOST = "$(BUILT_PRODUCTS_DIR)/Ambit1-tvOS.app/Ambit1-tvOS";
				TVOS_DEPLOYMENT_TARGET = 10.1;
			};
			name = Debug;
		};
		2D02E49A1E0B4A5E006451C7 /* Release */ = {
			isa = XCBuildConfiguration;
			baseConfigurationReference = 872BA369ACE98597D9B71C60 /* Pods-Ambit1-tvOSTests.release.xcconfig */;
			buildSettings = {
				BUNDLE_LOADER = "$(TEST_HOST)";
				CLANG_ANALYZER_NONNULL = YES;
				CLANG_WARN_DOCUMENTATION_COMMENTS = YES;
				CLANG_WARN_INFINITE_RECURSION = YES;
				CLANG_WARN_SUSPICIOUS_MOVE = YES;
				COPY_PHASE_STRIP = NO;
				DEBUG_INFORMATION_FORMAT = "dwarf-with-dsym";
				GCC_NO_COMMON_BLOCKS = YES;
				INFOPLIST_FILE = "Ambit1-tvOSTests/Info.plist";
				LD_RUNPATH_SEARCH_PATHS = "$(inherited) @executable_path/Frameworks @loader_path/Frameworks";
				OTHER_LDFLAGS = (
					"$(inherited)",
					"-ObjC",
					"-lc++",
				);
				PRODUCT_BUNDLE_IDENTIFIER = "org.reactjs.native.example.Ambit1-tvOSTests";
				PRODUCT_NAME = "$(TARGET_NAME)";
				SDKROOT = appletvos;
				TEST_HOST = "$(BUILT_PRODUCTS_DIR)/Ambit1-tvOS.app/Ambit1-tvOS";
				TVOS_DEPLOYMENT_TARGET = 10.1;
			};
			name = Release;
		};
		83CBBA201A601CBA00E9B192 /* Debug */ = {
			isa = XCBuildConfiguration;
			buildSettings = {
				ALWAYS_SEARCH_USER_PATHS = NO;
				CLANG_ANALYZER_LOCALIZABILITY_NONLOCALIZED = YES;
				CLANG_CXX_LANGUAGE_STANDARD = "gnu++0x";
				CLANG_CXX_LIBRARY = "libc++";
				CLANG_ENABLE_MODULES = YES;
				CLANG_ENABLE_OBJC_ARC = YES;
				CLANG_WARN_BLOCK_CAPTURE_AUTORELEASING = YES;
				CLANG_WARN_BOOL_CONVERSION = YES;
				CLANG_WARN_COMMA = YES;
				CLANG_WARN_CONSTANT_CONVERSION = YES;
				CLANG_WARN_DEPRECATED_OBJC_IMPLEMENTATIONS = YES;
				CLANG_WARN_DIRECT_OBJC_ISA_USAGE = YES_ERROR;
				CLANG_WARN_EMPTY_BODY = YES;
				CLANG_WARN_ENUM_CONVERSION = YES;
				CLANG_WARN_INFINITE_RECURSION = YES;
				CLANG_WARN_INT_CONVERSION = YES;
				CLANG_WARN_NON_LITERAL_NULL_CONVERSION = YES;
				CLANG_WARN_OBJC_IMPLICIT_RETAIN_SELF = YES;
				CLANG_WARN_OBJC_LITERAL_CONVERSION = YES;
				CLANG_WARN_OBJC_ROOT_CLASS = YES_ERROR;
				CLANG_WARN_RANGE_LOOP_ANALYSIS = YES;
				CLANG_WARN_STRICT_PROTOTYPES = YES;
				CLANG_WARN_SUSPICIOUS_MOVE = YES;
				CLANG_WARN_UNREACHABLE_CODE = YES;
				CLANG_WARN__DUPLICATE_METHOD_MATCH = YES;
				"CODE_SIGN_IDENTITY[sdk=iphoneos*]" = "iPhone Developer";
				COPY_PHASE_STRIP = NO;
				ENABLE_STRICT_OBJC_MSGSEND = YES;
				ENABLE_TESTABILITY = YES;
				GCC_C_LANGUAGE_STANDARD = gnu99;
				GCC_DYNAMIC_NO_PIC = NO;
				GCC_NO_COMMON_BLOCKS = YES;
				GCC_OPTIMIZATION_LEVEL = 0;
				GCC_PREPROCESSOR_DEFINITIONS = (
					"DEBUG=1",
					"$(inherited)",
				);
				GCC_SYMBOLS_PRIVATE_EXTERN = NO;
				GCC_WARN_64_TO_32_BIT_CONVERSION = YES;
				GCC_WARN_ABOUT_RETURN_TYPE = YES_ERROR;
				GCC_WARN_UNDECLARED_SELECTOR = YES;
				GCC_WARN_UNINITIALIZED_AUTOS = YES_AGGRESSIVE;
				GCC_WARN_UNUSED_FUNCTION = YES;
				GCC_WARN_UNUSED_VARIABLE = YES;
				IPHONEOS_DEPLOYMENT_TARGET = 9.0;
				LD_RUNPATH_SEARCH_PATHS = "/usr/lib/swift $(inherited)";
				LIBRARY_SEARCH_PATHS = (
					"\"$(TOOLCHAIN_DIR)/usr/lib/swift/$(PLATFORM_NAME)\"",
					"\"$(TOOLCHAIN_DIR)/usr/lib/swift-5.0/$(PLATFORM_NAME)\"",
					"\"$(inherited)\"",
				);
				MTL_ENABLE_DEBUG_INFO = YES;
				ONLY_ACTIVE_ARCH = YES;
				SDKROOT = iphoneos;
			};
			name = Debug;
		};
		83CBBA211A601CBA00E9B192 /* Release */ = {
			isa = XCBuildConfiguration;
			buildSettings = {
				ALWAYS_SEARCH_USER_PATHS = NO;
				CLANG_ANALYZER_LOCALIZABILITY_NONLOCALIZED = YES;
				CLANG_CXX_LANGUAGE_STANDARD = "gnu++0x";
				CLANG_CXX_LIBRARY = "libc++";
				CLANG_ENABLE_MODULES = YES;
				CLANG_ENABLE_OBJC_ARC = YES;
				CLANG_WARN_BLOCK_CAPTURE_AUTORELEASING = YES;
				CLANG_WARN_BOOL_CONVERSION = YES;
				CLANG_WARN_COMMA = YES;
				CLANG_WARN_CONSTANT_CONVERSION = YES;
				CLANG_WARN_DEPRECATED_OBJC_IMPLEMENTATIONS = YES;
				CLANG_WARN_DIRECT_OBJC_ISA_USAGE = YES_ERROR;
				CLANG_WARN_EMPTY_BODY = YES;
				CLANG_WARN_ENUM_CONVERSION = YES;
				CLANG_WARN_INFINITE_RECURSION = YES;
				CLANG_WARN_INT_CONVERSION = YES;
				CLANG_WARN_NON_LITERAL_NULL_CONVERSION = YES;
				CLANG_WARN_OBJC_IMPLICIT_RETAIN_SELF = YES;
				CLANG_WARN_OBJC_LITERAL_CONVERSION = YES;
				CLANG_WARN_OBJC_ROOT_CLASS = YES_ERROR;
				CLANG_WARN_RANGE_LOOP_ANALYSIS = YES;
				CLANG_WARN_STRICT_PROTOTYPES = YES;
				CLANG_WARN_SUSPICIOUS_MOVE = YES;
				CLANG_WARN_UNREACHABLE_CODE = YES;
				CLANG_WARN__DUPLICATE_METHOD_MATCH = YES;
				"CODE_SIGN_IDENTITY[sdk=iphoneos*]" = "iPhone Developer";
				COPY_PHASE_STRIP = YES;
				ENABLE_NS_ASSERTIONS = NO;
				ENABLE_STRICT_OBJC_MSGSEND = YES;
				GCC_C_LANGUAGE_STANDARD = gnu99;
				GCC_NO_COMMON_BLOCKS = YES;
				GCC_WARN_64_TO_32_BIT_CONVERSION = YES;
				GCC_WARN_ABOUT_RETURN_TYPE = YES_ERROR;
				GCC_WARN_UNDECLARED_SELECTOR = YES;
				GCC_WARN_UNINITIALIZED_AUTOS = YES_AGGRESSIVE;
				GCC_WARN_UNUSED_FUNCTION = YES;
				GCC_WARN_UNUSED_VARIABLE = YES;
				IPHONEOS_DEPLOYMENT_TARGET = 9.0;
				LD_RUNPATH_SEARCH_PATHS = "/usr/lib/swift $(inherited)";
				LIBRARY_SEARCH_PATHS = (
					"\"$(TOOLCHAIN_DIR)/usr/lib/swift/$(PLATFORM_NAME)\"",
					"\"$(TOOLCHAIN_DIR)/usr/lib/swift-5.0/$(PLATFORM_NAME)\"",
					"\"$(inherited)\"",
				);
				MTL_ENABLE_DEBUG_INFO = NO;
				SDKROOT = iphoneos;
				VALIDATE_PRODUCT = YES;
			};
			name = Release;
		};
/* End XCBuildConfiguration section */

/* Begin XCConfigurationList section */
		00E357021AD99517003FC87E /* Build configuration list for PBXNativeTarget "Ambit1Tests" */ = {
			isa = XCConfigurationList;
			buildConfigurations = (
				00E356F61AD99517003FC87E /* Debug */,
				00E356F71AD99517003FC87E /* Release */,
			);
			defaultConfigurationIsVisible = 0;
			defaultConfigurationName = Release;
		};
		13B07F931A680F5B00A75B9A /* Build configuration list for PBXNativeTarget "Ambit1" */ = {
			isa = XCConfigurationList;
			buildConfigurations = (
				13B07F941A680F5B00A75B9A /* Debug */,
				13B07F951A680F5B00A75B9A /* Release */,
			);
			defaultConfigurationIsVisible = 0;
			defaultConfigurationName = Release;
		};
		2D02E4BA1E0B4A5E006451C7 /* Build configuration list for PBXNativeTarget "Ambit1-tvOS" */ = {
			isa = XCConfigurationList;
			buildConfigurations = (
				2D02E4971E0B4A5E006451C7 /* Debug */,
				2D02E4981E0B4A5E006451C7 /* Release */,
			);
			defaultConfigurationIsVisible = 0;
			defaultConfigurationName = Release;
		};
		2D02E4BB1E0B4A5E006451C7 /* Build configuration list for PBXNativeTarget "Ambit1-tvOSTests" */ = {
			isa = XCConfigurationList;
			buildConfigurations = (
				2D02E4991E0B4A5E006451C7 /* Debug */,
				2D02E49A1E0B4A5E006451C7 /* Release */,
			);
			defaultConfigurationIsVisible = 0;
			defaultConfigurationName = Release;
		};
		83CBB9FA1A601CBA00E9B192 /* Build configuration list for PBXProject "Ambit1" */ = {
			isa = XCConfigurationList;
			buildConfigurations = (
				83CBBA201A601CBA00E9B192 /* Debug */,
				83CBBA211A601CBA00E9B192 /* Release */,
			);
			defaultConfigurationIsVisible = 0;
			defaultConfigurationName = Release;
		};
/* End XCConfigurationList section */
	};
	rootObject = 83CBB9F71A601CBA00E9B192 /* Project object */;
}
