// !$*UTF8*$!
{
	archiveVersion = 1;
	classes = {
	};
	objectVersion = 54;
	objects = {

/* Begin PBXBuildFile section */
		00E356F31AD99517003FC87E /* Ambit1Tests.m in Sources */ = {isa = PBXBuildFile; fileRef = 00E356F21AD99517003FC87E /* Ambit1Tests.m */; };
		13B07FBC1A68108700A75B9A /* AppDelegate.m in Sources */ = {isa = PBXBuildFile; fileRef = 13B07FB01A68108700A75B9A /* AppDelegate.m */; };
		13B07FBF1A68108700A75B9A /* Images.xcassets in Resources */ = {isa = PBXBuildFile; fileRef = 13B07FB51A68108700A75B9A /* Images.xcassets */; };
		13B07FC11A68108700A75B9A /* main.m in Sources */ = {isa = PBXBuildFile; fileRef = 13B07FB71A68108700A75B9A /* main.m */; };
		713F4CAA2F836A355B26DFDE /* libPods-Ambit1.a in Frameworks */ = {isa = PBXBuildFile; fileRef = 9F8306961DDF1C090C40EAE8 /* libPods-Ambit1.a */; };
		81AB9BB82411601600AC10FF /* LaunchScreen.storyboard in Resources */ = {isa = PBXBuildFile; fileRef = 81AB9BB72411601600AC10FF /* LaunchScreen.storyboard */; };
		A8C1858C217AF67DF801E6C1 /* libPods-Ambit1-Ambit1Tests.a in Frameworks */ = {isa = PBXBuildFile; fileRef = 6632CF6EE4EB19F3F871ED3C /* libPods-Ambit1-Ambit1Tests.a */; };
		BE5293AD2641FAFB00EB057E /* SF-Pro-Display-Thin.otf in Resources */ = {isa = PBXBuildFile; fileRef = BE5293772641FAEB00EB057E /* SF-Pro-Display-Thin.otf */; };
		BE5293AE2641FAFB00EB057E /* SF-Pro-Display-SemiboldItalic.otf in Resources */ = {isa = PBXBuildFile; fileRef = BE5293782641FAEB00EB057E /* SF-Pro-Display-SemiboldItalic.otf */; };
		BE5293AF2641FAFB00EB057E /* SF-Pro-Text-UltralightItalic.otf in Resources */ = {isa = PBXBuildFile; fileRef = BE5293792641FAEB00EB057E /* SF-Pro-Text-UltralightItalic.otf */; };
		BE5293B02641FAFB00EB057E /* SF-Pro-Text-Heavy.otf in Resources */ = {isa = PBXBuildFile; fileRef = BE52937A2641FAEB00EB057E /* SF-Pro-Text-Heavy.otf */; };
		BE5293B12641FAFB00EB057E /* Poppins-ExtraLight.ttf in Resources */ = {isa = PBXBuildFile; fileRef = BE52937B2641FAEB00EB057E /* Poppins-ExtraLight.ttf */; };
		BE5293B22641FAFB00EB057E /* SF-Pro-Display-RegularItalic.otf in Resources */ = {isa = PBXBuildFile; fileRef = BE52937C2641FAEB00EB057E /* SF-Pro-Display-RegularItalic.otf */; };
		BE5293B32641FAFB00EB057E /* Poppins-ThinItalic.ttf in Resources */ = {isa = PBXBuildFile; fileRef = BE52937D2641FAEB00EB057E /* Poppins-ThinItalic.ttf */; };
		BE5293B42641FAFB00EB057E /* SF-Pro-Display-Light.otf in Resources */ = {isa = PBXBuildFile; fileRef = BE52937E2641FAEB00EB057E /* SF-Pro-Display-Light.otf */; };
		BE5293B52641FAFB00EB057E /* SF-Pro-Display-Regular.otf in Resources */ = {isa = PBXBuildFile; fileRef = BE52937F2641FAEB00EB057E /* SF-Pro-Display-Regular.otf */; };
		BE5293B62641FAFB00EB057E /* Poppins-ExtraLightItalic.ttf in Resources */ = {isa = PBXBuildFile; fileRef = BE5293802641FAEB00EB057E /* Poppins-ExtraLightItalic.ttf */; };
		BE5293B72641FAFB00EB057E /* SF-Pro-Text-MediumItalic.otf in Resources */ = {isa = PBXBuildFile; fileRef = BE5293812641FAEB00EB057E /* SF-Pro-Text-MediumItalic.otf */; };
		BE5293B82641FAFB00EB057E /* Poppins-BoldItalic.ttf in Resources */ = {isa = PBXBuildFile; fileRef = BE5293822641FAEB00EB057E /* Poppins-BoldItalic.ttf */; };
		BE5293B92641FAFB00EB057E /* Poppins-Light.ttf in Resources */ = {isa = PBXBuildFile; fileRef = BE5293832641FAEB00EB057E /* Poppins-Light.ttf */; };
		BE5293BA2641FAFB00EB057E /* Poppins-Medium.ttf in Resources */ = {isa = PBXBuildFile; fileRef = BE5293842641FAEB00EB057E /* Poppins-Medium.ttf */; };
		BE5293BB2641FAFB00EB057E /* SF-Pro-Display-Bold.otf in Resources */ = {isa = PBXBuildFile; fileRef = BE5293852641FAEB00EB057E /* SF-Pro-Display-Bold.otf */; };
		BE5293BC2641FAFB00EB057E /* SF-Pro-Display-Medium.otf in Resources */ = {isa = PBXBuildFile; fileRef = BE5293862641FAEB00EB057E /* SF-Pro-Display-Medium.otf */; };
		BE5293BD2641FAFB00EB057E /* SF-Pro-Display-Heavy.otf in Resources */ = {isa = PBXBuildFile; fileRef = BE5293872641FAEB00EB057E /* SF-Pro-Display-Heavy.otf */; };
		BE5293BE2641FAFB00EB057E /* Poppins-SemiBoldItalic.ttf in Resources */ = {isa = PBXBuildFile; fileRef = BE5293882641FAEB00EB057E /* Poppins-SemiBoldItalic.ttf */; };
		BE5293BF2641FAFB00EB057E /* SF-Pro-Text-Light.otf in Resources */ = {isa = PBXBuildFile; fileRef = BE5293892641FAEB00EB057E /* SF-Pro-Text-Light.otf */; };
		BE5293C02641FAFB00EB057E /* SF-Pro-Display-Semibold.otf in Resources */ = {isa = PBXBuildFile; fileRef = BE52938A2641FAEB00EB057E /* SF-Pro-Display-Semibold.otf */; };
		BE5293C12641FAFB00EB057E /* Poppins-ExtraBoldItalic.ttf in Resources */ = {isa = PBXBuildFile; fileRef = BE52938B2641FAEB00EB057E /* Poppins-ExtraBoldItalic.ttf */; };
		BE5293C22641FAFB00EB057E /* Poppins-ExtraBold.ttf in Resources */ = {isa = PBXBuildFile; fileRef = BE52938C2641FAEB00EB057E /* Poppins-ExtraBold.ttf */; };
		BE5293C32641FAFB00EB057E /* SF-Pro-Text-BlackItalic.otf in Resources */ = {isa = PBXBuildFile; fileRef = BE52938D2641FAEB00EB057E /* SF-Pro-Text-BlackItalic.otf */; };
		BE5293C42641FAFB00EB057E /* SF-Pro-Text-Black.otf in Resources */ = {isa = PBXBuildFile; fileRef = BE52938E2641FAEB00EB057E /* SF-Pro-Text-Black.otf */; };
		BE5293C52641FAFB00EB057E /* SF-Pro-Text-Regular.otf in Resources */ = {isa = PBXBuildFile; fileRef = BE52938F2641FAEB00EB057E /* SF-Pro-Text-Regular.otf */; };
		BE5293C62641FAFB00EB057E /* SF-Pro-Text-Ultralight.otf in Resources */ = {isa = PBXBuildFile; fileRef = BE5293902641FAEB00EB057E /* SF-Pro-Text-Ultralight.otf */; };
		BE5293C72641FAFB00EB057E /* SF-Pro-Text-Bold.otf in Resources */ = {isa = PBXBuildFile; fileRef = BE5293912641FAEB00EB057E /* SF-Pro-Text-Bold.otf */; };
		BE5293C82641FAFB00EB057E /* SF-Pro-Text-Thin.otf in Resources */ = {isa = PBXBuildFile; fileRef = BE5293922641FAEB00EB057E /* SF-Pro-Text-Thin.otf */; };
		BE5293C92641FAFB00EB057E /* Poppins-BlackItalic.ttf in Resources */ = {isa = PBXBuildFile; fileRef = BE5293932641FAEB00EB057E /* Poppins-BlackItalic.ttf */; };
		BE5293CA2641FAFB00EB057E /* SF-Pro-Display-MediumItalic.otf in Resources */ = {isa = PBXBuildFile; fileRef = BE5293942641FAEB00EB057E /* SF-Pro-Display-MediumItalic.otf */; };
		BE5293CB2641FAFB00EB057E /* SF-Pro-Display-HeavyItalic.otf in Resources */ = {isa = PBXBuildFile; fileRef = BE5293952641FAEB00EB057E /* SF-Pro-Display-HeavyItalic.otf */; };
		BE5293CC2641FAFB00EB057E /* Poppins-Regular.ttf in Resources */ = {isa = PBXBuildFile; fileRef = BE5293962641FAEB00EB057E /* Poppins-Regular.ttf */; };
		BE5293CD2641FAFB00EB057E /* SF-Pro-Display-Ultralight.otf in Resources */ = {isa = PBXBuildFile; fileRef = BE5293972641FAEB00EB057E /* SF-Pro-Display-Ultralight.otf */; };
		BE5293CE2641FAFB00EB057E /* SF-Pro-Display-UltralightItalic.otf in Resources */ = {isa = PBXBuildFile; fileRef = BE5293982641FAEB00EB057E /* SF-Pro-Display-UltralightItalic.otf */; };
		BE5293CF2641FAFB00EB057E /* SF-Pro-Display-LightItalic.otf in Resources */ = {isa = PBXBuildFile; fileRef = BE5293992641FAEB00EB057E /* SF-Pro-Display-LightItalic.otf */; };
		BE5293D02641FAFB00EB057E /* SF-Pro-Text-ThinItalic.otf in Resources */ = {isa = PBXBuildFile; fileRef = BE52939A2641FAEB00EB057E /* SF-Pro-Text-ThinItalic.otf */; };
		BE5293D12641FAFB00EB057E /* Poppins-LightItalic.ttf in Resources */ = {isa = PBXBuildFile; fileRef = BE52939B2641FAEB00EB057E /* Poppins-LightItalic.ttf */; };
		BE5293D22641FAFB00EB057E /* Poppins-Bold.ttf in Resources */ = {isa = PBXBuildFile; fileRef = BE52939C2641FAEB00EB057E /* Poppins-Bold.ttf */; };
		BE5293D32641FAFB00EB057E /* SF-Pro-Display-BlackItalic.otf in Resources */ = {isa = PBXBuildFile; fileRef = BE52939D2641FAEB00EB057E /* SF-Pro-Display-BlackItalic.otf */; };
		BE5293D42641FAFB00EB057E /* SF-Pro-Display-Black.otf in Resources */ = {isa = PBXBuildFile; fileRef = BE52939E2641FAEB00EB057E /* SF-Pro-Display-Black.otf */; };
		BE5293D52641FAFB00EB057E /* SF-Pro-Text-BoldItalic.otf in Resources */ = {isa = PBXBuildFile; fileRef = BE52939F2641FAEB00EB057E /* SF-Pro-Text-BoldItalic.otf */; };
		BE5293D62641FAFB00EB057E /* SF-Pro-Text-RegularItalic.otf in Resources */ = {isa = PBXBuildFile; fileRef = BE5293A02641FAEB00EB057E /* SF-Pro-Text-RegularItalic.otf */; };
		BE5293D72641FAFB00EB057E /* Poppins-Black.ttf in Resources */ = {isa = PBXBuildFile; fileRef = BE5293A12641FAEB00EB057E /* Poppins-Black.ttf */; };
		BE5293D82641FAFB00EB057E /* SF-Pro-Text-Semibold.otf in Resources */ = {isa = PBXBuildFile; fileRef = BE5293A22641FAEB00EB057E /* SF-Pro-Text-Semibold.otf */; };
		BE5293D92641FAFB00EB057E /* SF-Pro-Text-HeavyItalic.otf in Resources */ = {isa = PBXBuildFile; fileRef = BE5293A32641FAEB00EB057E /* SF-Pro-Text-HeavyItalic.otf */; };
		BE5293DA2641FAFB00EB057E /* SF-Pro-Display-ThinItalic.otf in Resources */ = {isa = PBXBuildFile; fileRef = BE5293A42641FAEB00EB057E /* SF-Pro-Display-ThinItalic.otf */; };
		BE5293DB2641FAFB00EB057E /* Poppins-Thin.ttf in Resources */ = {isa = PBXBuildFile; fileRef = BE5293A52641FAEB00EB057E /* Poppins-Thin.ttf */; };
		BE5293DC2641FAFB00EB057E /* SF-Pro-Text-LightItalic.otf in Resources */ = {isa = PBXBuildFile; fileRef = BE5293A62641FAEB00EB057E /* SF-Pro-Text-LightItalic.otf */; };
		BE5293DD2641FAFB00EB057E /* Poppins-SemiBold.ttf in Resources */ = {isa = PBXBuildFile; fileRef = BE5293A72641FAEB00EB057E /* Poppins-SemiBold.ttf */; };
		BE5293DE2641FAFB00EB057E /* Poppins-Italic.ttf in Resources */ = {isa = PBXBuildFile; fileRef = BE5293A82641FAEB00EB057E /* Poppins-Italic.ttf */; };
		BE5293DF2641FAFB00EB057E /* SF-Pro-Text-Medium.otf in Resources */ = {isa = PBXBuildFile; fileRef = BE5293A92641FAEB00EB057E /* SF-Pro-Text-Medium.otf */; };
		BE5293E02641FAFB00EB057E /* SF-Pro-Display-BoldItalic.otf in Resources */ = {isa = PBXBuildFile; fileRef = BE5293AA2641FAEB00EB057E /* SF-Pro-Display-BoldItalic.otf */; };
		BE5293E12641FAFB00EB057E /* SF-Pro-Text-SemiboldItalic.otf in Resources */ = {isa = PBXBuildFile; fileRef = BE5293AB2641FAEB00EB057E /* SF-Pro-Text-SemiboldItalic.otf */; };
		BE5293E22641FAFB00EB057E /* Poppins-MediumItalic.ttf in Resources */ = {isa = PBXBuildFile; fileRef = BE5293AC2641FAEB00EB057E /* Poppins-MediumItalic.ttf */; };
/* End PBXBuildFile section */

/* Begin PBXContainerItemProxy section */
		00E356F41AD99517003FC87E /* PBXContainerItemProxy */ = {
			isa = PBXContainerItemProxy;
			containerPortal = 83CBB9F71A601CBA00E9B192 /* Project object */;
			proxyType = 1;
			remoteGlobalIDString = 13B07F861A680F5B00A75B9A;
			remoteInfo = Ambit1;
		};
/* End PBXContainerItemProxy section */

/* Begin PBXFileReference section */
		00E356EE1AD99517003FC87E /* Ambit1Tests.xctest */ = {isa = PBXFileReference; explicitFileType = wrapper.cfbundle; includeInIndex = 0; path = Ambit1Tests.xctest; sourceTree = BUILT_PRODUCTS_DIR; };
		00E356F11AD99517003FC87E /* Info.plist */ = {isa = PBXFileReference; lastKnownFileType = text.plist.xml; path = Info.plist; sourceTree = "<group>"; };
		00E356F21AD99517003FC87E /* Ambit1Tests.m */ = {isa = PBXFileReference; lastKnownFileType = sourcecode.c.objc; path = Ambit1Tests.m; sourceTree = "<group>"; };
		13B07F961A680F5B00A75B9A /* Ambit1.app */ = {isa = PBXFileReference; explicitFileType = wrapper.application; includeInIndex = 0; path = Ambit1.app; sourceTree = BUILT_PRODUCTS_DIR; };
		13B07FAF1A68108700A75B9A /* AppDelegate.h */ = {isa = PBXFileReference; fileEncoding = 4; lastKnownFileType = sourcecode.c.h; name = AppDelegate.h; path = Ambit1/AppDelegate.h; sourceTree = "<group>"; };
		13B07FB01A68108700A75B9A /* AppDelegate.m */ = {isa = PBXFileReference; fileEncoding = 4; lastKnownFileType = sourcecode.c.objc; name = AppDelegate.m; path = Ambit1/AppDelegate.m; sourceTree = "<group>"; };
		13B07FB51A68108700A75B9A /* Images.xcassets */ = {isa = PBXFileReference; lastKnownFileType = folder.assetcatalog; name = Images.xcassets; path = Ambit1/Images.xcassets; sourceTree = "<group>"; };
		13B07FB61A68108700A75B9A /* Info.plist */ = {isa = PBXFileReference; fileEncoding = 4; lastKnownFileType = text.plist.xml; name = Info.plist; path = Ambit1/Info.plist; sourceTree = "<group>"; };
		13B07FB71A68108700A75B9A /* main.m */ = {isa = PBXFileReference; fileEncoding = 4; lastKnownFileType = sourcecode.c.objc; name = main.m; path = Ambit1/main.m; sourceTree = "<group>"; };
		2143C0F55FB8389174FBA64A /* Pods-Ambit1-Ambit1Tests.debug.xcconfig */ = {isa = PBXFileReference; includeInIndex = 1; lastKnownFileType = text.xcconfig; name = "Pods-Ambit1-Ambit1Tests.debug.xcconfig"; path = "Target Support Files/Pods-Ambit1-Ambit1Tests/Pods-Ambit1-Ambit1Tests.debug.xcconfig"; sourceTree = "<group>"; };
		46F7FB1FB6B0F2670835E4EC /* Pods-Ambit1.release.xcconfig */ = {isa = PBXFileReference; includeInIndex = 1; lastKnownFileType = text.xcconfig; name = "Pods-Ambit1.release.xcconfig"; path = "Target Support Files/Pods-Ambit1/Pods-Ambit1.release.xcconfig"; sourceTree = "<group>"; };
		5056E0286FB4E7A8E2D34F9A /* Pods-Ambit1.debug.xcconfig */ = {isa = PBXFileReference; includeInIndex = 1; lastKnownFileType = text.xcconfig; name = "Pods-Ambit1.debug.xcconfig"; path = "Target Support Files/Pods-Ambit1/Pods-Ambit1.debug.xcconfig"; sourceTree = "<group>"; };
		6632CF6EE4EB19F3F871ED3C /* libPods-Ambit1-Ambit1Tests.a */ = {isa = PBXFileReference; explicitFileType = archive.ar; includeInIndex = 0; path = "libPods-Ambit1-Ambit1Tests.a"; sourceTree = BUILT_PRODUCTS_DIR; };
		81AB9BB72411601600AC10FF /* LaunchScreen.storyboard */ = {isa = PBXFileReference; fileEncoding = 4; lastKnownFileType = file.storyboard; name = LaunchScreen.storyboard; path = Ambit1/LaunchScreen.storyboard; sourceTree = "<group>"; };
		9F8306961DDF1C090C40EAE8 /* libPods-Ambit1.a */ = {isa = PBXFileReference; explicitFileType = archive.ar; includeInIndex = 0; path = "libPods-Ambit1.a"; sourceTree = BUILT_PRODUCTS_DIR; };
		BE5293772641FAEB00EB057E /* SF-Pro-Display-Thin.otf */ = {isa = PBXFileReference; lastKnownFileType = file; path = "SF-Pro-Display-Thin.otf"; sourceTree = "<group>"; };
		BE5293782641FAEB00EB057E /* SF-Pro-Display-SemiboldItalic.otf */ = {isa = PBXFileReference; lastKnownFileType = file; path = "SF-Pro-Display-SemiboldItalic.otf"; sourceTree = "<group>"; };
		BE5293792641FAEB00EB057E /* SF-Pro-Text-UltralightItalic.otf */ = {isa = PBXFileReference; lastKnownFileType = file; path = "SF-Pro-Text-UltralightItalic.otf"; sourceTree = "<group>"; };
		BE52937A2641FAEB00EB057E /* SF-Pro-Text-Heavy.otf */ = {isa = PBXFileReference; lastKnownFileType = file; path = "SF-Pro-Text-Heavy.otf"; sourceTree = "<group>"; };
		BE52937B2641FAEB00EB057E /* Poppins-ExtraLight.ttf */ = {isa = PBXFileReference; lastKnownFileType = file; path = "Poppins-ExtraLight.ttf"; sourceTree = "<group>"; };
		BE52937C2641FAEB00EB057E /* SF-Pro-Display-RegularItalic.otf */ = {isa = PBXFileReference; lastKnownFileType = file; path = "SF-Pro-Display-RegularItalic.otf"; sourceTree = "<group>"; };
		BE52937D2641FAEB00EB057E /* Poppins-ThinItalic.ttf */ = {isa = PBXFileReference; lastKnownFileType = file; path = "Poppins-ThinItalic.ttf"; sourceTree = "<group>"; };
		BE52937E2641FAEB00EB057E /* SF-Pro-Display-Light.otf */ = {isa = PBXFileReference; lastKnownFileType = file; path = "SF-Pro-Display-Light.otf"; sourceTree = "<group>"; };
		BE52937F2641FAEB00EB057E /* SF-Pro-Display-Regular.otf */ = {isa = PBXFileReference; lastKnownFileType = file; path = "SF-Pro-Display-Regular.otf"; sourceTree = "<group>"; };
		BE5293802641FAEB00EB057E /* Poppins-ExtraLightItalic.ttf */ = {isa = PBXFileReference; lastKnownFileType = file; path = "Poppins-ExtraLightItalic.ttf"; sourceTree = "<group>"; };
		BE5293812641FAEB00EB057E /* SF-Pro-Text-MediumItalic.otf */ = {isa = PBXFileReference; lastKnownFileType = file; path = "SF-Pro-Text-MediumItalic.otf"; sourceTree = "<group>"; };
		BE5293822641FAEB00EB057E /* Poppins-BoldItalic.ttf */ = {isa = PBXFileReference; lastKnownFileType = file; path = "Poppins-BoldItalic.ttf"; sourceTree = "<group>"; };
		BE5293832641FAEB00EB057E /* Poppins-Light.ttf */ = {isa = PBXFileReference; lastKnownFileType = file; path = "Poppins-Light.ttf"; sourceTree = "<group>"; };
		BE5293842641FAEB00EB057E /* Poppins-Medium.ttf */ = {isa = PBXFileReference; lastKnownFileType = file; path = "Poppins-Medium.ttf"; sourceTree = "<group>"; };
		BE5293852641FAEB00EB057E /* SF-Pro-Display-Bold.otf */ = {isa = PBXFileReference; lastKnownFileType = file; path = "SF-Pro-Display-Bold.otf"; sourceTree = "<group>"; };
		BE5293862641FAEB00EB057E /* SF-Pro-Display-Medium.otf */ = {isa = PBXFileReference; lastKnownFileType = file; path = "SF-Pro-Display-Medium.otf"; sourceTree = "<group>"; };
		BE5293872641FAEB00EB057E /* SF-Pro-Display-Heavy.otf */ = {isa = PBXFileReference; lastKnownFileType = file; path = "SF-Pro-Display-Heavy.otf"; sourceTree = "<group>"; };
		BE5293882641FAEB00EB057E /* Poppins-SemiBoldItalic.ttf */ = {isa = PBXFileReference; lastKnownFileType = file; path = "Poppins-SemiBoldItalic.ttf"; sourceTree = "<group>"; };
		BE5293892641FAEB00EB057E /* SF-Pro-Text-Light.otf */ = {isa = PBXFileReference; lastKnownFileType = file; path = "SF-Pro-Text-Light.otf"; sourceTree = "<group>"; };
		BE52938A2641FAEB00EB057E /* SF-Pro-Display-Semibold.otf */ = {isa = PBXFileReference; lastKnownFileType = file; path = "SF-Pro-Display-Semibold.otf"; sourceTree = "<group>"; };
		BE52938B2641FAEB00EB057E /* Poppins-ExtraBoldItalic.ttf */ = {isa = PBXFileReference; lastKnownFileType = file; path = "Poppins-ExtraBoldItalic.ttf"; sourceTree = "<group>"; };
		BE52938C2641FAEB00EB057E /* Poppins-ExtraBold.ttf */ = {isa = PBXFileReference; lastKnownFileType = file; path = "Poppins-ExtraBold.ttf"; sourceTree = "<group>"; };
		BE52938D2641FAEB00EB057E /* SF-Pro-Text-BlackItalic.otf */ = {isa = PBXFileReference; lastKnownFileType = file; path = "SF-Pro-Text-BlackItalic.otf"; sourceTree = "<group>"; };
		BE52938E2641FAEB00EB057E /* SF-Pro-Text-Black.otf */ = {isa = PBXFileReference; lastKnownFileType = file; path = "SF-Pro-Text-Black.otf"; sourceTree = "<group>"; };
		BE52938F2641FAEB00EB057E /* SF-Pro-Text-Regular.otf */ = {isa = PBXFileReference; lastKnownFileType = file; path = "SF-Pro-Text-Regular.otf"; sourceTree = "<group>"; };
		BE5293902641FAEB00EB057E /* SF-Pro-Text-Ultralight.otf */ = {isa = PBXFileReference; lastKnownFileType = file; path = "SF-Pro-Text-Ultralight.otf"; sourceTree = "<group>"; };
		BE5293912641FAEB00EB057E /* SF-Pro-Text-Bold.otf */ = {isa = PBXFileReference; lastKnownFileType = file; path = "SF-Pro-Text-Bold.otf"; sourceTree = "<group>"; };
		BE5293922641FAEB00EB057E /* SF-Pro-Text-Thin.otf */ = {isa = PBXFileReference; lastKnownFileType = file; path = "SF-Pro-Text-Thin.otf"; sourceTree = "<group>"; };
		BE5293932641FAEB00EB057E /* Poppins-BlackItalic.ttf */ = {isa = PBXFileReference; lastKnownFileType = file; path = "Poppins-BlackItalic.ttf"; sourceTree = "<group>"; };
		BE5293942641FAEB00EB057E /* SF-Pro-Display-MediumItalic.otf */ = {isa = PBXFileReference; lastKnownFileType = file; path = "SF-Pro-Display-MediumItalic.otf"; sourceTree = "<group>"; };
		BE5293952641FAEB00EB057E /* SF-Pro-Display-HeavyItalic.otf */ = {isa = PBXFileReference; lastKnownFileType = file; path = "SF-Pro-Display-HeavyItalic.otf"; sourceTree = "<group>"; };
		BE5293962641FAEB00EB057E /* Poppins-Regular.ttf */ = {isa = PBXFileReference; lastKnownFileType = file; path = "Poppins-Regular.ttf"; sourceTree = "<group>"; };
		BE5293972641FAEB00EB057E /* SF-Pro-Display-Ultralight.otf */ = {isa = PBXFileReference; lastKnownFileType = file; path = "SF-Pro-Display-Ultralight.otf"; sourceTree = "<group>"; };
		BE5293982641FAEB00EB057E /* SF-Pro-Display-UltralightItalic.otf */ = {isa = PBXFileReference; lastKnownFileType = file; path = "SF-Pro-Display-UltralightItalic.otf"; sourceTree = "<group>"; };
		BE5293992641FAEB00EB057E /* SF-Pro-Display-LightItalic.otf */ = {isa = PBXFileReference; lastKnownFileType = file; path = "SF-Pro-Display-LightItalic.otf"; sourceTree = "<group>"; };
		BE52939A2641FAEB00EB057E /* SF-Pro-Text-ThinItalic.otf */ = {isa = PBXFileReference; lastKnownFileType = file; path = "SF-Pro-Text-ThinItalic.otf"; sourceTree = "<group>"; };
		BE52939B2641FAEB00EB057E /* Poppins-LightItalic.ttf */ = {isa = PBXFileReference; lastKnownFileType = file; path = "Poppins-LightItalic.ttf"; sourceTree = "<group>"; };
		BE52939C2641FAEB00EB057E /* Poppins-Bold.ttf */ = {isa = PBXFileReference; lastKnownFileType = file; path = "Poppins-Bold.ttf"; sourceTree = "<group>"; };
		BE52939D2641FAEB00EB057E /* SF-Pro-Display-BlackItalic.otf */ = {isa = PBXFileReference; lastKnownFileType = file; path = "SF-Pro-Display-BlackItalic.otf"; sourceTree = "<group>"; };
		BE52939E2641FAEB00EB057E /* SF-Pro-Display-Black.otf */ = {isa = PBXFileReference; lastKnownFileType = file; path = "SF-Pro-Display-Black.otf"; sourceTree = "<group>"; };
		BE52939F2641FAEB00EB057E /* SF-Pro-Text-BoldItalic.otf */ = {isa = PBXFileReference; lastKnownFileType = file; path = "SF-Pro-Text-BoldItalic.otf"; sourceTree = "<group>"; };
		BE5293A02641FAEB00EB057E /* SF-Pro-Text-RegularItalic.otf */ = {isa = PBXFileReference; lastKnownFileType = file; path = "SF-Pro-Text-RegularItalic.otf"; sourceTree = "<group>"; };
		BE5293A12641FAEB00EB057E /* Poppins-Black.ttf */ = {isa = PBXFileReference; lastKnownFileType = file; path = "Poppins-Black.ttf"; sourceTree = "<group>"; };
		BE5293A22641FAEB00EB057E /* SF-Pro-Text-Semibold.otf */ = {isa = PBXFileReference; lastKnownFileType = file; path = "SF-Pro-Text-Semibold.otf"; sourceTree = "<group>"; };
		BE5293A32641FAEB00EB057E /* SF-Pro-Text-HeavyItalic.otf */ = {isa = PBXFileReference; lastKnownFileType = file; path = "SF-Pro-Text-HeavyItalic.otf"; sourceTree = "<group>"; };
		BE5293A42641FAEB00EB057E /* SF-Pro-Display-ThinItalic.otf */ = {isa = PBXFileReference; lastKnownFileType = file; path = "SF-Pro-Display-ThinItalic.otf"; sourceTree = "<group>"; };
		BE5293A52641FAEB00EB057E /* Poppins-Thin.ttf */ = {isa = PBXFileReference; lastKnownFileType = file; path = "Poppins-Thin.ttf"; sourceTree = "<group>"; };
		BE5293A62641FAEB00EB057E /* SF-Pro-Text-LightItalic.otf */ = {isa = PBXFileReference; lastKnownFileType = file; path = "SF-Pro-Text-LightItalic.otf"; sourceTree = "<group>"; };
		BE5293A72641FAEB00EB057E /* Poppins-SemiBold.ttf */ = {isa = PBXFileReference; lastKnownFileType = file; path = "Poppins-SemiBold.ttf"; sourceTree = "<group>"; };
		BE5293A82641FAEB00EB057E /* Poppins-Italic.ttf */ = {isa = PBXFileReference; lastKnownFileType = file; path = "Poppins-Italic.ttf"; sourceTree = "<group>"; };
		BE5293A92641FAEB00EB057E /* SF-Pro-Text-Medium.otf */ = {isa = PBXFileReference; lastKnownFileType = file; path = "SF-Pro-Text-Medium.otf"; sourceTree = "<group>"; };
		BE5293AA2641FAEB00EB057E /* SF-Pro-Display-BoldItalic.otf */ = {isa = PBXFileReference; lastKnownFileType = file; path = "SF-Pro-Display-BoldItalic.otf"; sourceTree = "<group>"; };
		BE5293AB2641FAEB00EB057E /* SF-Pro-Text-SemiboldItalic.otf */ = {isa = PBXFileReference; lastKnownFileType = file; path = "SF-Pro-Text-SemiboldItalic.otf"; sourceTree = "<group>"; };
		BE5293AC2641FAEB00EB057E /* Poppins-MediumItalic.ttf */ = {isa = PBXFileReference; lastKnownFileType = file; path = "Poppins-MediumItalic.ttf"; sourceTree = "<group>"; };
		BE5294262642093600EB057E /* Fontisto.ttf */ = {isa = PBXFileReference; lastKnownFileType = file; path = Fontisto.ttf; sourceTree = "<group>"; };
		BE5294272642093600EB057E /* Octicons.ttf */ = {isa = PBXFileReference; lastKnownFileType = file; path = Octicons.ttf; sourceTree = "<group>"; };
		BE5294282642093600EB057E /* Feather.ttf */ = {isa = PBXFileReference; lastKnownFileType = file; path = Feather.ttf; sourceTree = "<group>"; };
		BE5294292642093600EB057E /* Entypo.ttf */ = {isa = PBXFileReference; lastKnownFileType = file; path = Entypo.ttf; sourceTree = "<group>"; };
		BE52942A2642093600EB057E /* FontAwesome5_Brands.ttf */ = {isa = PBXFileReference; lastKnownFileType = file; path = FontAwesome5_Brands.ttf; sourceTree = "<group>"; };
		BE52942B2642093600EB057E /* MaterialCommunityIcons.ttf */ = {isa = PBXFileReference; lastKnownFileType = file; path = MaterialCommunityIcons.ttf; sourceTree = "<group>"; };
		BE52942C2642093600EB057E /* AntDesign.ttf */ = {isa = PBXFileReference; lastKnownFileType = file; path = AntDesign.ttf; sourceTree = "<group>"; };
		BE52942D2642093600EB057E /* Foundation.ttf */ = {isa = PBXFileReference; lastKnownFileType = file; path = Foundation.ttf; sourceTree = "<group>"; };
		BE52942E2642093600EB057E /* Ionicons.ttf */ = {isa = PBXFileReference; lastKnownFileType = file; path = Ionicons.ttf; sourceTree = "<group>"; };
		BE52942F2642093600EB057E /* FontAwesome5_Solid.ttf */ = {isa = PBXFileReference; lastKnownFileType = file; path = FontAwesome5_Solid.ttf; sourceTree = "<group>"; };
		BE5294302642093600EB057E /* FontAwesome5_Regular.ttf */ = {isa = PBXFileReference; lastKnownFileType = file; path = FontAwesome5_Regular.ttf; sourceTree = "<group>"; };
		BE5294312642093600EB057E /* FontAwesome.ttf */ = {isa = PBXFileReference; lastKnownFileType = file; path = FontAwesome.ttf; sourceTree = "<group>"; };
		BE5294322642093600EB057E /* Zocial.ttf */ = {isa = PBXFileReference; lastKnownFileType = file; path = Zocial.ttf; sourceTree = "<group>"; };
		BE5294332642093600EB057E /* EvilIcons.ttf */ = {isa = PBXFileReference; lastKnownFileType = file; path = EvilIcons.ttf; sourceTree = "<group>"; };
		BE5294342642093600EB057E /* SimpleLineIcons.ttf */ = {isa = PBXFileReference; lastKnownFileType = file; path = SimpleLineIcons.ttf; sourceTree = "<group>"; };
		BE5294352642093600EB057E /* MaterialIcons.ttf */ = {isa = PBXFileReference; lastKnownFileType = file; path = MaterialIcons.ttf; sourceTree = "<group>"; };
		EB8588E74D7CEC16D1081A60 /* Pods-Ambit1-Ambit1Tests.release.xcconfig */ = {isa = PBXFileReference; includeInIndex = 1; lastKnownFileType = text.xcconfig; name = "Pods-Ambit1-Ambit1Tests.release.xcconfig"; path = "Target Support Files/Pods-Ambit1-Ambit1Tests/Pods-Ambit1-Ambit1Tests.release.xcconfig"; sourceTree = "<group>"; };
		ED297162215061F000B7C4FE /* JavaScriptCore.framework */ = {isa = PBXFileReference; lastKnownFileType = wrapper.framework; name = JavaScriptCore.framework; path = System/Library/Frameworks/JavaScriptCore.framework; sourceTree = SDKROOT; };
/* End PBXFileReference section */

/* Begin PBXFrameworksBuildPhase section */
		00E356EB1AD99517003FC87E /* Frameworks */ = {
			isa = PBXFrameworksBuildPhase;
			buildActionMask = 2147483647;
			files = (
				A8C1858C217AF67DF801E6C1 /* libPods-Ambit1-Ambit1Tests.a in Frameworks */,
			);
			runOnlyForDeploymentPostprocessing = 0;
		};
		13B07F8C1A680F5B00A75B9A /* Frameworks */ = {
			isa = PBXFrameworksBuildPhase;
			buildActionMask = 2147483647;
			files = (
				713F4CAA2F836A355B26DFDE /* libPods-Ambit1.a in Frameworks */,
			);
			runOnlyForDeploymentPostprocessing = 0;
		};
/* End PBXFrameworksBuildPhase section */

/* Begin PBXGroup section */
		00E356EF1AD99517003FC87E /* Ambit1Tests */ = {
			isa = PBXGroup;
			children = (
				00E356F21AD99517003FC87E /* Ambit1Tests.m */,
				00E356F01AD99517003FC87E /* Supporting Files */,
			);
			path = Ambit1Tests;
			sourceTree = "<group>";
		};
		00E356F01AD99517003FC87E /* Supporting Files */ = {
			isa = PBXGroup;
			children = (
				00E356F11AD99517003FC87E /* Info.plist */,
			);
			name = "Supporting Files";
			sourceTree = "<group>";
		};
		13B07FAE1A68108700A75B9A /* Ambit1 */ = {
			isa = PBXGroup;
			children = (
				13B07FAF1A68108700A75B9A /* AppDelegate.h */,
				13B07FB01A68108700A75B9A /* AppDelegate.m */,
				13B07FB51A68108700A75B9A /* Images.xcassets */,
				13B07FB61A68108700A75B9A /* Info.plist */,
				81AB9BB72411601600AC10FF /* LaunchScreen.storyboard */,
				13B07FB71A68108700A75B9A /* main.m */,
			);
			name = Ambit1;
			sourceTree = "<group>";
		};
		2C7F34FE7E0CC1005B17C6B0 /* Pods */ = {
			isa = PBXGroup;
			children = (
				5056E0286FB4E7A8E2D34F9A /* Pods-Ambit1.debug.xcconfig */,
				46F7FB1FB6B0F2670835E4EC /* Pods-Ambit1.release.xcconfig */,
				2143C0F55FB8389174FBA64A /* Pods-Ambit1-Ambit1Tests.debug.xcconfig */,
				EB8588E74D7CEC16D1081A60 /* Pods-Ambit1-Ambit1Tests.release.xcconfig */,
			);
			path = Pods;
			sourceTree = "<group>";
		};
		2D16E6871FA4F8E400B85C8A /* Frameworks */ = {
			isa = PBXGroup;
			children = (
				ED297162215061F000B7C4FE /* JavaScriptCore.framework */,
				9F8306961DDF1C090C40EAE8 /* libPods-Ambit1.a */,
				6632CF6EE4EB19F3F871ED3C /* libPods-Ambit1-Ambit1Tests.a */,
			);
			name = Frameworks;
			sourceTree = "<group>";
		};
		832341AE1AAA6A7D00B99B32 /* Libraries */ = {
			isa = PBXGroup;
			children = (
			);
			name = Libraries;
			sourceTree = "<group>";
		};
		83CBB9F61A601CBA00E9B192 = {
			isa = PBXGroup;
			children = (
				BE5294252642093600EB057E /* Fonts */,
				BE5293762641FAEB00EB057E /* fonts */,
				13B07FAE1A68108700A75B9A /* Ambit1 */,
				832341AE1AAA6A7D00B99B32 /* Libraries */,
				00E356EF1AD99517003FC87E /* Ambit1Tests */,
				83CBBA001A601CBA00E9B192 /* Products */,
				2D16E6871FA4F8E400B85C8A /* Frameworks */,
				2C7F34FE7E0CC1005B17C6B0 /* Pods */,
			);
			indentWidth = 2;
			sourceTree = "<group>";
			tabWidth = 2;
			usesTabs = 0;
		};
		83CBBA001A601CBA00E9B192 /* Products */ = {
			isa = PBXGroup;
			children = (
				13B07F961A680F5B00A75B9A /* Ambit1.app */,
				00E356EE1AD99517003FC87E /* Ambit1Tests.xctest */,
			);
			name = Products;
			sourceTree = "<group>";
		};
		BE5293762641FAEB00EB057E /* fonts */ = {
			isa = PBXGroup;
			children = (
				BE5293772641FAEB00EB057E /* SF-Pro-Display-Thin.otf */,
				BE5293782641FAEB00EB057E /* SF-Pro-Display-SemiboldItalic.otf */,
				BE5293792641FAEB00EB057E /* SF-Pro-Text-UltralightItalic.otf */,
				BE52937A2641FAEB00EB057E /* SF-Pro-Text-Heavy.otf */,
				BE52937B2641FAEB00EB057E /* Poppins-ExtraLight.ttf */,
				BE52937C2641FAEB00EB057E /* SF-Pro-Display-RegularItalic.otf */,
				BE52937D2641FAEB00EB057E /* Poppins-ThinItalic.ttf */,
				BE52937E2641FAEB00EB057E /* SF-Pro-Display-Light.otf */,
				BE52937F2641FAEB00EB057E /* SF-Pro-Display-Regular.otf */,
				BE5293802641FAEB00EB057E /* Poppins-ExtraLightItalic.ttf */,
				BE5293812641FAEB00EB057E /* SF-Pro-Text-MediumItalic.otf */,
				BE5293822641FAEB00EB057E /* Poppins-BoldItalic.ttf */,
				BE5293832641FAEB00EB057E /* Poppins-Light.ttf */,
				BE5293842641FAEB00EB057E /* Poppins-Medium.ttf */,
				BE5293852641FAEB00EB057E /* SF-Pro-Display-Bold.otf */,
				BE5293862641FAEB00EB057E /* SF-Pro-Display-Medium.otf */,
				BE5293872641FAEB00EB057E /* SF-Pro-Display-Heavy.otf */,
				BE5293882641FAEB00EB057E /* Poppins-SemiBoldItalic.ttf */,
				BE5293892641FAEB00EB057E /* SF-Pro-Text-Light.otf */,
				BE52938A2641FAEB00EB057E /* SF-Pro-Display-Semibold.otf */,
				BE52938B2641FAEB00EB057E /* Poppins-ExtraBoldItalic.ttf */,
				BE52938C2641FAEB00EB057E /* Poppins-ExtraBold.ttf */,
				BE52938D2641FAEB00EB057E /* SF-Pro-Text-BlackItalic.otf */,
				BE52938E2641FAEB00EB057E /* SF-Pro-Text-Black.otf */,
				BE52938F2641FAEB00EB057E /* SF-Pro-Text-Regular.otf */,
				BE5293902641FAEB00EB057E /* SF-Pro-Text-Ultralight.otf */,
				BE5293912641FAEB00EB057E /* SF-Pro-Text-Bold.otf */,
				BE5293922641FAEB00EB057E /* SF-Pro-Text-Thin.otf */,
				BE5293932641FAEB00EB057E /* Poppins-BlackItalic.ttf */,
				BE5293942641FAEB00EB057E /* SF-Pro-Display-MediumItalic.otf */,
				BE5293952641FAEB00EB057E /* SF-Pro-Display-HeavyItalic.otf */,
				BE5293962641FAEB00EB057E /* Poppins-Regular.ttf */,
				BE5293972641FAEB00EB057E /* SF-Pro-Display-Ultralight.otf */,
				BE5293982641FAEB00EB057E /* SF-Pro-Display-UltralightItalic.otf */,
				BE5293992641FAEB00EB057E /* SF-Pro-Display-LightItalic.otf */,
				BE52939A2641FAEB00EB057E /* SF-Pro-Text-ThinItalic.otf */,
				BE52939B2641FAEB00EB057E /* Poppins-LightItalic.ttf */,
				BE52939C2641FAEB00EB057E /* Poppins-Bold.ttf */,
				BE52939D2641FAEB00EB057E /* SF-Pro-Display-BlackItalic.otf */,
				BE52939E2641FAEB00EB057E /* SF-Pro-Display-Black.otf */,
				BE52939F2641FAEB00EB057E /* SF-Pro-Text-BoldItalic.otf */,
				BE5293A02641FAEB00EB057E /* SF-Pro-Text-RegularItalic.otf */,
				BE5293A12641FAEB00EB057E /* Poppins-Black.ttf */,
				BE5293A22641FAEB00EB057E /* SF-Pro-Text-Semibold.otf */,
				BE5293A32641FAEB00EB057E /* SF-Pro-Text-HeavyItalic.otf */,
				BE5293A42641FAEB00EB057E /* SF-Pro-Display-ThinItalic.otf */,
				BE5293A52641FAEB00EB057E /* Poppins-Thin.ttf */,
				BE5293A62641FAEB00EB057E /* SF-Pro-Text-LightItalic.otf */,
				BE5293A72641FAEB00EB057E /* Poppins-SemiBold.ttf */,
				BE5293A82641FAEB00EB057E /* Poppins-Italic.ttf */,
				BE5293A92641FAEB00EB057E /* SF-Pro-Text-Medium.otf */,
				BE5293AA2641FAEB00EB057E /* SF-Pro-Display-BoldItalic.otf */,
				BE5293AB2641FAEB00EB057E /* SF-Pro-Text-SemiboldItalic.otf */,
				BE5293AC2641FAEB00EB057E /* Poppins-MediumItalic.ttf */,
			);
			name = fonts;
			path = ../src/styles/fonts;
			sourceTree = "<group>";
		};
		BE5294252642093600EB057E /* Fonts */ = {
			isa = PBXGroup;
			children = (
				BE5294262642093600EB057E /* Fontisto.ttf */,
				BE5294272642093600EB057E /* Octicons.ttf */,
				BE5294282642093600EB057E /* Feather.ttf */,
				BE5294292642093600EB057E /* Entypo.ttf */,
				BE52942A2642093600EB057E /* FontAwesome5_Brands.ttf */,
				BE52942B2642093600EB057E /* MaterialCommunityIcons.ttf */,
				BE52942C2642093600EB057E /* AntDesign.ttf */,
				BE52942D2642093600EB057E /* Foundation.ttf */,
				BE52942E2642093600EB057E /* Ionicons.ttf */,
				BE52942F2642093600EB057E /* FontAwesome5_Solid.ttf */,
				BE5294302642093600EB057E /* FontAwesome5_Regular.ttf */,
				BE5294312642093600EB057E /* FontAwesome.ttf */,
				BE5294322642093600EB057E /* Zocial.ttf */,
				BE5294332642093600EB057E /* EvilIcons.ttf */,
				BE5294342642093600EB057E /* SimpleLineIcons.ttf */,
				BE5294352642093600EB057E /* MaterialIcons.ttf */,
			);
			name = Fonts;
			path = "../node_modules/react-native-vector-icons/Fonts";
			sourceTree = "<group>";
		};
/* End PBXGroup section */

/* Begin PBXNativeTarget section */
		00E356ED1AD99517003FC87E /* Ambit1Tests */ = {
			isa = PBXNativeTarget;
			buildConfigurationList = 00E357021AD99517003FC87E /* Build configuration list for PBXNativeTarget "Ambit1Tests" */;
			buildPhases = (
				8CCF04976FD1B474A6C0E54A /* [CP] Check Pods Manifest.lock */,
				00E356EA1AD99517003FC87E /* Sources */,
				00E356EB1AD99517003FC87E /* Frameworks */,
				00E356EC1AD99517003FC87E /* Resources */,
				CC3CC46E61D8A16678A5F979 /* [CP] Copy Pods Resources */,
				C61589F1C8C83AA9B2590995 /* [CP] Embed Pods Frameworks */,
			);
			buildRules = (
			);
			dependencies = (
				00E356F51AD99517003FC87E /* PBXTargetDependency */,
			);
			name = Ambit1Tests;
			productName = Ambit1Tests;
			productReference = 00E356EE1AD99517003FC87E /* Ambit1Tests.xctest */;
			productType = "com.apple.product-type.bundle.unit-test";
		};
		13B07F861A680F5B00A75B9A /* Ambit1 */ = {
			isa = PBXNativeTarget;
			buildConfigurationList = 13B07F931A680F5B00A75B9A /* Build configuration list for PBXNativeTarget "Ambit1" */;
			buildPhases = (
				2AB162CFA0E29452209E1044 /* [CP] Check Pods Manifest.lock */,
				FD10A7F022414F080027D42C /* Start Packager */,
				13B07F871A680F5B00A75B9A /* Sources */,
				13B07F8C1A680F5B00A75B9A /* Frameworks */,
				13B07F8E1A680F5B00A75B9A /* Resources */,
				00DD1BFF1BD5951E006B06BC /* Bundle React Native code and images */,
				41CE29554474A303E8B5DC44 /* [CP] Copy Pods Resources */,
				592C459F00564C111A3D392B /* [CP] Embed Pods Frameworks */,
			);
			buildRules = (
			);
			dependencies = (
			);
			name = Ambit1;
			productName = Ambit1;
			productReference = 13B07F961A680F5B00A75B9A /* Ambit1.app */;
			productType = "com.apple.product-type.application";
		};
/* End PBXNativeTarget section */

/* Begin PBXProject section */
		83CBB9F71A601CBA00E9B192 /* Project object */ = {
			isa = PBXProject;
			attributes = {
				LastUpgradeCheck = 1210;
				TargetAttributes = {
					00E356ED1AD99517003FC87E = {
						CreatedOnToolsVersion = 6.2;
						TestTargetID = 13B07F861A680F5B00A75B9A;
					};
					13B07F861A680F5B00A75B9A = {
						LastSwiftMigration = 1120;
					};
				};
			};
			buildConfigurationList = 83CBB9FA1A601CBA00E9B192 /* Build configuration list for PBXProject "Ambit1" */;
			compatibilityVersion = "Xcode 12.0";
			developmentRegion = en;
			hasScannedForEncodings = 0;
			knownRegions = (
				en,
				Base,
			);
			mainGroup = 83CBB9F61A601CBA00E9B192;
			productRefGroup = 83CBBA001A601CBA00E9B192 /* Products */;
			projectDirPath = "";
			projectRoot = "";
			targets = (
				13B07F861A680F5B00A75B9A /* Ambit1 */,
				00E356ED1AD99517003FC87E /* Ambit1Tests */,
			);
		};
/* End PBXProject section */

/* Begin PBXResourcesBuildPhase section */
		00E356EC1AD99517003FC87E /* Resources */ = {
			isa = PBXResourcesBuildPhase;
			buildActionMask = 2147483647;
			files = (
			);
			runOnlyForDeploymentPostprocessing = 0;
		};
		13B07F8E1A680F5B00A75B9A /* Resources */ = {
			isa = PBXResourcesBuildPhase;
			buildActionMask = 2147483647;
			files = (
				BE5293AD2641FAFB00EB057E /* SF-Pro-Display-Thin.otf in Resources */,
				BE5293AE2641FAFB00EB057E /* SF-Pro-Display-SemiboldItalic.otf in Resources */,
				BE5293AF2641FAFB00EB057E /* SF-Pro-Text-UltralightItalic.otf in Resources */,
				BE5293B02641FAFB00EB057E /* SF-Pro-Text-Heavy.otf in Resources */,
				BE5293B12641FAFB00EB057E /* Poppins-ExtraLight.ttf in Resources */,
				BE5293B22641FAFB00EB057E /* SF-Pro-Display-RegularItalic.otf in Resources */,
				BE5293B32641FAFB00EB057E /* Poppins-ThinItalic.ttf in Resources */,
				BE5293B42641FAFB00EB057E /* SF-Pro-Display-Light.otf in Resources */,
				BE5293B52641FAFB00EB057E /* SF-Pro-Display-Regular.otf in Resources */,
				BE5293B62641FAFB00EB057E /* Poppins-ExtraLightItalic.ttf in Resources */,
				BE5293B72641FAFB00EB057E /* SF-Pro-Text-MediumItalic.otf in Resources */,
				BE5293B82641FAFB00EB057E /* Poppins-BoldItalic.ttf in Resources */,
				BE5293B92641FAFB00EB057E /* Poppins-Light.ttf in Resources */,
				BE5293BA2641FAFB00EB057E /* Poppins-Medium.ttf in Resources */,
				BE5293BB2641FAFB00EB057E /* SF-Pro-Display-Bold.otf in Resources */,
				BE5293BC2641FAFB00EB057E /* SF-Pro-Display-Medium.otf in Resources */,
				BE5293BD2641FAFB00EB057E /* SF-Pro-Display-Heavy.otf in Resources */,
				BE5293BE2641FAFB00EB057E /* Poppins-SemiBoldItalic.ttf in Resources */,
				BE5293BF2641FAFB00EB057E /* SF-Pro-Text-Light.otf in Resources */,
				BE5293C02641FAFB00EB057E /* SF-Pro-Display-Semibold.otf in Resources */,
				BE5293C12641FAFB00EB057E /* Poppins-ExtraBoldItalic.ttf in Resources */,
				BE5293C22641FAFB00EB057E /* Poppins-ExtraBold.ttf in Resources */,
				BE5293C32641FAFB00EB057E /* SF-Pro-Text-BlackItalic.otf in Resources */,
				BE5293C42641FAFB00EB057E /* SF-Pro-Text-Black.otf in Resources */,
				BE5293C52641FAFB00EB057E /* SF-Pro-Text-Regular.otf in Resources */,
				BE5293C62641FAFB00EB057E /* SF-Pro-Text-Ultralight.otf in Resources */,
				BE5293C72641FAFB00EB057E /* SF-Pro-Text-Bold.otf in Resources */,
				BE5293C82641FAFB00EB057E /* SF-Pro-Text-Thin.otf in Resources */,
				BE5293C92641FAFB00EB057E /* Poppins-BlackItalic.ttf in Resources */,
				BE5293CA2641FAFB00EB057E /* SF-Pro-Display-MediumItalic.otf in Resources */,
				BE5293CB2641FAFB00EB057E /* SF-Pro-Display-HeavyItalic.otf in Resources */,
				BE5293CC2641FAFB00EB057E /* Poppins-Regular.ttf in Resources */,
				BE5293CD2641FAFB00EB057E /* SF-Pro-Display-Ultralight.otf in Resources */,
				BE5293CE2641FAFB00EB057E /* SF-Pro-Display-UltralightItalic.otf in Resources */,
				BE5293CF2641FAFB00EB057E /* SF-Pro-Display-LightItalic.otf in Resources */,
				BE5293D02641FAFB00EB057E /* SF-Pro-Text-ThinItalic.otf in Resources */,
				BE5293D12641FAFB00EB057E /* Poppins-LightItalic.ttf in Resources */,
				BE5293D22641FAFB00EB057E /* Poppins-Bold.ttf in Resources */,
				BE5293D32641FAFB00EB057E /* SF-Pro-Display-BlackItalic.otf in Resources */,
				BE5293D42641FAFB00EB057E /* SF-Pro-Display-Black.otf in Resources */,
				BE5293D52641FAFB00EB057E /* SF-Pro-Text-BoldItalic.otf in Resources */,
				BE5293D62641FAFB00EB057E /* SF-Pro-Text-RegularItalic.otf in Resources */,
				BE5293D72641FAFB00EB057E /* Poppins-Black.ttf in Resources */,
				BE5293D82641FAFB00EB057E /* SF-Pro-Text-Semibold.otf in Resources */,
				BE5293D92641FAFB00EB057E /* SF-Pro-Text-HeavyItalic.otf in Resources */,
				BE5293DA2641FAFB00EB057E /* SF-Pro-Display-ThinItalic.otf in Resources */,
				BE5293DB2641FAFB00EB057E /* Poppins-Thin.ttf in Resources */,
				BE5293DC2641FAFB00EB057E /* SF-Pro-Text-LightItalic.otf in Resources */,
				BE5293DD2641FAFB00EB057E /* Poppins-SemiBold.ttf in Resources */,
				BE5293DE2641FAFB00EB057E /* Poppins-Italic.ttf in Resources */,
				BE5293DF2641FAFB00EB057E /* SF-Pro-Text-Medium.otf in Resources */,
				BE5293E02641FAFB00EB057E /* SF-Pro-Display-BoldItalic.otf in Resources */,
				BE5293E12641FAFB00EB057E /* SF-Pro-Text-SemiboldItalic.otf in Resources */,
				BE5293E22641FAFB00EB057E /* Poppins-MediumItalic.ttf in Resources */,
				81AB9BB82411601600AC10FF /* LaunchScreen.storyboard in Resources */,
				13B07FBF1A68108700A75B9A /* Images.xcassets in Resources */,
			);
			runOnlyForDeploymentPostprocessing = 0;
		};
/* End PBXResourcesBuildPhase section */

/* Begin PBXShellScriptBuildPhase section */
		00DD1BFF1BD5951E006B06BC /* Bundle React Native code and images */ = {
			isa = PBXShellScriptBuildPhase;
			buildActionMask = 2147483647;
			files = (
			);
			inputPaths = (
			);
			name = "Bundle React Native code and images";
			outputPaths = (
			);
			runOnlyForDeploymentPostprocessing = 0;
			shellPath = /bin/sh;
			shellScript = "set -e\n\nexport NODE_BINARY=node\n../node_modules/react-native/scripts/react-native-xcode.sh\n";
		};
		2AB162CFA0E29452209E1044 /* [CP] Check Pods Manifest.lock */ = {
			isa = PBXShellScriptBuildPhase;
			buildActionMask = 2147483647;
			files = (
			);
			inputFileListPaths = (
			);
			inputPaths = (
				"${PODS_PODFILE_DIR_PATH}/Podfile.lock",
				"${PODS_ROOT}/Manifest.lock",
			);
			name = "[CP] Check Pods Manifest.lock";
			outputFileListPaths = (
			);
			outputPaths = (
				"$(DERIVED_FILE_DIR)/Pods-Ambit1-checkManifestLockResult.txt",
			);
			runOnlyForDeploymentPostprocessing = 0;
			shellPath = /bin/sh;
			shellScript = "diff \"${PODS_PODFILE_DIR_PATH}/Podfile.lock\" \"${PODS_ROOT}/Manifest.lock\" > /dev/null\nif [ $? != 0 ] ; then\n    # print error to STDERR\n    echo \"error: The sandbox is not in sync with the Podfile.lock. Run 'pod install' or update your CocoaPods installation.\" >&2\n    exit 1\nfi\n# This output is used by Xcode 'outputs' to avoid re-running this script phase.\necho \"SUCCESS\" > \"${SCRIPT_OUTPUT_FILE_0}\"\n";
			showEnvVarsInLog = 0;
		};
		41CE29554474A303E8B5DC44 /* [CP] Copy Pods Resources */ = {
			isa = PBXShellScriptBuildPhase;
			buildActionMask = 2147483647;
			files = (
			);
			inputFileListPaths = (
				"${PODS_ROOT}/Target Support Files/Pods-Ambit1/Pods-Ambit1-resources-${CONFIGURATION}-input-files.xcfilelist",
			);
			name = "[CP] Copy Pods Resources";
			outputFileListPaths = (
				"${PODS_ROOT}/Target Support Files/Pods-Ambit1/Pods-Ambit1-resources-${CONFIGURATION}-output-files.xcfilelist",
			);
			runOnlyForDeploymentPostprocessing = 0;
			shellPath = /bin/sh;
			shellScript = "\"${PODS_ROOT}/Target Support Files/Pods-Ambit1/Pods-Ambit1-resources.sh\"\n";
			showEnvVarsInLog = 0;
		};
		592C459F00564C111A3D392B /* [CP] Embed Pods Frameworks */ = {
			isa = PBXShellScriptBuildPhase;
			buildActionMask = 2147483647;
			files = (
			);
			inputFileListPaths = (
				"${PODS_ROOT}/Target Support Files/Pods-Ambit1/Pods-Ambit1-frameworks-${CONFIGURATION}-input-files.xcfilelist",
			);
			name = "[CP] Embed Pods Frameworks";
			outputFileListPaths = (
				"${PODS_ROOT}/Target Support Files/Pods-Ambit1/Pods-Ambit1-frameworks-${CONFIGURATION}-output-files.xcfilelist",
			);
			runOnlyForDeploymentPostprocessing = 0;
			shellPath = /bin/sh;
			shellScript = "\"${PODS_ROOT}/Target Support Files/Pods-Ambit1/Pods-Ambit1-frameworks.sh\"\n";
			showEnvVarsInLog = 0;
		};
		8CCF04976FD1B474A6C0E54A /* [CP] Check Pods Manifest.lock */ = {
			isa = PBXShellScriptBuildPhase;
			buildActionMask = 2147483647;
			files = (
			);
			inputFileListPaths = (
			);
			inputPaths = (
				"${PODS_PODFILE_DIR_PATH}/Podfile.lock",
				"${PODS_ROOT}/Manifest.lock",
			);
			name = "[CP] Check Pods Manifest.lock";
			outputFileListPaths = (
			);
			outputPaths = (
				"$(DERIVED_FILE_DIR)/Pods-Ambit1-Ambit1Tests-checkManifestLockResult.txt",
			);
			runOnlyForDeploymentPostprocessing = 0;
			shellPath = /bin/sh;
			shellScript = "diff \"${PODS_PODFILE_DIR_PATH}/Podfile.lock\" \"${PODS_ROOT}/Manifest.lock\" > /dev/null\nif [ $? != 0 ] ; then\n    # print error to STDERR\n    echo \"error: The sandbox is not in sync with the Podfile.lock. Run 'pod install' or update your CocoaPods installation.\" >&2\n    exit 1\nfi\n# This output is used by Xcode 'outputs' to avoid re-running this script phase.\necho \"SUCCESS\" > \"${SCRIPT_OUTPUT_FILE_0}\"\n";
			showEnvVarsInLog = 0;
		};
		C61589F1C8C83AA9B2590995 /* [CP] Embed Pods Frameworks */ = {
			isa = PBXShellScriptBuildPhase;
			buildActionMask = 2147483647;
			files = (
			);
			inputFileListPaths = (
				"${PODS_ROOT}/Target Support Files/Pods-Ambit1-Ambit1Tests/Pods-Ambit1-Ambit1Tests-frameworks-${CONFIGURATION}-input-files.xcfilelist",
			);
			name = "[CP] Embed Pods Frameworks";
			outputFileListPaths = (
				"${PODS_ROOT}/Target Support Files/Pods-Ambit1-Ambit1Tests/Pods-Ambit1-Ambit1Tests-frameworks-${CONFIGURATION}-output-files.xcfilelist",
			);
			runOnlyForDeploymentPostprocessing = 0;
			shellPath = /bin/sh;
			shellScript = "\"${PODS_ROOT}/Target Support Files/Pods-Ambit1-Ambit1Tests/Pods-Ambit1-Ambit1Tests-frameworks.sh\"\n";
			showEnvVarsInLog = 0;
		};
		CC3CC46E61D8A16678A5F979 /* [CP] Copy Pods Resources */ = {
			isa = PBXShellScriptBuildPhase;
			buildActionMask = 2147483647;
			files = (
			);
			inputFileListPaths = (
				"${PODS_ROOT}/Target Support Files/Pods-Ambit1-Ambit1Tests/Pods-Ambit1-Ambit1Tests-resources-${CONFIGURATION}-input-files.xcfilelist",
			);
			name = "[CP] Copy Pods Resources";
			outputFileListPaths = (
				"${PODS_ROOT}/Target Support Files/Pods-Ambit1-Ambit1Tests/Pods-Ambit1-Ambit1Tests-resources-${CONFIGURATION}-output-files.xcfilelist",
			);
			runOnlyForDeploymentPostprocessing = 0;
			shellPath = /bin/sh;
			shellScript = "\"${PODS_ROOT}/Target Support Files/Pods-Ambit1-Ambit1Tests/Pods-Ambit1-Ambit1Tests-resources.sh\"\n";
			showEnvVarsInLog = 0;
		};
		FD10A7F022414F080027D42C /* Start Packager */ = {
			isa = PBXShellScriptBuildPhase;
			buildActionMask = 2147483647;
			files = (
			);
			inputFileListPaths = (
			);
			inputPaths = (
			);
			name = "Start Packager";
			outputFileListPaths = (
			);
			outputPaths = (
			);
			runOnlyForDeploymentPostprocessing = 0;
			shellPath = /bin/sh;
			shellScript = "export RCT_METRO_PORT=\"${RCT_METRO_PORT:=8081}\"\necho \"export RCT_METRO_PORT=${RCT_METRO_PORT}\" > \"${SRCROOT}/../node_modules/react-native/scripts/.packager.env\"\nif [ -z \"${RCT_NO_LAUNCH_PACKAGER+xxx}\" ] ; then\n  if nc -w 5 -z localhost ${RCT_METRO_PORT} ; then\n    if ! curl -s \"http://localhost:${RCT_METRO_PORT}/status\" | grep -q \"packager-status:running\" ; then\n      echo \"Port ${RCT_METRO_PORT} already in use, packager is either not running or not running correctly\"\n      exit 2\n    fi\n  else\n    open \"$SRCROOT/../node_modules/react-native/scripts/launchPackager.command\" || echo \"Can't start packager automatically\"\n  fi\nfi\n";
			showEnvVarsInLog = 0;
		};
/* End PBXShellScriptBuildPhase section */

/* Begin PBXSourcesBuildPhase section */
		00E356EA1AD99517003FC87E /* Sources */ = {
			isa = PBXSourcesBuildPhase;
			buildActionMask = 2147483647;
			files = (
				00E356F31AD99517003FC87E /* Ambit1Tests.m in Sources */,
			);
			runOnlyForDeploymentPostprocessing = 0;
		};
		13B07F871A680F5B00A75B9A /* Sources */ = {
			isa = PBXSourcesBuildPhase;
			buildActionMask = 2147483647;
			files = (
				13B07FBC1A68108700A75B9A /* AppDelegate.m in Sources */,
				13B07FC11A68108700A75B9A /* main.m in Sources */,
			);
			runOnlyForDeploymentPostprocessing = 0;
		};
/* End PBXSourcesBuildPhase section */

/* Begin PBXTargetDependency section */
		00E356F51AD99517003FC87E /* PBXTargetDependency */ = {
			isa = PBXTargetDependency;
			target = 13B07F861A680F5B00A75B9A /* Ambit1 */;
			targetProxy = 00E356F41AD99517003FC87E /* PBXContainerItemProxy */;
		};
/* End PBXTargetDependency section */

/* Begin XCBuildConfiguration section */
		00E356F61AD99517003FC87E /* Debug */ = {
			isa = XCBuildConfiguration;
			baseConfigurationReference = 2143C0F55FB8389174FBA64A /* Pods-Ambit1-Ambit1Tests.debug.xcconfig */;
			buildSettings = {
				BUNDLE_LOADER = "$(TEST_HOST)";
				GCC_PREPROCESSOR_DEFINITIONS = (
					"DEBUG=1",
					"$(inherited)",
				);
				INFOPLIST_FILE = Ambit1Tests/Info.plist;
				IPHONEOS_DEPLOYMENT_TARGET = 10.0;
				LD_RUNPATH_SEARCH_PATHS = (
					"$(inherited)",
					"@executable_path/Frameworks",
					"@loader_path/Frameworks",
				);
				OTHER_LDFLAGS = (
					"-ObjC",
					"-lc++",
					"$(inherited)",
				);
				PRODUCT_BUNDLE_IDENTIFIER = "org.reactjs.native.example.$(PRODUCT_NAME:rfc1034identifier)";
				PRODUCT_NAME = "$(TARGET_NAME)";
				TEST_HOST = "$(BUILT_PRODUCTS_DIR)/Ambit1.app/Ambit1";
			};
			name = Debug;
		};
		00E356F71AD99517003FC87E /* Release */ = {
			isa = XCBuildConfiguration;
			baseConfigurationReference = EB8588E74D7CEC16D1081A60 /* Pods-Ambit1-Ambit1Tests.release.xcconfig */;
			buildSettings = {
				BUNDLE_LOADER = "$(TEST_HOST)";
				COPY_PHASE_STRIP = NO;
				INFOPLIST_FILE = Ambit1Tests/Info.plist;
				IPHONEOS_DEPLOYMENT_TARGET = 10.0;
				LD_RUNPATH_SEARCH_PATHS = (
					"$(inherited)",
					"@executable_path/Frameworks",
					"@loader_path/Frameworks",
				);
				OTHER_LDFLAGS = (
					"-ObjC",
					"-lc++",
					"$(inherited)",
				);
				PRODUCT_BUNDLE_IDENTIFIER = "org.reactjs.native.example.$(PRODUCT_NAME:rfc1034identifier)";
				PRODUCT_NAME = "$(TARGET_NAME)";
				TEST_HOST = "$(BUILT_PRODUCTS_DIR)/Ambit1.app/Ambit1";
			};
			name = Release;
		};
		13B07F941A680F5B00A75B9A /* Debug */ = {
			isa = XCBuildConfiguration;
			baseConfigurationReference = 5056E0286FB4E7A8E2D34F9A /* Pods-Ambit1.debug.xcconfig */;
			buildSettings = {
				ASSETCATALOG_COMPILER_APPICON_NAME = AppIcon;
				CLANG_ENABLE_MODULES = YES;
				CURRENT_PROJECT_VERSION = 1;
				DEVELOPMENT_TEAM = NV79PVDC52;
				ENABLE_BITCODE = NO;
				INFOPLIST_FILE = Ambit1/Info.plist;
				LD_RUNPATH_SEARCH_PATHS = (
					"$(inherited)",
					"@executable_path/Frameworks",
				);
				MARKETING_VERSION = 0.4.5;
				OTHER_LDFLAGS = (
					"$(inherited)",
					"-ObjC",
					"-lc++",
				);
				PRODUCT_BUNDLE_IDENTIFIER = org.reactjs.native.example.ambit;
				PRODUCT_NAME = Ambit1;
				SWIFT_OPTIMIZATION_LEVEL = "-Onone";
				SWIFT_VERSION = 5.0;
				TARGETED_DEVICE_FAMILY = "1,2";
				VERSIONING_SYSTEM = "apple-generic";
			};
			name = Debug;
		};
		13B07F951A680F5B00A75B9A /* Release */ = {
			isa = XCBuildConfiguration;
			baseConfigurationReference = 46F7FB1FB6B0F2670835E4EC /* Pods-Ambit1.release.xcconfig */;
			buildSettings = {
				ASSETCATALOG_COMPILER_APPICON_NAME = AppIcon;
				CLANG_ENABLE_MODULES = YES;
				CURRENT_PROJECT_VERSION = 1;
				DEVELOPMENT_TEAM = NV79PVDC52;
				INFOPLIST_FILE = Ambit1/Info.plist;
				LD_RUNPATH_SEARCH_PATHS = (
					"$(inherited)",
					"@executable_path/Frameworks",
				);
				MARKETING_VERSION = 0.4.5;
				OTHER_LDFLAGS = (
					"$(inherited)",
					"-ObjC",
					"-lc++",
				);
				PRODUCT_BUNDLE_IDENTIFIER = org.reactjs.native.example.ambit;
				PRODUCT_NAME = Ambit1;
				SWIFT_VERSION = 5.0;
				TARGETED_DEVICE_FAMILY = "1,2";
				VERSIONING_SYSTEM = "apple-generic";
			};
			name = Release;
		};
		83CBBA201A601CBA00E9B192 /* Debug */ = {
			isa = XCBuildConfiguration;
			buildSettings = {
				ALWAYS_SEARCH_USER_PATHS = NO;
				CLANG_ANALYZER_LOCALIZABILITY_NONLOCALIZED = YES;
				CLANG_CXX_LANGUAGE_STANDARD = "gnu++0x";
				CLANG_CXX_LIBRARY = "libc++";
				CLANG_ENABLE_MODULES = YES;
				CLANG_ENABLE_OBJC_ARC = YES;
				CLANG_WARN_BLOCK_CAPTURE_AUTORELEASING = YES;
				CLANG_WARN_BOOL_CONVERSION = YES;
				CLANG_WARN_COMMA = YES;
				CLANG_WARN_CONSTANT_CONVERSION = YES;
				CLANG_WARN_DEPRECATED_OBJC_IMPLEMENTATIONS = YES;
				CLANG_WARN_DIRECT_OBJC_ISA_USAGE = YES_ERROR;
				CLANG_WARN_EMPTY_BODY = YES;
				CLANG_WARN_ENUM_CONVERSION = YES;
				CLANG_WARN_INFINITE_RECURSION = YES;
				CLANG_WARN_INT_CONVERSION = YES;
				CLANG_WARN_NON_LITERAL_NULL_CONVERSION = YES;
				CLANG_WARN_OBJC_IMPLICIT_RETAIN_SELF = YES;
				CLANG_WARN_OBJC_LITERAL_CONVERSION = YES;
				CLANG_WARN_OBJC_ROOT_CLASS = YES_ERROR;
				CLANG_WARN_QUOTED_INCLUDE_IN_FRAMEWORK_HEADER = YES;
				CLANG_WARN_RANGE_LOOP_ANALYSIS = YES;
				CLANG_WARN_STRICT_PROTOTYPES = YES;
				CLANG_WARN_SUSPICIOUS_MOVE = YES;
				CLANG_WARN_UNREACHABLE_CODE = YES;
				CLANG_WARN__DUPLICATE_METHOD_MATCH = YES;
				"CODE_SIGN_IDENTITY[sdk=iphoneos*]" = "iPhone Developer";
				COPY_PHASE_STRIP = NO;
				ENABLE_STRICT_OBJC_MSGSEND = YES;
				ENABLE_TESTABILITY = YES;
				"EXCLUDED_ARCHS[sdk=iphonesimulator*]" = "arm64 ";
				GCC_C_LANGUAGE_STANDARD = gnu99;
				GCC_DYNAMIC_NO_PIC = NO;
				GCC_NO_COMMON_BLOCKS = YES;
				GCC_OPTIMIZATION_LEVEL = 0;
				GCC_PREPROCESSOR_DEFINITIONS = (
					"DEBUG=1",
					"$(inherited)",
				);
				GCC_SYMBOLS_PRIVATE_EXTERN = NO;
				GCC_WARN_64_TO_32_BIT_CONVERSION = YES;
				GCC_WARN_ABOUT_RETURN_TYPE = YES_ERROR;
				GCC_WARN_UNDECLARED_SELECTOR = YES;
				GCC_WARN_UNINITIALIZED_AUTOS = YES_AGGRESSIVE;
				GCC_WARN_UNUSED_FUNCTION = YES;
				GCC_WARN_UNUSED_VARIABLE = YES;
				IPHONEOS_DEPLOYMENT_TARGET = 11.0;
				LD_RUNPATH_SEARCH_PATHS = (
					/usr/lib/swift,
					"$(inherited)",
				);
				LIBRARY_SEARCH_PATHS = (
					"\"$(TOOLCHAIN_DIR)/usr/lib/swift/$(PLATFORM_NAME)\"",
					"\"$(TOOLCHAIN_DIR)/usr/lib/swift-5.0/$(PLATFORM_NAME)\"",
					"\"$(inherited)\"",
				);
				MTL_ENABLE_DEBUG_INFO = YES;
				ONLY_ACTIVE_ARCH = YES;
				SDKROOT = iphoneos;
			};
			name = Debug;
		};
		83CBBA211A601CBA00E9B192 /* Release */ = {
			isa = XCBuildConfiguration;
			buildSettings = {
				ALWAYS_SEARCH_USER_PATHS = NO;
				CLANG_ANALYZER_LOCALIZABILITY_NONLOCALIZED = YES;
				CLANG_CXX_LANGUAGE_STANDARD = "gnu++0x";
				CLANG_CXX_LIBRARY = "libc++";
				CLANG_ENABLE_MODULES = YES;
				CLANG_ENABLE_OBJC_ARC = YES;
				CLANG_WARN_BLOCK_CAPTURE_AUTORELEASING = YES;
				CLANG_WARN_BOOL_CONVERSION = YES;
				CLANG_WARN_COMMA = YES;
				CLANG_WARN_CONSTANT_CONVERSION = YES;
				CLANG_WARN_DEPRECATED_OBJC_IMPLEMENTATIONS = YES;
				CLANG_WARN_DIRECT_OBJC_ISA_USAGE = YES_ERROR;
				CLANG_WARN_EMPTY_BODY = YES;
				CLANG_WARN_ENUM_CONVERSION = YES;
				CLANG_WARN_INFINITE_RECURSION = YES;
				CLANG_WARN_INT_CONVERSION = YES;
				CLANG_WARN_NON_LITERAL_NULL_CONVERSION = YES;
				CLANG_WARN_OBJC_IMPLICIT_RETAIN_SELF = YES;
				CLANG_WARN_OBJC_LITERAL_CONVERSION = YES;
				CLANG_WARN_OBJC_ROOT_CLASS = YES_ERROR;
				CLANG_WARN_QUOTED_INCLUDE_IN_FRAMEWORK_HEADER = YES;
				CLANG_WARN_RANGE_LOOP_ANALYSIS = YES;
				CLANG_WARN_STRICT_PROTOTYPES = YES;
				CLANG_WARN_SUSPICIOUS_MOVE = YES;
				CLANG_WARN_UNREACHABLE_CODE = YES;
				CLANG_WARN__DUPLICATE_METHOD_MATCH = YES;
				"CODE_SIGN_IDENTITY[sdk=iphoneos*]" = "iPhone Developer";
				COPY_PHASE_STRIP = YES;
				ENABLE_NS_ASSERTIONS = NO;
				ENABLE_STRICT_OBJC_MSGSEND = YES;
				"EXCLUDED_ARCHS[sdk=iphonesimulator*]" = "arm64 ";
				GCC_C_LANGUAGE_STANDARD = gnu99;
				GCC_NO_COMMON_BLOCKS = YES;
				GCC_WARN_64_TO_32_BIT_CONVERSION = YES;
				GCC_WARN_ABOUT_RETURN_TYPE = YES_ERROR;
				GCC_WARN_UNDECLARED_SELECTOR = YES;
				GCC_WARN_UNINITIALIZED_AUTOS = YES_AGGRESSIVE;
				GCC_WARN_UNUSED_FUNCTION = YES;
				GCC_WARN_UNUSED_VARIABLE = YES;
				IPHONEOS_DEPLOYMENT_TARGET = 11.0;
				LD_RUNPATH_SEARCH_PATHS = (
					/usr/lib/swift,
					"$(inherited)",
				);
				LIBRARY_SEARCH_PATHS = (
					"\"$(TOOLCHAIN_DIR)/usr/lib/swift/$(PLATFORM_NAME)\"",
					"\"$(TOOLCHAIN_DIR)/usr/lib/swift-5.0/$(PLATFORM_NAME)\"",
					"\"$(inherited)\"",
				);
				MTL_ENABLE_DEBUG_INFO = NO;
				SDKROOT = iphoneos;
				VALIDATE_PRODUCT = YES;
			};
			name = Release;
		};
/* End XCBuildConfiguration section */

/* Begin XCConfigurationList section */
		00E357021AD99517003FC87E /* Build configuration list for PBXNativeTarget "Ambit1Tests" */ = {
			isa = XCConfigurationList;
			buildConfigurations = (
				00E356F61AD99517003FC87E /* Debug */,
				00E356F71AD99517003FC87E /* Release */,
			);
			defaultConfigurationIsVisible = 0;
			defaultConfigurationName = Release;
		};
		13B07F931A680F5B00A75B9A /* Build configuration list for PBXNativeTarget "Ambit1" */ = {
			isa = XCConfigurationList;
			buildConfigurations = (
				13B07F941A680F5B00A75B9A /* Debug */,
				13B07F951A680F5B00A75B9A /* Release */,
			);
			defaultConfigurationIsVisible = 0;
			defaultConfigurationName = Release;
		};
		83CBB9FA1A601CBA00E9B192 /* Build configuration list for PBXProject "Ambit1" */ = {
			isa = XCConfigurationList;
			buildConfigurations = (
				83CBBA201A601CBA00E9B192 /* Debug */,
				83CBBA211A601CBA00E9B192 /* Release */,
			);
			defaultConfigurationIsVisible = 0;
			defaultConfigurationName = Release;
		};
/* End XCConfigurationList section */
	};
	rootObject = 83CBB9F71A601CBA00E9B192 /* Project object */;
}
